Microsoft Visual Studio Solution File, Format Version 12.00
# Visual Studio 14
VisualStudioVersion = 14.0.24720.0
MinimumVisualStudioVersion = 10.0.40219.1
Project("{2150E333-8FDC-42A3-9474-1A3956D46DE8}") = "Solution Items", "Solution Items", "{CB9C01A5-B01D-4560-858D-A986B625DF92}"
EndProject
Project("{F184B08F-C81C-45F6-A57F-5ABD9991F28F}") = "IslamResources", "IslamResources\IslamResources.vbproj", "{0A2A299B-A9D7-4A06-B810-DE0FCD3BBDD7}"
EndProject
Project("{F184B08F-C81C-45F6-A57F-5ABD9991F28F}") = "ResourceToolkit", "ResourceToolkit\ResourceToolkit.vbproj", "{C1BDA6F5-40E3-40A7-AA8E-D6911002A617}"
EndProject
Project("{F184B08F-C81C-45F6-A57F-5ABD9991F28F}") = "ResourceToolkitTemp", "ResourceToolkitTemp\ResourceToolkitTemp.vbproj", "{D7AE0FAD-D85B-44EC-BCA3-F14B448C3A34}"
EndProject
Project("{FAE04EC0-301F-11D3-BF4B-00C04F79EFBC}") = "StoreResource", "IslamSourceQuranViewer\StoreResource\StoreResource.csproj", "{7FB912F9-5419-4DD2-8F3E-28B905BE489B}"
EndProject
Project("{F184B08F-C81C-45F6-A57F-5ABD9991F28F}") = "ResourceToolkitTempForeign", "ResourceToolkitTempForeign\ResourceToolkitTempForeign.vbproj", "{0B758A01-E20C-4632-A908-59367DDF2B75}"
EndProject
Global
	GlobalSection(SolutionConfigurationPlatforms) = preSolution
		Ad-Hoc|Any CPU = Ad-Hoc|Any CPU
		Ad-Hoc|ARM = Ad-Hoc|ARM
		Ad-Hoc|iPhone = Ad-Hoc|iPhone
		Ad-Hoc|iPhoneSimulator = Ad-Hoc|iPhoneSimulator
		Ad-Hoc|Mixed Platforms = Ad-Hoc|Mixed Platforms
		Ad-Hoc|Win32 = Ad-Hoc|Win32
		Ad-Hoc|x64 = Ad-Hoc|x64
		Ad-Hoc|x86 = Ad-Hoc|x86
		AppStore|Any CPU = AppStore|Any CPU
		AppStore|ARM = AppStore|ARM
		AppStore|iPhone = AppStore|iPhone
		AppStore|iPhoneSimulator = AppStore|iPhoneSimulator
		AppStore|Mixed Platforms = AppStore|Mixed Platforms
		AppStore|Win32 = AppStore|Win32
		AppStore|x64 = AppStore|x64
		AppStore|x86 = AppStore|x86
		Debug|Any CPU = Debug|Any CPU
		Debug|ARM = Debug|ARM
		Debug|iPhone = Debug|iPhone
		Debug|iPhoneSimulator = Debug|iPhoneSimulator
		Debug|Mixed Platforms = Debug|Mixed Platforms
		Debug|Win32 = Debug|Win32
		Debug|x64 = Debug|x64
		Debug|x86 = Debug|x86
		Release|Any CPU = Release|Any CPU
		Release|ARM = Release|ARM
		Release|iPhone = Release|iPhone
		Release|iPhoneSimulator = Release|iPhoneSimulator
		Release|Mixed Platforms = Release|Mixed Platforms
		Release|Win32 = Release|Win32
		Release|x64 = Release|x64
		Release|x86 = Release|x86
	EndGlobalSection
	GlobalSection(ProjectConfigurationPlatforms) = postSolution
		{0A2A299B-A9D7-4A06-B810-DE0FCD3BBDD7}.Ad-Hoc|Any CPU.ActiveCfg = Release|Any CPU
		{0A2A299B-A9D7-4A06-B810-DE0FCD3BBDD7}.Ad-Hoc|Any CPU.Build.0 = Release|Any CPU
		{0A2A299B-A9D7-4A06-B810-DE0FCD3BBDD7}.Ad-Hoc|ARM.ActiveCfg = Release|Any CPU
		{0A2A299B-A9D7-4A06-B810-DE0FCD3BBDD7}.Ad-Hoc|iPhone.ActiveCfg = Release|Any CPU
		{0A2A299B-A9D7-4A06-B810-DE0FCD3BBDD7}.Ad-Hoc|iPhoneSimulator.ActiveCfg = Release|Any CPU
		{0A2A299B-A9D7-4A06-B810-DE0FCD3BBDD7}.Ad-Hoc|Mixed Platforms.ActiveCfg = Release|Any CPU
		{0A2A299B-A9D7-4A06-B810-DE0FCD3BBDD7}.Ad-Hoc|Mixed Platforms.Build.0 = Release|Any CPU
		{0A2A299B-A9D7-4A06-B810-DE0FCD3BBDD7}.Ad-Hoc|Win32.ActiveCfg = Release|Any CPU
		{0A2A299B-A9D7-4A06-B810-DE0FCD3BBDD7}.Ad-Hoc|x64.ActiveCfg = Release|Any CPU
		{0A2A299B-A9D7-4A06-B810-DE0FCD3BBDD7}.Ad-Hoc|x86.ActiveCfg = Release|Any CPU
		{0A2A299B-A9D7-4A06-B810-DE0FCD3BBDD7}.AppStore|Any CPU.ActiveCfg = Release|Any CPU
		{0A2A299B-A9D7-4A06-B810-DE0FCD3BBDD7}.AppStore|Any CPU.Build.0 = Release|Any CPU
		{0A2A299B-A9D7-4A06-B810-DE0FCD3BBDD7}.AppStore|ARM.ActiveCfg = Release|Any CPU
		{0A2A299B-A9D7-4A06-B810-DE0FCD3BBDD7}.AppStore|iPhone.ActiveCfg = Release|Any CPU
		{0A2A299B-A9D7-4A06-B810-DE0FCD3BBDD7}.AppStore|iPhoneSimulator.ActiveCfg = Release|Any CPU
		{0A2A299B-A9D7-4A06-B810-DE0FCD3BBDD7}.AppStore|Mixed Platforms.ActiveCfg = Release|Any CPU
		{0A2A299B-A9D7-4A06-B810-DE0FCD3BBDD7}.AppStore|Mixed Platforms.Build.0 = Release|Any CPU
		{0A2A299B-A9D7-4A06-B810-DE0FCD3BBDD7}.AppStore|Win32.ActiveCfg = Release|Any CPU
		{0A2A299B-A9D7-4A06-B810-DE0FCD3BBDD7}.AppStore|x64.ActiveCfg = Release|Any CPU
		{0A2A299B-A9D7-4A06-B810-DE0FCD3BBDD7}.AppStore|x86.ActiveCfg = Release|Any CPU
		{0A2A299B-A9D7-4A06-B810-DE0FCD3BBDD7}.Debug|Any CPU.ActiveCfg = Debug|Any CPU
		{0A2A299B-A9D7-4A06-B810-DE0FCD3BBDD7}.Debug|Any CPU.Build.0 = Debug|Any CPU
		{0A2A299B-A9D7-4A06-B810-DE0FCD3BBDD7}.Debug|ARM.ActiveCfg = Debug|Any CPU
		{0A2A299B-A9D7-4A06-B810-DE0FCD3BBDD7}.Debug|iPhone.ActiveCfg = Debug|Any CPU
		{0A2A299B-A9D7-4A06-B810-DE0FCD3BBDD7}.Debug|iPhoneSimulator.ActiveCfg = Debug|Any CPU
		{0A2A299B-A9D7-4A06-B810-DE0FCD3BBDD7}.Debug|Mixed Platforms.ActiveCfg = Debug|Any CPU
		{0A2A299B-A9D7-4A06-B810-DE0FCD3BBDD7}.Debug|Mixed Platforms.Build.0 = Debug|Any CPU
		{0A2A299B-A9D7-4A06-B810-DE0FCD3BBDD7}.Debug|Win32.ActiveCfg = Debug|Any CPU
		{0A2A299B-A9D7-4A06-B810-DE0FCD3BBDD7}.Debug|Win32.Build.0 = Debug|Any CPU
		{0A2A299B-A9D7-4A06-B810-DE0FCD3BBDD7}.Debug|x64.ActiveCfg = Debug|Any CPU
		{0A2A299B-A9D7-4A06-B810-DE0FCD3BBDD7}.Debug|x64.Build.0 = Debug|Any CPU
		{0A2A299B-A9D7-4A06-B810-DE0FCD3BBDD7}.Debug|x86.ActiveCfg = Debug|Any CPU
		{0A2A299B-A9D7-4A06-B810-DE0FCD3BBDD7}.Debug|x86.Build.0 = Debug|Any CPU
		{0A2A299B-A9D7-4A06-B810-DE0FCD3BBDD7}.Release|Any CPU.ActiveCfg = Release|Any CPU
		{0A2A299B-A9D7-4A06-B810-DE0FCD3BBDD7}.Release|Any CPU.Build.0 = Release|Any CPU
		{0A2A299B-A9D7-4A06-B810-DE0FCD3BBDD7}.Release|ARM.ActiveCfg = Release|Any CPU
		{0A2A299B-A9D7-4A06-B810-DE0FCD3BBDD7}.Release|iPhone.ActiveCfg = Release|Any CPU
		{0A2A299B-A9D7-4A06-B810-DE0FCD3BBDD7}.Release|iPhoneSimulator.ActiveCfg = Release|Any CPU
		{0A2A299B-A9D7-4A06-B810-DE0FCD3BBDD7}.Release|Mixed Platforms.ActiveCfg = Release|Any CPU
		{0A2A299B-A9D7-4A06-B810-DE0FCD3BBDD7}.Release|Mixed Platforms.Build.0 = Release|Any CPU
		{0A2A299B-A9D7-4A06-B810-DE0FCD3BBDD7}.Release|Win32.ActiveCfg = Release|Any CPU
		{0A2A299B-A9D7-4A06-B810-DE0FCD3BBDD7}.Release|Win32.Build.0 = Release|Any CPU
		{0A2A299B-A9D7-4A06-B810-DE0FCD3BBDD7}.Release|x64.ActiveCfg = Release|Any CPU
		{0A2A299B-A9D7-4A06-B810-DE0FCD3BBDD7}.Release|x64.Build.0 = Release|Any CPU
		{0A2A299B-A9D7-4A06-B810-DE0FCD3BBDD7}.Release|x86.ActiveCfg = Release|Any CPU
		{0A2A299B-A9D7-4A06-B810-DE0FCD3BBDD7}.Release|x86.Build.0 = Release|Any CPU
		{C1BDA6F5-40E3-40A7-AA8E-D6911002A617}.Ad-Hoc|Any CPU.ActiveCfg = Release|Any CPU
		{C1BDA6F5-40E3-40A7-AA8E-D6911002A617}.Ad-Hoc|Any CPU.Build.0 = Release|Any CPU
		{C1BDA6F5-40E3-40A7-AA8E-D6911002A617}.Ad-Hoc|ARM.ActiveCfg = Release|Any CPU
		{C1BDA6F5-40E3-40A7-AA8E-D6911002A617}.Ad-Hoc|iPhone.ActiveCfg = Release|Any CPU
		{C1BDA6F5-40E3-40A7-AA8E-D6911002A617}.Ad-Hoc|iPhoneSimulator.ActiveCfg = Release|Any CPU
		{C1BDA6F5-40E3-40A7-AA8E-D6911002A617}.Ad-Hoc|Mixed Platforms.ActiveCfg = Release|Any CPU
		{C1BDA6F5-40E3-40A7-AA8E-D6911002A617}.Ad-Hoc|Mixed Platforms.Build.0 = Release|Any CPU
		{C1BDA6F5-40E3-40A7-AA8E-D6911002A617}.Ad-Hoc|Win32.ActiveCfg = Release|Any CPU
		{C1BDA6F5-40E3-40A7-AA8E-D6911002A617}.Ad-Hoc|x64.ActiveCfg = Release|Any CPU
		{C1BDA6F5-40E3-40A7-AA8E-D6911002A617}.Ad-Hoc|x86.ActiveCfg = Release|Any CPU
		{C1BDA6F5-40E3-40A7-AA8E-D6911002A617}.AppStore|Any CPU.ActiveCfg = Release|Any CPU
		{C1BDA6F5-40E3-40A7-AA8E-D6911002A617}.AppStore|Any CPU.Build.0 = Release|Any CPU
		{C1BDA6F5-40E3-40A7-AA8E-D6911002A617}.AppStore|ARM.ActiveCfg = Release|Any CPU
		{C1BDA6F5-40E3-40A7-AA8E-D6911002A617}.AppStore|iPhone.ActiveCfg = Release|Any CPU
		{C1BDA6F5-40E3-40A7-AA8E-D6911002A617}.AppStore|iPhoneSimulator.ActiveCfg = Release|Any CPU
		{C1BDA6F5-40E3-40A7-AA8E-D6911002A617}.AppStore|Mixed Platforms.ActiveCfg = Release|Any CPU
		{C1BDA6F5-40E3-40A7-AA8E-D6911002A617}.AppStore|Mixed Platforms.Build.0 = Release|Any CPU
		{C1BDA6F5-40E3-40A7-AA8E-D6911002A617}.AppStore|Win32.ActiveCfg = Release|Any CPU
		{C1BDA6F5-40E3-40A7-AA8E-D6911002A617}.AppStore|x64.ActiveCfg = Release|Any CPU
		{C1BDA6F5-40E3-40A7-AA8E-D6911002A617}.AppStore|x86.ActiveCfg = Release|Any CPU
		{C1BDA6F5-40E3-40A7-AA8E-D6911002A617}.Debug|Any CPU.ActiveCfg = Debug|Any CPU
		{C1BDA6F5-40E3-40A7-AA8E-D6911002A617}.Debug|Any CPU.Build.0 = Debug|Any CPU
		{C1BDA6F5-40E3-40A7-AA8E-D6911002A617}.Debug|ARM.ActiveCfg = Debug|Any CPU
		{C1BDA6F5-40E3-40A7-AA8E-D6911002A617}.Debug|iPhone.ActiveCfg = Debug|Any CPU
		{C1BDA6F5-40E3-40A7-AA8E-D6911002A617}.Debug|iPhoneSimulator.ActiveCfg = Debug|Any CPU
		{C1BDA6F5-40E3-40A7-AA8E-D6911002A617}.Debug|Mixed Platforms.ActiveCfg = Debug|Any CPU
		{C1BDA6F5-40E3-40A7-AA8E-D6911002A617}.Debug|Mixed Platforms.Build.0 = Debug|Any CPU
		{C1BDA6F5-40E3-40A7-AA8E-D6911002A617}.Debug|Win32.ActiveCfg = Debug|Any CPU
		{C1BDA6F5-40E3-40A7-AA8E-D6911002A617}.Debug|Win32.Build.0 = Debug|Any CPU
		{C1BDA6F5-40E3-40A7-AA8E-D6911002A617}.Debug|x64.ActiveCfg = Debug|Any CPU
		{C1BDA6F5-40E3-40A7-AA8E-D6911002A617}.Debug|x64.Build.0 = Debug|Any CPU
		{C1BDA6F5-40E3-40A7-AA8E-D6911002A617}.Debug|x86.ActiveCfg = Debug|Any CPU
		{C1BDA6F5-40E3-40A7-AA8E-D6911002A617}.Debug|x86.Build.0 = Debug|Any CPU
		{C1BDA6F5-40E3-40A7-AA8E-D6911002A617}.Release|Any CPU.ActiveCfg = Release|Any CPU
		{C1BDA6F5-40E3-40A7-AA8E-D6911002A617}.Release|Any CPU.Build.0 = Release|Any CPU
		{C1BDA6F5-40E3-40A7-AA8E-D6911002A617}.Release|ARM.ActiveCfg = Release|Any CPU
		{C1BDA6F5-40E3-40A7-AA8E-D6911002A617}.Release|iPhone.ActiveCfg = Release|Any CPU
		{C1BDA6F5-40E3-40A7-AA8E-D6911002A617}.Release|iPhoneSimulator.ActiveCfg = Release|Any CPU
		{C1BDA6F5-40E3-40A7-AA8E-D6911002A617}.Release|Mixed Platforms.ActiveCfg = Release|Any CPU
		{C1BDA6F5-40E3-40A7-AA8E-D6911002A617}.Release|Mixed Platforms.Build.0 = Release|Any CPU
		{C1BDA6F5-40E3-40A7-AA8E-D6911002A617}.Release|Win32.ActiveCfg = Release|Any CPU
		{C1BDA6F5-40E3-40A7-AA8E-D6911002A617}.Release|Win32.Build.0 = Release|Any CPU
		{C1BDA6F5-40E3-40A7-AA8E-D6911002A617}.Release|x64.ActiveCfg = Release|Any CPU
		{C1BDA6F5-40E3-40A7-AA8E-D6911002A617}.Release|x64.Build.0 = Release|Any CPU
		{C1BDA6F5-40E3-40A7-AA8E-D6911002A617}.Release|x86.ActiveCfg = Release|Any CPU
		{C1BDA6F5-40E3-40A7-AA8E-D6911002A617}.Release|x86.Build.0 = Release|Any CPU
		{D7AE0FAD-D85B-44EC-BCA3-F14B448C3A34}.Ad-Hoc|Any CPU.ActiveCfg = Release|Any CPU
		{D7AE0FAD-D85B-44EC-BCA3-F14B448C3A34}.Ad-Hoc|Any CPU.Build.0 = Release|Any CPU
		{D7AE0FAD-D85B-44EC-BCA3-F14B448C3A34}.Ad-Hoc|ARM.ActiveCfg = Release|Any CPU
		{D7AE0FAD-D85B-44EC-BCA3-F14B448C3A34}.Ad-Hoc|iPhone.ActiveCfg = Release|Any CPU
		{D7AE0FAD-D85B-44EC-BCA3-F14B448C3A34}.Ad-Hoc|iPhoneSimulator.ActiveCfg = Release|Any CPU
		{D7AE0FAD-D85B-44EC-BCA3-F14B448C3A34}.Ad-Hoc|Mixed Platforms.ActiveCfg = Release|Any CPU
		{D7AE0FAD-D85B-44EC-BCA3-F14B448C3A34}.Ad-Hoc|Mixed Platforms.Build.0 = Release|Any CPU
		{D7AE0FAD-D85B-44EC-BCA3-F14B448C3A34}.Ad-Hoc|Win32.ActiveCfg = Release|Any CPU
		{D7AE0FAD-D85B-44EC-BCA3-F14B448C3A34}.Ad-Hoc|x64.ActiveCfg = Release|Any CPU
		{D7AE0FAD-D85B-44EC-BCA3-F14B448C3A34}.Ad-Hoc|x86.ActiveCfg = Release|Any CPU
		{D7AE0FAD-D85B-44EC-BCA3-F14B448C3A34}.AppStore|Any CPU.ActiveCfg = Release|Any CPU
		{D7AE0FAD-D85B-44EC-BCA3-F14B448C3A34}.AppStore|Any CPU.Build.0 = Release|Any CPU
		{D7AE0FAD-D85B-44EC-BCA3-F14B448C3A34}.AppStore|ARM.ActiveCfg = Release|Any CPU
		{D7AE0FAD-D85B-44EC-BCA3-F14B448C3A34}.AppStore|iPhone.ActiveCfg = Release|Any CPU
		{D7AE0FAD-D85B-44EC-BCA3-F14B448C3A34}.AppStore|iPhoneSimulator.ActiveCfg = Release|Any CPU
		{D7AE0FAD-D85B-44EC-BCA3-F14B448C3A34}.AppStore|Mixed Platforms.ActiveCfg = Release|Any CPU
		{D7AE0FAD-D85B-44EC-BCA3-F14B448C3A34}.AppStore|Mixed Platforms.Build.0 = Release|Any CPU
		{D7AE0FAD-D85B-44EC-BCA3-F14B448C3A34}.AppStore|Win32.ActiveCfg = Release|Any CPU
		{D7AE0FAD-D85B-44EC-BCA3-F14B448C3A34}.AppStore|x64.ActiveCfg = Release|Any CPU
		{D7AE0FAD-D85B-44EC-BCA3-F14B448C3A34}.AppStore|x86.ActiveCfg = Release|Any CPU
		{D7AE0FAD-D85B-44EC-BCA3-F14B448C3A34}.Debug|Any CPU.ActiveCfg = Debug|Any CPU
		{D7AE0FAD-D85B-44EC-BCA3-F14B448C3A34}.Debug|Any CPU.Build.0 = Debug|Any CPU
		{D7AE0FAD-D85B-44EC-BCA3-F14B448C3A34}.Debug|ARM.ActiveCfg = Debug|Any CPU
		{D7AE0FAD-D85B-44EC-BCA3-F14B448C3A34}.Debug|iPhone.ActiveCfg = Debug|Any CPU
		{D7AE0FAD-D85B-44EC-BCA3-F14B448C3A34}.Debug|iPhoneSimulator.ActiveCfg = Debug|Any CPU
		{D7AE0FAD-D85B-44EC-BCA3-F14B448C3A34}.Debug|Mixed Platforms.ActiveCfg = Debug|Any CPU
		{D7AE0FAD-D85B-44EC-BCA3-F14B448C3A34}.Debug|Mixed Platforms.Build.0 = Debug|Any CPU
		{D7AE0FAD-D85B-44EC-BCA3-F14B448C3A34}.Debug|Win32.ActiveCfg = Debug|Any CPU
		{D7AE0FAD-D85B-44EC-BCA3-F14B448C3A34}.Debug|Win32.Build.0 = Debug|Any CPU
		{D7AE0FAD-D85B-44EC-BCA3-F14B448C3A34}.Debug|x64.ActiveCfg = Debug|Any CPU
		{D7AE0FAD-D85B-44EC-BCA3-F14B448C3A34}.Debug|x64.Build.0 = Debug|Any CPU
		{D7AE0FAD-D85B-44EC-BCA3-F14B448C3A34}.Debug|x86.ActiveCfg = Debug|Any CPU
		{D7AE0FAD-D85B-44EC-BCA3-F14B448C3A34}.Debug|x86.Build.0 = Debug|Any CPU
		{D7AE0FAD-D85B-44EC-BCA3-F14B448C3A34}.Release|Any CPU.ActiveCfg = Release|Any CPU
		{D7AE0FAD-D85B-44EC-BCA3-F14B448C3A34}.Release|Any CPU.Build.0 = Release|Any CPU
		{D7AE0FAD-D85B-44EC-BCA3-F14B448C3A34}.Release|ARM.ActiveCfg = Release|Any CPU
		{D7AE0FAD-D85B-44EC-BCA3-F14B448C3A34}.Release|iPhone.ActiveCfg = Release|Any CPU
		{D7AE0FAD-D85B-44EC-BCA3-F14B448C3A34}.Release|iPhoneSimulator.ActiveCfg = Release|Any CPU
		{D7AE0FAD-D85B-44EC-BCA3-F14B448C3A34}.Release|Mixed Platforms.ActiveCfg = Release|Any CPU
		{D7AE0FAD-D85B-44EC-BCA3-F14B448C3A34}.Release|Mixed Platforms.Build.0 = Release|Any CPU
		{D7AE0FAD-D85B-44EC-BCA3-F14B448C3A34}.Release|Win32.ActiveCfg = Release|Any CPU
		{D7AE0FAD-D85B-44EC-BCA3-F14B448C3A34}.Release|Win32.Build.0 = Release|Any CPU
		{D7AE0FAD-D85B-44EC-BCA3-F14B448C3A34}.Release|x64.ActiveCfg = Release|Any CPU
		{D7AE0FAD-D85B-44EC-BCA3-F14B448C3A34}.Release|x64.Build.0 = Release|Any CPU
		{D7AE0FAD-D85B-44EC-BCA3-F14B448C3A34}.Release|x86.ActiveCfg = Release|Any CPU
		{D7AE0FAD-D85B-44EC-BCA3-F14B448C3A34}.Release|x86.Build.0 = Release|Any CPU
		{7FB912F9-5419-4DD2-8F3E-28B905BE489B}.Ad-Hoc|Any CPU.ActiveCfg = Release|Any CPU
		{7FB912F9-5419-4DD2-8F3E-28B905BE489B}.Ad-Hoc|Any CPU.Build.0 = Release|Any CPU
		{7FB912F9-5419-4DD2-8F3E-28B905BE489B}.Ad-Hoc|ARM.ActiveCfg = Release|Any CPU
		{7FB912F9-5419-4DD2-8F3E-28B905BE489B}.Ad-Hoc|ARM.Build.0 = Release|Any CPU
		{7FB912F9-5419-4DD2-8F3E-28B905BE489B}.Ad-Hoc|iPhone.ActiveCfg = Release|Any CPU
		{7FB912F9-5419-4DD2-8F3E-28B905BE489B}.Ad-Hoc|iPhone.Build.0 = Release|Any CPU
		{7FB912F9-5419-4DD2-8F3E-28B905BE489B}.Ad-Hoc|iPhoneSimulator.ActiveCfg = Release|Any CPU
		{7FB912F9-5419-4DD2-8F3E-28B905BE489B}.Ad-Hoc|iPhoneSimulator.Build.0 = Release|Any CPU
		{7FB912F9-5419-4DD2-8F3E-28B905BE489B}.Ad-Hoc|Mixed Platforms.ActiveCfg = Release|Any CPU
		{7FB912F9-5419-4DD2-8F3E-28B905BE489B}.Ad-Hoc|Mixed Platforms.Build.0 = Release|Any CPU
		{7FB912F9-5419-4DD2-8F3E-28B905BE489B}.Ad-Hoc|Win32.ActiveCfg = Release|Any CPU
		{7FB912F9-5419-4DD2-8F3E-28B905BE489B}.Ad-Hoc|Win32.Build.0 = Release|Any CPU
		{7FB912F9-5419-4DD2-8F3E-28B905BE489B}.Ad-Hoc|x64.ActiveCfg = Release|Any CPU
		{7FB912F9-5419-4DD2-8F3E-28B905BE489B}.Ad-Hoc|x64.Build.0 = Release|Any CPU
		{7FB912F9-5419-4DD2-8F3E-28B905BE489B}.Ad-Hoc|x86.ActiveCfg = Release|Any CPU
		{7FB912F9-5419-4DD2-8F3E-28B905BE489B}.Ad-Hoc|x86.Build.0 = Release|Any CPU
		{7FB912F9-5419-4DD2-8F3E-28B905BE489B}.AppStore|Any CPU.ActiveCfg = Release|Any CPU
		{7FB912F9-5419-4DD2-8F3E-28B905BE489B}.AppStore|Any CPU.Build.0 = Release|Any CPU
		{7FB912F9-5419-4DD2-8F3E-28B905BE489B}.AppStore|ARM.ActiveCfg = Release|Any CPU
		{7FB912F9-5419-4DD2-8F3E-28B905BE489B}.AppStore|ARM.Build.0 = Release|Any CPU
		{7FB912F9-5419-4DD2-8F3E-28B905BE489B}.AppStore|iPhone.ActiveCfg = Release|Any CPU
		{7FB912F9-5419-4DD2-8F3E-28B905BE489B}.AppStore|iPhone.Build.0 = Release|Any CPU
		{7FB912F9-5419-4DD2-8F3E-28B905BE489B}.AppStore|iPhoneSimulator.ActiveCfg = Release|Any CPU
		{7FB912F9-5419-4DD2-8F3E-28B905BE489B}.AppStore|iPhoneSimulator.Build.0 = Release|Any CPU
		{7FB912F9-5419-4DD2-8F3E-28B905BE489B}.AppStore|Mixed Platforms.ActiveCfg = Release|Any CPU
		{7FB912F9-5419-4DD2-8F3E-28B905BE489B}.AppStore|Mixed Platforms.Build.0 = Release|Any CPU
		{7FB912F9-5419-4DD2-8F3E-28B905BE489B}.AppStore|Win32.ActiveCfg = Release|Any CPU
		{7FB912F9-5419-4DD2-8F3E-28B905BE489B}.AppStore|Win32.Build.0 = Release|Any CPU
		{7FB912F9-5419-4DD2-8F3E-28B905BE489B}.AppStore|x64.ActiveCfg = Release|Any CPU
		{7FB912F9-5419-4DD2-8F3E-28B905BE489B}.AppStore|x64.Build.0 = Release|Any CPU
		{7FB912F9-5419-4DD2-8F3E-28B905BE489B}.AppStore|x86.ActiveCfg = Release|Any CPU
		{7FB912F9-5419-4DD2-8F3E-28B905BE489B}.AppStore|x86.Build.0 = Release|Any CPU
		{7FB912F9-5419-4DD2-8F3E-28B905BE489B}.Debug|Any CPU.ActiveCfg = Debug|Any CPU
		{7FB912F9-5419-4DD2-8F3E-28B905BE489B}.Debug|Any CPU.Build.0 = Debug|Any CPU
		{7FB912F9-5419-4DD2-8F3E-28B905BE489B}.Debug|ARM.ActiveCfg = Debug|Any CPU
		{7FB912F9-5419-4DD2-8F3E-28B905BE489B}.Debug|ARM.Build.0 = Debug|Any CPU
		{7FB912F9-5419-4DD2-8F3E-28B905BE489B}.Debug|iPhone.ActiveCfg = Debug|Any CPU
		{7FB912F9-5419-4DD2-8F3E-28B905BE489B}.Debug|iPhone.Build.0 = Debug|Any CPU
		{7FB912F9-5419-4DD2-8F3E-28B905BE489B}.Debug|iPhoneSimulator.ActiveCfg = Debug|Any CPU
		{7FB912F9-5419-4DD2-8F3E-28B905BE489B}.Debug|iPhoneSimulator.Build.0 = Debug|Any CPU
		{7FB912F9-5419-4DD2-8F3E-28B905BE489B}.Debug|Mixed Platforms.ActiveCfg = Debug|Any CPU
		{7FB912F9-5419-4DD2-8F3E-28B905BE489B}.Debug|Mixed Platforms.Build.0 = Debug|Any CPU
		{7FB912F9-5419-4DD2-8F3E-28B905BE489B}.Debug|Win32.ActiveCfg = Debug|Any CPU
		{7FB912F9-5419-4DD2-8F3E-28B905BE489B}.Debug|Win32.Build.0 = Debug|Any CPU
		{7FB912F9-5419-4DD2-8F3E-28B905BE489B}.Debug|x64.ActiveCfg = Debug|Any CPU
		{7FB912F9-5419-4DD2-8F3E-28B905BE489B}.Debug|x64.Build.0 = Debug|Any CPU
		{7FB912F9-5419-4DD2-8F3E-28B905BE489B}.Debug|x86.ActiveCfg = Debug|Any CPU
		{7FB912F9-5419-4DD2-8F3E-28B905BE489B}.Debug|x86.Build.0 = Debug|Any CPU
		{7FB912F9-5419-4DD2-8F3E-28B905BE489B}.Release|Any CPU.ActiveCfg = Release|Any CPU
		{7FB912F9-5419-4DD2-8F3E-28B905BE489B}.Release|Any CPU.Build.0 = Release|Any CPU
		{7FB912F9-5419-4DD2-8F3E-28B905BE489B}.Release|ARM.ActiveCfg = Release|Any CPU
		{7FB912F9-5419-4DD2-8F3E-28B905BE489B}.Release|ARM.Build.0 = Release|Any CPU
		{7FB912F9-5419-4DD2-8F3E-28B905BE489B}.Release|iPhone.ActiveCfg = Release|Any CPU
		{7FB912F9-5419-4DD2-8F3E-28B905BE489B}.Release|iPhone.Build.0 = Release|Any CPU
		{7FB912F9-5419-4DD2-8F3E-28B905BE489B}.Release|iPhoneSimulator.ActiveCfg = Release|Any CPU
		{7FB912F9-5419-4DD2-8F3E-28B905BE489B}.Release|iPhoneSimulator.Build.0 = Release|Any CPU
		{7FB912F9-5419-4DD2-8F3E-28B905BE489B}.Release|Mixed Platforms.ActiveCfg = Release|Any CPU
		{7FB912F9-5419-4DD2-8F3E-28B905BE489B}.Release|Mixed Platforms.Build.0 = Release|Any CPU
		{7FB912F9-5419-4DD2-8F3E-28B905BE489B}.Release|Win32.ActiveCfg = Release|Any CPU
		{7FB912F9-5419-4DD2-8F3E-28B905BE489B}.Release|Win32.Build.0 = Release|Any CPU
		{7FB912F9-5419-4DD2-8F3E-28B905BE489B}.Release|x64.ActiveCfg = Release|Any CPU
		{7FB912F9-5419-4DD2-8F3E-28B905BE489B}.Release|x64.Build.0 = Release|Any CPU
		{7FB912F9-5419-4DD2-8F3E-28B905BE489B}.Release|x86.ActiveCfg = Release|Any CPU
		{7FB912F9-5419-4DD2-8F3E-28B905BE489B}.Release|x86.Build.0 = Release|Any CPU
		{0B758A01-E20C-4632-A908-59367DDF2B75}.Ad-Hoc|Any CPU.ActiveCfg = Release|Any CPU
		{0B758A01-E20C-4632-A908-59367DDF2B75}.Ad-Hoc|Any CPU.Build.0 = Release|Any CPU
		{0B758A01-E20C-4632-A908-59367DDF2B75}.Ad-Hoc|ARM.ActiveCfg = Release|Any CPU
		{0B758A01-E20C-4632-A908-59367DDF2B75}.Ad-Hoc|ARM.Build.0 = Release|Any CPU
		{0B758A01-E20C-4632-A908-59367DDF2B75}.Ad-Hoc|iPhone.ActiveCfg = Release|Any CPU
		{0B758A01-E20C-4632-A908-59367DDF2B75}.Ad-Hoc|iPhone.Build.0 = Release|Any CPU
		{0B758A01-E20C-4632-A908-59367DDF2B75}.Ad-Hoc|iPhoneSimulator.ActiveCfg = Release|Any CPU
		{0B758A01-E20C-4632-A908-59367DDF2B75}.Ad-Hoc|iPhoneSimulator.Build.0 = Release|Any CPU
		{0B758A01-E20C-4632-A908-59367DDF2B75}.Ad-Hoc|Mixed Platforms.ActiveCfg = Release|Any CPU
		{0B758A01-E20C-4632-A908-59367DDF2B75}.Ad-Hoc|Mixed Platforms.Build.0 = Release|Any CPU
		{0B758A01-E20C-4632-A908-59367DDF2B75}.Ad-Hoc|Win32.ActiveCfg = Release|Any CPU
		{0B758A01-E20C-4632-A908-59367DDF2B75}.Ad-Hoc|Win32.Build.0 = Release|Any CPU
		{0B758A01-E20C-4632-A908-59367DDF2B75}.Ad-Hoc|x64.ActiveCfg = Release|Any CPU
		{0B758A01-E20C-4632-A908-59367DDF2B75}.Ad-Hoc|x64.Build.0 = Release|Any CPU
		{0B758A01-E20C-4632-A908-59367DDF2B75}.Ad-Hoc|x86.ActiveCfg = Release|Any CPU
		{0B758A01-E20C-4632-A908-59367DDF2B75}.Ad-Hoc|x86.Build.0 = Release|Any CPU
		{0B758A01-E20C-4632-A908-59367DDF2B75}.AppStore|Any CPU.ActiveCfg = Release|Any CPU
		{0B758A01-E20C-4632-A908-59367DDF2B75}.AppStore|Any CPU.Build.0 = Release|Any CPU
		{0B758A01-E20C-4632-A908-59367DDF2B75}.AppStore|ARM.ActiveCfg = Release|Any CPU
		{0B758A01-E20C-4632-A908-59367DDF2B75}.AppStore|ARM.Build.0 = Release|Any CPU
		{0B758A01-E20C-4632-A908-59367DDF2B75}.AppStore|iPhone.ActiveCfg = Release|Any CPU
		{0B758A01-E20C-4632-A908-59367DDF2B75}.AppStore|iPhone.Build.0 = Release|Any CPU
		{0B758A01-E20C-4632-A908-59367DDF2B75}.AppStore|iPhoneSimulator.ActiveCfg = Release|Any CPU
		{0B758A01-E20C-4632-A908-59367DDF2B75}.AppStore|iPhoneSimulator.Build.0 = Release|Any CPU
		{0B758A01-E20C-4632-A908-59367DDF2B75}.AppStore|Mixed Platforms.ActiveCfg = Release|Any CPU
		{0B758A01-E20C-4632-A908-59367DDF2B75}.AppStore|Mixed Platforms.Build.0 = Release|Any CPU
		{0B758A01-E20C-4632-A908-59367DDF2B75}.AppStore|Win32.ActiveCfg = Release|Any CPU
		{0B758A01-E20C-4632-A908-59367DDF2B75}.AppStore|Win32.Build.0 = Release|Any CPU
		{0B758A01-E20C-4632-A908-59367DDF2B75}.AppStore|x64.ActiveCfg = Release|Any CPU
		{0B758A01-E20C-4632-A908-59367DDF2B75}.AppStore|x64.Build.0 = Release|Any CPU
		{0B758A01-E20C-4632-A908-59367DDF2B75}.AppStore|x86.ActiveCfg = Release|Any CPU
		{0B758A01-E20C-4632-A908-59367DDF2B75}.AppStore|x86.Build.0 = Release|Any CPU
		{0B758A01-E20C-4632-A908-59367DDF2B75}.Debug|Any CPU.ActiveCfg = Debug|Any CPU
		{0B758A01-E20C-4632-A908-59367DDF2B75}.Debug|Any CPU.Build.0 = Debug|Any CPU
		{0B758A01-E20C-4632-A908-59367DDF2B75}.Debug|ARM.ActiveCfg = Debug|Any CPU
		{0B758A01-E20C-4632-A908-59367DDF2B75}.Debug|ARM.Build.0 = Debug|Any CPU
		{0B758A01-E20C-4632-A908-59367DDF2B75}.Debug|iPhone.ActiveCfg = Debug|Any CPU
		{0B758A01-E20C-4632-A908-59367DDF2B75}.Debug|iPhone.Build.0 = Debug|Any CPU
		{0B758A01-E20C-4632-A908-59367DDF2B75}.Debug|iPhoneSimulator.ActiveCfg = Debug|Any CPU
		{0B758A01-E20C-4632-A908-59367DDF2B75}.Debug|iPhoneSimulator.Build.0 = Debug|Any CPU
		{0B758A01-E20C-4632-A908-59367DDF2B75}.Debug|Mixed Platforms.ActiveCfg = Debug|Any CPU
		{0B758A01-E20C-4632-A908-59367DDF2B75}.Debug|Mixed Platforms.Build.0 = Debug|Any CPU
		{0B758A01-E20C-4632-A908-59367DDF2B75}.Debug|Win32.ActiveCfg = Debug|Any CPU
		{0B758A01-E20C-4632-A908-59367DDF2B75}.Debug|Win32.Build.0 = Debug|Any CPU
		{0B758A01-E20C-4632-A908-59367DDF2B75}.Debug|x64.ActiveCfg = Debug|Any CPU
		{0B758A01-E20C-4632-A908-59367DDF2B75}.Debug|x64.Build.0 = Debug|Any CPU
		{0B758A01-E20C-4632-A908-59367DDF2B75}.Debug|x86.ActiveCfg = Debug|Any CPU
		{0B758A01-E20C-4632-A908-59367DDF2B75}.Debug|x86.Build.0 = Debug|Any CPU
		{0B758A01-E20C-4632-A908-59367DDF2B75}.Release|Any CPU.ActiveCfg = Release|Any CPU
		{0B758A01-E20C-4632-A908-59367DDF2B75}.Release|Any CPU.Build.0 = Release|Any CPU
		{0B758A01-E20C-4632-A908-59367DDF2B75}.Release|ARM.ActiveCfg = Release|Any CPU
		{0B758A01-E20C-4632-A908-59367DDF2B75}.Release|ARM.Build.0 = Release|Any CPU
		{0B758A01-E20C-4632-A908-59367DDF2B75}.Release|iPhone.ActiveCfg = Release|Any CPU
		{0B758A01-E20C-4632-A908-59367DDF2B75}.Release|iPhone.Build.0 = Release|Any CPU
		{0B758A01-E20C-4632-A908-59367DDF2B75}.Release|iPhoneSimulator.ActiveCfg = Release|Any CPU
		{0B758A01-E20C-4632-A908-59367DDF2B75}.Release|iPhoneSimulator.Build.0 = Release|Any CPU
		{0B758A01-E20C-4632-A908-59367DDF2B75}.Release|Mixed Platforms.ActiveCfg = Release|Any CPU
		{0B758A01-E20C-4632-A908-59367DDF2B75}.Release|Mixed Platforms.Build.0 = Release|Any CPU
		{0B758A01-E20C-4632-A908-59367DDF2B75}.Release|Win32.ActiveCfg = Release|Any CPU
		{0B758A01-E20C-4632-A908-59367DDF2B75}.Release|Win32.Build.0 = Release|Any CPU
		{0B758A01-E20C-4632-A908-59367DDF2B75}.Release|x64.ActiveCfg = Release|Any CPU
		{0B758A01-E20C-4632-A908-59367DDF2B75}.Release|x64.Build.0 = Release|Any CPU
		{0B758A01-E20C-4632-A908-59367DDF2B75}.Release|x86.ActiveCfg = Release|Any CPU
		{0B758A01-E20C-4632-A908-59367DDF2B75}.Release|x86.Build.0 = Release|Any CPU
	EndGlobalSection
	GlobalSection(SolutionProperties) = preSolution
		HideSolutionNode = FALSE
	EndGlobalSection
EndGlobal
