Microsoft Visual Studio Solution File, Format Version 12.00
# Visual Studio 14
VisualStudioVersion = 14.0.24720.0
MinimumVisualStudioVersion = 10.0.40219.1
Project("{2150E333-8FDC-42A3-9474-1A3956D46DE8}") = "Solution Items", "Solution Items", "{CB9C01A5-B01D-4560-858D-A986B625DF92}"
EndProject
Project("{F184B08F-C81C-45F6-A57F-5ABD9991F28F}") = "IslamResources", "IslamResources\IslamResources.vbproj", "{0A2A299B-A9D7-4A06-B810-DE0FCD3BBDD7}"
EndProject
Project("{F184B08F-C81C-45F6-A57F-5ABD9991F28F}") = "ResourceToolkit", "ResourceToolkit\ResourceToolkit.vbproj", "{C1BDA6F5-40E3-40A7-AA8E-D6911002A617}"
EndProject
Project("{F184B08F-C81C-45F6-A57F-5ABD9991F28F}") = "ResourceToolkitTemp", "ResourceToolkitTemp\ResourceToolkitTemp.vbproj", "{D7AE0FAD-D85B-44EC-BCA3-F14B448C3A34}"
EndProject
Project("{FAE04EC0-301F-11D3-BF4B-00C04F79EFBC}") = "StoreResource", "IslamSourceQuranViewer\StoreResource\StoreResource.csproj", "{7FB912F9-5419-4DD2-8F3E-28B905BE489B}"
EndProject
Global

	GlobalSection(SolutionConfigurationPlatforms) = preSolution
		Ad-Hoc|Any CPU = Ad-Hoc|Any CPU
		Ad-Hoc|ARM = Ad-Hoc|ARM
		Ad-Hoc|iPhone = Ad-Hoc|iPhone
		Ad-Hoc|iPhoneSimulator = Ad-Hoc|iPhoneSimulator
		Ad-Hoc|Mixed Platforms = Ad-Hoc|Mixed Platforms
		Ad-Hoc|Win32 = Ad-Hoc|Win32
		Ad-Hoc|x64 = Ad-Hoc|x64
		Ad-Hoc|x86 = Ad-Hoc|x86
		AppStore|Any CPU = AppStore|Any CPU
		AppStore|ARM = AppStore|ARM
		AppStore|iPhone = AppStore|iPhone
		AppStore|iPhoneSimulator = AppStore|iPhoneSimulator
		AppStore|Mixed Platforms = AppStore|Mixed Platforms
		AppStore|Win32 = AppStore|Win32
		AppStore|x64 = AppStore|x64
		AppStore|x86 = AppStore|x86
		Debug|Any CPU = Debug|Any CPU
		Debug|ARM = Debug|ARM
		Debug|iPhone = Debug|iPhone
		Debug|iPhoneSimulator = Debug|iPhoneSimulator
		Debug|Mixed Platforms = Debug|Mixed Platforms
		Debug|Win32 = Debug|Win32
		Debug|x64 = Debug|x64
		Debug|x86 = Debug|x86
		Release|Any CPU = Release|Any CPU
		Release|ARM = Release|ARM
		Release|iPhone = Release|iPhone
		Release|iPhoneSimulator = Release|iPhoneSimulator
		Release|Mixed Platforms = Release|Mixed Platforms
		Release|Win32 = Release|Win32
		Release|x64 = Release|x64
		Release|x86 = Release|x86
	EndGlobalSection
	GlobalSection(ProjectConfigurationPlatforms) = postSolution
		{1C6D65F5-BC68-414D-9ED9-A0420016B95B}.Ad-Hoc|Any CPU.ActiveCfg = Release|Any CPU
		{1C6D65F5-BC68-414D-9ED9-A0420016B95B}.Ad-Hoc|Any CPU.Build.0 = Release|Any CPU
		{1C6D65F5-BC68-414D-9ED9-A0420016B95B}.Ad-Hoc|ARM.ActiveCfg = Release|Any CPU
		{1C6D65F5-BC68-414D-9ED9-A0420016B95B}.Ad-Hoc|iPhone.ActiveCfg = Release|Any CPU
		{1C6D65F5-BC68-414D-9ED9-A0420016B95B}.Ad-Hoc|iPhoneSimulator.ActiveCfg = Release|Any CPU
		{1C6D65F5-BC68-414D-9ED9-A0420016B95B}.Ad-Hoc|Mixed Platforms.ActiveCfg = Release|Any CPU
		{1C6D65F5-BC68-414D-9ED9-A0420016B95B}.Ad-Hoc|Mixed Platforms.Build.0 = Release|Any CPU
		{1C6D65F5-BC68-414D-9ED9-A0420016B95B}.Ad-Hoc|Win32.ActiveCfg = Release|Any CPU
		{1C6D65F5-BC68-414D-9ED9-A0420016B95B}.Ad-Hoc|x64.ActiveCfg = Release|Any CPU
		{1C6D65F5-BC68-414D-9ED9-A0420016B95B}.Ad-Hoc|x86.ActiveCfg = Release|Any CPU
		{1C6D65F5-BC68-414D-9ED9-A0420016B95B}.AppStore|Any CPU.ActiveCfg = Release|Any CPU
		{1C6D65F5-BC68-414D-9ED9-A0420016B95B}.AppStore|Any CPU.Build.0 = Release|Any CPU
		{1C6D65F5-BC68-414D-9ED9-A0420016B95B}.AppStore|ARM.ActiveCfg = Release|Any CPU
		{1C6D65F5-BC68-414D-9ED9-A0420016B95B}.AppStore|iPhone.ActiveCfg = Release|Any CPU
		{1C6D65F5-BC68-414D-9ED9-A0420016B95B}.AppStore|iPhoneSimulator.ActiveCfg = Release|Any CPU
		{1C6D65F5-BC68-414D-9ED9-A0420016B95B}.AppStore|Mixed Platforms.ActiveCfg = Release|Any CPU
		{1C6D65F5-BC68-414D-9ED9-A0420016B95B}.AppStore|Mixed Platforms.Build.0 = Release|Any CPU
		{1C6D65F5-BC68-414D-9ED9-A0420016B95B}.AppStore|Win32.ActiveCfg = Release|Any CPU
		{1C6D65F5-BC68-414D-9ED9-A0420016B95B}.AppStore|x64.ActiveCfg = Release|Any CPU
		{1C6D65F5-BC68-414D-9ED9-A0420016B95B}.AppStore|x86.ActiveCfg = Release|Any CPU
		{1C6D65F5-BC68-414D-9ED9-A0420016B95B}.Debug|Any CPU.ActiveCfg = Debug|Any CPU
		{1C6D65F5-BC68-414D-9ED9-A0420016B95B}.Debug|Any CPU.Build.0 = Debug|Any CPU
		{1C6D65F5-BC68-414D-9ED9-A0420016B95B}.Debug|ARM.ActiveCfg = Debug|Any CPU
		{1C6D65F5-BC68-414D-9ED9-A0420016B95B}.Debug|iPhone.ActiveCfg = Debug|Any CPU
		{1C6D65F5-BC68-414D-9ED9-A0420016B95B}.Debug|iPhoneSimulator.ActiveCfg = Debug|Any CPU
		{1C6D65F5-BC68-414D-9ED9-A0420016B95B}.Debug|Mixed Platforms.ActiveCfg = Debug|Any CPU
		{1C6D65F5-BC68-414D-9ED9-A0420016B95B}.Debug|Mixed Platforms.Build.0 = Debug|Any CPU
		{1C6D65F5-BC68-414D-9ED9-A0420016B95B}.Debug|Win32.ActiveCfg = Debug|Any CPU
		{1C6D65F5-BC68-414D-9ED9-A0420016B95B}.Debug|Win32.Build.0 = Debug|Any CPU
		{1C6D65F5-BC68-414D-9ED9-A0420016B95B}.Debug|x64.ActiveCfg = Debug|Any CPU
		{1C6D65F5-BC68-414D-9ED9-A0420016B95B}.Debug|x64.Build.0 = Debug|Any CPU
		{1C6D65F5-BC68-414D-9ED9-A0420016B95B}.Debug|x86.ActiveCfg = Debug|Any CPU
		{1C6D65F5-BC68-414D-9ED9-A0420016B95B}.Debug|x86.Build.0 = Debug|Any CPU
		{1C6D65F5-BC68-414D-9ED9-A0420016B95B}.Release|Any CPU.ActiveCfg = Release|Any CPU
		{1C6D65F5-BC68-414D-9ED9-A0420016B95B}.Release|Any CPU.Build.0 = Release|Any CPU
		{1C6D65F5-BC68-414D-9ED9-A0420016B95B}.Release|ARM.ActiveCfg = Release|Any CPU
		{1C6D65F5-BC68-414D-9ED9-A0420016B95B}.Release|iPhone.ActiveCfg = Release|Any CPU
		{1C6D65F5-BC68-414D-9ED9-A0420016B95B}.Release|iPhoneSimulator.ActiveCfg = Release|Any CPU
		{1C6D65F5-BC68-414D-9ED9-A0420016B95B}.Release|Mixed Platforms.ActiveCfg = Release|Any CPU
		{1C6D65F5-BC68-414D-9ED9-A0420016B95B}.Release|Mixed Platforms.Build.0 = Release|Any CPU
		{1C6D65F5-BC68-414D-9ED9-A0420016B95B}.Release|Win32.ActiveCfg = Release|Any CPU
		{1C6D65F5-BC68-414D-9ED9-A0420016B95B}.Release|Win32.Build.0 = Release|Any CPU
		{1C6D65F5-BC68-414D-9ED9-A0420016B95B}.Release|x64.ActiveCfg = Release|Any CPU
		{1C6D65F5-BC68-414D-9ED9-A0420016B95B}.Release|x64.Build.0 = Release|Any CPU
		{1C6D65F5-BC68-414D-9ED9-A0420016B95B}.Release|x86.ActiveCfg = Release|Any CPU
		{1C6D65F5-BC68-414D-9ED9-A0420016B95B}.Release|x86.Build.0 = Release|Any CPU
		{14D97CCB-7889-4ACC-BED0-1FDF0E8629EB}.Ad-Hoc|Any CPU.ActiveCfg = Release|Any CPU
		{14D97CCB-7889-4ACC-BED0-1FDF0E8629EB}.Ad-Hoc|Any CPU.Build.0 = Release|Any CPU
		{14D97CCB-7889-4ACC-BED0-1FDF0E8629EB}.Ad-Hoc|ARM.ActiveCfg = Release|Any CPU
		{14D97CCB-7889-4ACC-BED0-1FDF0E8629EB}.Ad-Hoc|iPhone.ActiveCfg = Release|Any CPU
		{14D97CCB-7889-4ACC-BED0-1FDF0E8629EB}.Ad-Hoc|iPhoneSimulator.ActiveCfg = Release|Any CPU
		{14D97CCB-7889-4ACC-BED0-1FDF0E8629EB}.Ad-Hoc|Mixed Platforms.ActiveCfg = Release|Any CPU
		{14D97CCB-7889-4ACC-BED0-1FDF0E8629EB}.Ad-Hoc|Mixed Platforms.Build.0 = Release|Any CPU
		{14D97CCB-7889-4ACC-BED0-1FDF0E8629EB}.Ad-Hoc|Win32.ActiveCfg = Release|Any CPU
		{14D97CCB-7889-4ACC-BED0-1FDF0E8629EB}.Ad-Hoc|x64.ActiveCfg = Release|Any CPU
		{14D97CCB-7889-4ACC-BED0-1FDF0E8629EB}.Ad-Hoc|x86.ActiveCfg = Release|Any CPU
		{14D97CCB-7889-4ACC-BED0-1FDF0E8629EB}.AppStore|Any CPU.ActiveCfg = Release|Any CPU
		{14D97CCB-7889-4ACC-BED0-1FDF0E8629EB}.AppStore|Any CPU.Build.0 = Release|Any CPU
		{14D97CCB-7889-4ACC-BED0-1FDF0E8629EB}.AppStore|ARM.ActiveCfg = Release|Any CPU
		{14D97CCB-7889-4ACC-BED0-1FDF0E8629EB}.AppStore|iPhone.ActiveCfg = Release|Any CPU
		{14D97CCB-7889-4ACC-BED0-1FDF0E8629EB}.AppStore|iPhoneSimulator.ActiveCfg = Release|Any CPU
		{14D97CCB-7889-4ACC-BED0-1FDF0E8629EB}.AppStore|Mixed Platforms.ActiveCfg = Release|Any CPU
		{14D97CCB-7889-4ACC-BED0-1FDF0E8629EB}.AppStore|Mixed Platforms.Build.0 = Release|Any CPU
		{14D97CCB-7889-4ACC-BED0-1FDF0E8629EB}.AppStore|Win32.ActiveCfg = Release|Any CPU
		{14D97CCB-7889-4ACC-BED0-1FDF0E8629EB}.AppStore|x64.ActiveCfg = Release|Any CPU
		{14D97CCB-7889-4ACC-BED0-1FDF0E8629EB}.AppStore|x86.ActiveCfg = Release|Any CPU
		{14D97CCB-7889-4ACC-BED0-1FDF0E8629EB}.Debug|Any CPU.ActiveCfg = Debug|Any CPU
		{14D97CCB-7889-4ACC-BED0-1FDF0E8629EB}.Debug|Any CPU.Build.0 = Debug|Any CPU
		{14D97CCB-7889-4ACC-BED0-1FDF0E8629EB}.Debug|ARM.ActiveCfg = Debug|Any CPU
		{14D97CCB-7889-4ACC-BED0-1FDF0E8629EB}.Debug|iPhone.ActiveCfg = Debug|Any CPU
		{14D97CCB-7889-4ACC-BED0-1FDF0E8629EB}.Debug|iPhoneSimulator.ActiveCfg = Debug|Any CPU
		{14D97CCB-7889-4ACC-BED0-1FDF0E8629EB}.Debug|Mixed Platforms.ActiveCfg = Debug|Any CPU
		{14D97CCB-7889-4ACC-BED0-1FDF0E8629EB}.Debug|Mixed Platforms.Build.0 = Debug|Any CPU
		{14D97CCB-7889-4ACC-BED0-1FDF0E8629EB}.Debug|Win32.ActiveCfg = Debug|Any CPU
		{14D97CCB-7889-4ACC-BED0-1FDF0E8629EB}.Debug|Win32.Build.0 = Debug|Any CPU
		{14D97CCB-7889-4ACC-BED0-1FDF0E8629EB}.Debug|x64.ActiveCfg = Debug|Any CPU
		{14D97CCB-7889-4ACC-BED0-1FDF0E8629EB}.Debug|x64.Build.0 = Debug|Any CPU
		{14D97CCB-7889-4ACC-BED0-1FDF0E8629EB}.Debug|x86.ActiveCfg = Debug|Any CPU
		{14D97CCB-7889-4ACC-BED0-1FDF0E8629EB}.Debug|x86.Build.0 = Debug|Any CPU
		{14D97CCB-7889-4ACC-BED0-1FDF0E8629EB}.Release|Any CPU.ActiveCfg = Release|Any CPU
		{14D97CCB-7889-4ACC-BED0-1FDF0E8629EB}.Release|Any CPU.Build.0 = Release|Any CPU
		{14D97CCB-7889-4ACC-BED0-1FDF0E8629EB}.Release|ARM.ActiveCfg = Release|Any CPU
		{14D97CCB-7889-4ACC-BED0-1FDF0E8629EB}.Release|iPhone.ActiveCfg = Release|Any CPU
		{14D97CCB-7889-4ACC-BED0-1FDF0E8629EB}.Release|iPhoneSimulator.ActiveCfg = Release|Any CPU
		{14D97CCB-7889-4ACC-BED0-1FDF0E8629EB}.Release|Mixed Platforms.ActiveCfg = Release|Any CPU
		{14D97CCB-7889-4ACC-BED0-1FDF0E8629EB}.Release|Mixed Platforms.Build.0 = Release|Any CPU
		{14D97CCB-7889-4ACC-BED0-1FDF0E8629EB}.Release|Win32.ActiveCfg = Release|Any CPU
		{14D97CCB-7889-4ACC-BED0-1FDF0E8629EB}.Release|Win32.Build.0 = Release|Any CPU
		{14D97CCB-7889-4ACC-BED0-1FDF0E8629EB}.Release|x64.ActiveCfg = Release|Any CPU
		{14D97CCB-7889-4ACC-BED0-1FDF0E8629EB}.Release|x64.Build.0 = Release|Any CPU
		{14D97CCB-7889-4ACC-BED0-1FDF0E8629EB}.Release|x86.ActiveCfg = Release|Any CPU
		{14D97CCB-7889-4ACC-BED0-1FDF0E8629EB}.Release|x86.Build.0 = Release|Any CPU
		{8CEF3958-A8D0-4AFA-95F1-80568237F4EE}.Ad-Hoc|Any CPU.ActiveCfg = Release|Any CPU
		{8CEF3958-A8D0-4AFA-95F1-80568237F4EE}.Ad-Hoc|Any CPU.Build.0 = Release|Any CPU
		{8CEF3958-A8D0-4AFA-95F1-80568237F4EE}.Ad-Hoc|ARM.ActiveCfg = Release|Any CPU
		{8CEF3958-A8D0-4AFA-95F1-80568237F4EE}.Ad-Hoc|iPhone.ActiveCfg = Release|Any CPU
		{8CEF3958-A8D0-4AFA-95F1-80568237F4EE}.Ad-Hoc|iPhoneSimulator.ActiveCfg = Release|Any CPU
		{8CEF3958-A8D0-4AFA-95F1-80568237F4EE}.Ad-Hoc|Mixed Platforms.ActiveCfg = Release|Any CPU
		{8CEF3958-A8D0-4AFA-95F1-80568237F4EE}.Ad-Hoc|Mixed Platforms.Build.0 = Release|Any CPU
		{8CEF3958-A8D0-4AFA-95F1-80568237F4EE}.Ad-Hoc|Win32.ActiveCfg = Release|Any CPU
		{8CEF3958-A8D0-4AFA-95F1-80568237F4EE}.Ad-Hoc|x64.ActiveCfg = Release|Any CPU
		{8CEF3958-A8D0-4AFA-95F1-80568237F4EE}.Ad-Hoc|x86.ActiveCfg = Release|Any CPU
		{8CEF3958-A8D0-4AFA-95F1-80568237F4EE}.AppStore|Any CPU.ActiveCfg = Release|Any CPU
		{8CEF3958-A8D0-4AFA-95F1-80568237F4EE}.AppStore|Any CPU.Build.0 = Release|Any CPU
		{8CEF3958-A8D0-4AFA-95F1-80568237F4EE}.AppStore|ARM.ActiveCfg = Release|Any CPU
		{8CEF3958-A8D0-4AFA-95F1-80568237F4EE}.AppStore|iPhone.ActiveCfg = Release|Any CPU
		{8CEF3958-A8D0-4AFA-95F1-80568237F4EE}.AppStore|iPhoneSimulator.ActiveCfg = Release|Any CPU
		{8CEF3958-A8D0-4AFA-95F1-80568237F4EE}.AppStore|Mixed Platforms.ActiveCfg = Release|Any CPU
		{8CEF3958-A8D0-4AFA-95F1-80568237F4EE}.AppStore|Mixed Platforms.Build.0 = Release|Any CPU
		{8CEF3958-A8D0-4AFA-95F1-80568237F4EE}.AppStore|Win32.ActiveCfg = Release|Any CPU
		{8CEF3958-A8D0-4AFA-95F1-80568237F4EE}.AppStore|x64.ActiveCfg = Release|Any CPU
		{8CEF3958-A8D0-4AFA-95F1-80568237F4EE}.AppStore|x86.ActiveCfg = Release|Any CPU
		{8CEF3958-A8D0-4AFA-95F1-80568237F4EE}.Debug|Any CPU.ActiveCfg = Debug|Any CPU
		{8CEF3958-A8D0-4AFA-95F1-80568237F4EE}.Debug|Any CPU.Build.0 = Debug|Any CPU
		{8CEF3958-A8D0-4AFA-95F1-80568237F4EE}.Debug|ARM.ActiveCfg = Debug|Any CPU
		{8CEF3958-A8D0-4AFA-95F1-80568237F4EE}.Debug|iPhone.ActiveCfg = Debug|Any CPU
		{8CEF3958-A8D0-4AFA-95F1-80568237F4EE}.Debug|iPhoneSimulator.ActiveCfg = Debug|Any CPU
		{8CEF3958-A8D0-4AFA-95F1-80568237F4EE}.Debug|Mixed Platforms.ActiveCfg = Debug|Any CPU
		{8CEF3958-A8D0-4AFA-95F1-80568237F4EE}.Debug|Mixed Platforms.Build.0 = Debug|Any CPU
		{8CEF3958-A8D0-4AFA-95F1-80568237F4EE}.Debug|Win32.ActiveCfg = Debug|Any CPU
		{8CEF3958-A8D0-4AFA-95F1-80568237F4EE}.Debug|Win32.Build.0 = Debug|Any CPU
		{8CEF3958-A8D0-4AFA-95F1-80568237F4EE}.Debug|x64.ActiveCfg = Debug|Any CPU
		{8CEF3958-A8D0-4AFA-95F1-80568237F4EE}.Debug|x64.Build.0 = Debug|Any CPU
		{8CEF3958-A8D0-4AFA-95F1-80568237F4EE}.Debug|x86.ActiveCfg = Debug|Any CPU
		{8CEF3958-A8D0-4AFA-95F1-80568237F4EE}.Debug|x86.Build.0 = Debug|Any CPU
		{8CEF3958-A8D0-4AFA-95F1-80568237F4EE}.Release|Any CPU.ActiveCfg = Release|Any CPU
		{8CEF3958-A8D0-4AFA-95F1-80568237F4EE}.Release|Any CPU.Build.0 = Release|Any CPU
		{8CEF3958-A8D0-4AFA-95F1-80568237F4EE}.Release|ARM.ActiveCfg = Release|Any CPU
		{8CEF3958-A8D0-4AFA-95F1-80568237F4EE}.Release|iPhone.ActiveCfg = Release|Any CPU
		{8CEF3958-A8D0-4AFA-95F1-80568237F4EE}.Release|iPhoneSimulator.ActiveCfg = Release|Any CPU
		{8CEF3958-A8D0-4AFA-95F1-80568237F4EE}.Release|Mixed Platforms.ActiveCfg = Release|Any CPU
		{8CEF3958-A8D0-4AFA-95F1-80568237F4EE}.Release|Mixed Platforms.Build.0 = Release|Any CPU
		{8CEF3958-A8D0-4AFA-95F1-80568237F4EE}.Release|Win32.ActiveCfg = Release|Any CPU
		{8CEF3958-A8D0-4AFA-95F1-80568237F4EE}.Release|Win32.Build.0 = Release|Any CPU
		{8CEF3958-A8D0-4AFA-95F1-80568237F4EE}.Release|x64.ActiveCfg = Release|Any CPU
		{8CEF3958-A8D0-4AFA-95F1-80568237F4EE}.Release|x64.Build.0 = Release|Any CPU
		{8CEF3958-A8D0-4AFA-95F1-80568237F4EE}.Release|x86.ActiveCfg = Release|Any CPU
		{8CEF3958-A8D0-4AFA-95F1-80568237F4EE}.Release|x86.Build.0 = Release|Any CPU
		{28990B1C-834C-4164-8C69-B8A123CA40F1}.Ad-Hoc|Any CPU.ActiveCfg = Release|Any CPU
		{28990B1C-834C-4164-8C69-B8A123CA40F1}.Ad-Hoc|Any CPU.Build.0 = Release|Any CPU
		{28990B1C-834C-4164-8C69-B8A123CA40F1}.Ad-Hoc|ARM.ActiveCfg = Release|Any CPU
		{28990B1C-834C-4164-8C69-B8A123CA40F1}.Ad-Hoc|iPhone.ActiveCfg = Release|Any CPU
		{28990B1C-834C-4164-8C69-B8A123CA40F1}.Ad-Hoc|iPhoneSimulator.ActiveCfg = Release|Any CPU
		{28990B1C-834C-4164-8C69-B8A123CA40F1}.Ad-Hoc|Mixed Platforms.ActiveCfg = Release|Any CPU
		{28990B1C-834C-4164-8C69-B8A123CA40F1}.Ad-Hoc|Mixed Platforms.Build.0 = Release|Any CPU
		{28990B1C-834C-4164-8C69-B8A123CA40F1}.Ad-Hoc|Win32.ActiveCfg = Release|Any CPU
		{28990B1C-834C-4164-8C69-B8A123CA40F1}.Ad-Hoc|x64.ActiveCfg = Release|Any CPU
		{28990B1C-834C-4164-8C69-B8A123CA40F1}.Ad-Hoc|x86.ActiveCfg = Release|Any CPU
		{28990B1C-834C-4164-8C69-B8A123CA40F1}.AppStore|Any CPU.ActiveCfg = Release|Any CPU
		{28990B1C-834C-4164-8C69-B8A123CA40F1}.AppStore|Any CPU.Build.0 = Release|Any CPU
		{28990B1C-834C-4164-8C69-B8A123CA40F1}.AppStore|ARM.ActiveCfg = Release|Any CPU
		{28990B1C-834C-4164-8C69-B8A123CA40F1}.AppStore|iPhone.ActiveCfg = Release|Any CPU
		{28990B1C-834C-4164-8C69-B8A123CA40F1}.AppStore|iPhoneSimulator.ActiveCfg = Release|Any CPU
		{28990B1C-834C-4164-8C69-B8A123CA40F1}.AppStore|Mixed Platforms.ActiveCfg = Release|Any CPU
		{28990B1C-834C-4164-8C69-B8A123CA40F1}.AppStore|Mixed Platforms.Build.0 = Release|Any CPU
		{28990B1C-834C-4164-8C69-B8A123CA40F1}.AppStore|Win32.ActiveCfg = Release|Any CPU
		{28990B1C-834C-4164-8C69-B8A123CA40F1}.AppStore|x64.ActiveCfg = Release|Any CPU
		{28990B1C-834C-4164-8C69-B8A123CA40F1}.AppStore|x86.ActiveCfg = Release|Any CPU
		{28990B1C-834C-4164-8C69-B8A123CA40F1}.Debug|Any CPU.ActiveCfg = Debug|Any CPU
		{28990B1C-834C-4164-8C69-B8A123CA40F1}.Debug|Any CPU.Build.0 = Debug|Any CPU
		{28990B1C-834C-4164-8C69-B8A123CA40F1}.Debug|ARM.ActiveCfg = Debug|Any CPU
		{28990B1C-834C-4164-8C69-B8A123CA40F1}.Debug|iPhone.ActiveCfg = Debug|Any CPU
		{28990B1C-834C-4164-8C69-B8A123CA40F1}.Debug|iPhoneSimulator.ActiveCfg = Debug|Any CPU
		{28990B1C-834C-4164-8C69-B8A123CA40F1}.Debug|Mixed Platforms.ActiveCfg = Debug|Any CPU
		{28990B1C-834C-4164-8C69-B8A123CA40F1}.Debug|Mixed Platforms.Build.0 = Debug|Any CPU
		{28990B1C-834C-4164-8C69-B8A123CA40F1}.Debug|Win32.ActiveCfg = Debug|Any CPU
		{28990B1C-834C-4164-8C69-B8A123CA40F1}.Debug|Win32.Build.0 = Debug|Any CPU
		{28990B1C-834C-4164-8C69-B8A123CA40F1}.Debug|x64.ActiveCfg = Debug|Any CPU
		{28990B1C-834C-4164-8C69-B8A123CA40F1}.Debug|x64.Build.0 = Debug|Any CPU
		{28990B1C-834C-4164-8C69-B8A123CA40F1}.Debug|x86.ActiveCfg = Debug|Any CPU
		{28990B1C-834C-4164-8C69-B8A123CA40F1}.Debug|x86.Build.0 = Debug|Any CPU
		{28990B1C-834C-4164-8C69-B8A123CA40F1}.Release|Any CPU.ActiveCfg = Release|Any CPU
		{28990B1C-834C-4164-8C69-B8A123CA40F1}.Release|Any CPU.Build.0 = Release|Any CPU
		{28990B1C-834C-4164-8C69-B8A123CA40F1}.Release|ARM.ActiveCfg = Release|Any CPU
		{28990B1C-834C-4164-8C69-B8A123CA40F1}.Release|iPhone.ActiveCfg = Release|Any CPU
		{28990B1C-834C-4164-8C69-B8A123CA40F1}.Release|iPhoneSimulator.ActiveCfg = Release|Any CPU
		{28990B1C-834C-4164-8C69-B8A123CA40F1}.Release|Mixed Platforms.ActiveCfg = Release|Any CPU
		{28990B1C-834C-4164-8C69-B8A123CA40F1}.Release|Mixed Platforms.Build.0 = Release|Any CPU
		{28990B1C-834C-4164-8C69-B8A123CA40F1}.Release|Win32.ActiveCfg = Release|Any CPU
		{28990B1C-834C-4164-8C69-B8A123CA40F1}.Release|Win32.Build.0 = Release|Any CPU
		{28990B1C-834C-4164-8C69-B8A123CA40F1}.Release|x64.ActiveCfg = Release|Any CPU
		{28990B1C-834C-4164-8C69-B8A123CA40F1}.Release|x64.Build.0 = Release|Any CPU
		{28990B1C-834C-4164-8C69-B8A123CA40F1}.Release|x86.ActiveCfg = Release|Any CPU
		{28990B1C-834C-4164-8C69-B8A123CA40F1}.Release|x86.Build.0 = Release|Any CPU
		{0A2A299B-A9D7-4A06-B810-DE0FCD3BBDD7}.Ad-Hoc|Any CPU.ActiveCfg = Release|Any CPU
		{0A2A299B-A9D7-4A06-B810-DE0FCD3BBDD7}.Ad-Hoc|Any CPU.Build.0 = Release|Any CPU
		{0A2A299B-A9D7-4A06-B810-DE0FCD3BBDD7}.Ad-Hoc|ARM.ActiveCfg = Release|Any CPU
		{0A2A299B-A9D7-4A06-B810-DE0FCD3BBDD7}.Ad-Hoc|iPhone.ActiveCfg = Release|Any CPU
		{0A2A299B-A9D7-4A06-B810-DE0FCD3BBDD7}.Ad-Hoc|iPhoneSimulator.ActiveCfg = Release|Any CPU
		{0A2A299B-A9D7-4A06-B810-DE0FCD3BBDD7}.Ad-Hoc|Mixed Platforms.ActiveCfg = Release|Any CPU
		{0A2A299B-A9D7-4A06-B810-DE0FCD3BBDD7}.Ad-Hoc|Mixed Platforms.Build.0 = Release|Any CPU
		{0A2A299B-A9D7-4A06-B810-DE0FCD3BBDD7}.Ad-Hoc|Win32.ActiveCfg = Release|Any CPU
		{0A2A299B-A9D7-4A06-B810-DE0FCD3BBDD7}.Ad-Hoc|x64.ActiveCfg = Release|Any CPU
		{0A2A299B-A9D7-4A06-B810-DE0FCD3BBDD7}.Ad-Hoc|x86.ActiveCfg = Release|Any CPU
		{0A2A299B-A9D7-4A06-B810-DE0FCD3BBDD7}.AppStore|Any CPU.ActiveCfg = Release|Any CPU
		{0A2A299B-A9D7-4A06-B810-DE0FCD3BBDD7}.AppStore|Any CPU.Build.0 = Release|Any CPU
		{0A2A299B-A9D7-4A06-B810-DE0FCD3BBDD7}.AppStore|ARM.ActiveCfg = Release|Any CPU
		{0A2A299B-A9D7-4A06-B810-DE0FCD3BBDD7}.AppStore|iPhone.ActiveCfg = Release|Any CPU
		{0A2A299B-A9D7-4A06-B810-DE0FCD3BBDD7}.AppStore|iPhoneSimulator.ActiveCfg = Release|Any CPU
		{0A2A299B-A9D7-4A06-B810-DE0FCD3BBDD7}.AppStore|Mixed Platforms.ActiveCfg = Release|Any CPU
		{0A2A299B-A9D7-4A06-B810-DE0FCD3BBDD7}.AppStore|Mixed Platforms.Build.0 = Release|Any CPU
		{0A2A299B-A9D7-4A06-B810-DE0FCD3BBDD7}.AppStore|Win32.ActiveCfg = Release|Any CPU
		{0A2A299B-A9D7-4A06-B810-DE0FCD3BBDD7}.AppStore|x64.ActiveCfg = Release|Any CPU
		{0A2A299B-A9D7-4A06-B810-DE0FCD3BBDD7}.AppStore|x86.ActiveCfg = Release|Any CPU
		{0A2A299B-A9D7-4A06-B810-DE0FCD3BBDD7}.Debug|Any CPU.ActiveCfg = Debug|Any CPU
		{0A2A299B-A9D7-4A06-B810-DE0FCD3BBDD7}.Debug|Any CPU.Build.0 = Debug|Any CPU
		{0A2A299B-A9D7-4A06-B810-DE0FCD3BBDD7}.Debug|ARM.ActiveCfg = Debug|Any CPU
		{0A2A299B-A9D7-4A06-B810-DE0FCD3BBDD7}.Debug|iPhone.ActiveCfg = Debug|Any CPU
		{0A2A299B-A9D7-4A06-B810-DE0FCD3BBDD7}.Debug|iPhoneSimulator.ActiveCfg = Debug|Any CPU
		{0A2A299B-A9D7-4A06-B810-DE0FCD3BBDD7}.Debug|Mixed Platforms.ActiveCfg = Debug|Any CPU
		{0A2A299B-A9D7-4A06-B810-DE0FCD3BBDD7}.Debug|Mixed Platforms.Build.0 = Debug|Any CPU
		{0A2A299B-A9D7-4A06-B810-DE0FCD3BBDD7}.Debug|Win32.ActiveCfg = Debug|Any CPU
		{0A2A299B-A9D7-4A06-B810-DE0FCD3BBDD7}.Debug|Win32.Build.0 = Debug|Any CPU
		{0A2A299B-A9D7-4A06-B810-DE0FCD3BBDD7}.Debug|x64.ActiveCfg = Debug|Any CPU
		{0A2A299B-A9D7-4A06-B810-DE0FCD3BBDD7}.Debug|x64.Build.0 = Debug|Any CPU
		{0A2A299B-A9D7-4A06-B810-DE0FCD3BBDD7}.Debug|x86.ActiveCfg = Debug|Any CPU
		{0A2A299B-A9D7-4A06-B810-DE0FCD3BBDD7}.Debug|x86.Build.0 = Debug|Any CPU
		{0A2A299B-A9D7-4A06-B810-DE0FCD3BBDD7}.Release|Any CPU.ActiveCfg = Release|Any CPU
		{0A2A299B-A9D7-4A06-B810-DE0FCD3BBDD7}.Release|Any CPU.Build.0 = Release|Any CPU
		{0A2A299B-A9D7-4A06-B810-DE0FCD3BBDD7}.Release|ARM.ActiveCfg = Release|Any CPU
		{0A2A299B-A9D7-4A06-B810-DE0FCD3BBDD7}.Release|iPhone.ActiveCfg = Release|Any CPU
		{0A2A299B-A9D7-4A06-B810-DE0FCD3BBDD7}.Release|iPhoneSimulator.ActiveCfg = Release|Any CPU
		{0A2A299B-A9D7-4A06-B810-DE0FCD3BBDD7}.Release|Mixed Platforms.ActiveCfg = Release|Any CPU
		{0A2A299B-A9D7-4A06-B810-DE0FCD3BBDD7}.Release|Mixed Platforms.Build.0 = Release|Any CPU
		{0A2A299B-A9D7-4A06-B810-DE0FCD3BBDD7}.Release|Win32.ActiveCfg = Release|Any CPU
		{0A2A299B-A9D7-4A06-B810-DE0FCD3BBDD7}.Release|Win32.Build.0 = Release|Any CPU
		{0A2A299B-A9D7-4A06-B810-DE0FCD3BBDD7}.Release|x64.ActiveCfg = Release|Any CPU
		{0A2A299B-A9D7-4A06-B810-DE0FCD3BBDD7}.Release|x64.Build.0 = Release|Any CPU
		{0A2A299B-A9D7-4A06-B810-DE0FCD3BBDD7}.Release|x86.ActiveCfg = Release|Any CPU
		{0A2A299B-A9D7-4A06-B810-DE0FCD3BBDD7}.Release|x86.Build.0 = Release|Any CPU
		{F2CD2E3F-4119-46E6-9F10-4E93665EA990}.Ad-Hoc|Any CPU.ActiveCfg = Release|Any CPU
		{F2CD2E3F-4119-46E6-9F10-4E93665EA990}.Ad-Hoc|Any CPU.Build.0 = Release|Any CPU
		{F2CD2E3F-4119-46E6-9F10-4E93665EA990}.Ad-Hoc|ARM.ActiveCfg = Release|Any CPU
		{F2CD2E3F-4119-46E6-9F10-4E93665EA990}.Ad-Hoc|iPhone.ActiveCfg = Release|Any CPU
		{F2CD2E3F-4119-46E6-9F10-4E93665EA990}.Ad-Hoc|iPhoneSimulator.ActiveCfg = Release|Any CPU
		{F2CD2E3F-4119-46E6-9F10-4E93665EA990}.Ad-Hoc|Mixed Platforms.ActiveCfg = Release|Any CPU
		{F2CD2E3F-4119-46E6-9F10-4E93665EA990}.Ad-Hoc|Mixed Platforms.Build.0 = Release|Any CPU
		{F2CD2E3F-4119-46E6-9F10-4E93665EA990}.Ad-Hoc|Win32.ActiveCfg = Release|Any CPU
		{F2CD2E3F-4119-46E6-9F10-4E93665EA990}.Ad-Hoc|x64.ActiveCfg = Release|Any CPU
		{F2CD2E3F-4119-46E6-9F10-4E93665EA990}.Ad-Hoc|x86.ActiveCfg = Release|Any CPU
		{F2CD2E3F-4119-46E6-9F10-4E93665EA990}.AppStore|Any CPU.ActiveCfg = Release|Any CPU
		{F2CD2E3F-4119-46E6-9F10-4E93665EA990}.AppStore|Any CPU.Build.0 = Release|Any CPU
		{F2CD2E3F-4119-46E6-9F10-4E93665EA990}.AppStore|ARM.ActiveCfg = Release|Any CPU
		{F2CD2E3F-4119-46E6-9F10-4E93665EA990}.AppStore|iPhone.ActiveCfg = Release|Any CPU
		{F2CD2E3F-4119-46E6-9F10-4E93665EA990}.AppStore|iPhoneSimulator.ActiveCfg = Release|Any CPU
		{F2CD2E3F-4119-46E6-9F10-4E93665EA990}.AppStore|Mixed Platforms.ActiveCfg = Release|Any CPU
		{F2CD2E3F-4119-46E6-9F10-4E93665EA990}.AppStore|Mixed Platforms.Build.0 = Release|Any CPU
		{F2CD2E3F-4119-46E6-9F10-4E93665EA990}.AppStore|Win32.ActiveCfg = Release|Any CPU
		{F2CD2E3F-4119-46E6-9F10-4E93665EA990}.AppStore|x64.ActiveCfg = Release|Any CPU
		{F2CD2E3F-4119-46E6-9F10-4E93665EA990}.AppStore|x86.ActiveCfg = Release|Any CPU
		{F2CD2E3F-4119-46E6-9F10-4E93665EA990}.Debug|Any CPU.ActiveCfg = Debug|Any CPU
		{F2CD2E3F-4119-46E6-9F10-4E93665EA990}.Debug|Any CPU.Build.0 = Debug|Any CPU
		{F2CD2E3F-4119-46E6-9F10-4E93665EA990}.Debug|ARM.ActiveCfg = Debug|Any CPU
		{F2CD2E3F-4119-46E6-9F10-4E93665EA990}.Debug|iPhone.ActiveCfg = Debug|Any CPU
		{F2CD2E3F-4119-46E6-9F10-4E93665EA990}.Debug|iPhoneSimulator.ActiveCfg = Debug|Any CPU
		{F2CD2E3F-4119-46E6-9F10-4E93665EA990}.Debug|Mixed Platforms.ActiveCfg = Debug|Any CPU
		{F2CD2E3F-4119-46E6-9F10-4E93665EA990}.Debug|Mixed Platforms.Build.0 = Debug|Any CPU
		{F2CD2E3F-4119-46E6-9F10-4E93665EA990}.Debug|Win32.ActiveCfg = Debug|Any CPU
		{F2CD2E3F-4119-46E6-9F10-4E93665EA990}.Debug|Win32.Build.0 = Debug|Any CPU
		{F2CD2E3F-4119-46E6-9F10-4E93665EA990}.Debug|x64.ActiveCfg = Debug|Any CPU
		{F2CD2E3F-4119-46E6-9F10-4E93665EA990}.Debug|x64.Build.0 = Debug|Any CPU
		{F2CD2E3F-4119-46E6-9F10-4E93665EA990}.Debug|x86.ActiveCfg = Debug|Any CPU
		{F2CD2E3F-4119-46E6-9F10-4E93665EA990}.Debug|x86.Build.0 = Debug|Any CPU
		{F2CD2E3F-4119-46E6-9F10-4E93665EA990}.Release|Any CPU.ActiveCfg = Release|Any CPU
		{F2CD2E3F-4119-46E6-9F10-4E93665EA990}.Release|Any CPU.Build.0 = Release|Any CPU
		{F2CD2E3F-4119-46E6-9F10-4E93665EA990}.Release|ARM.ActiveCfg = Release|Any CPU
		{F2CD2E3F-4119-46E6-9F10-4E93665EA990}.Release|iPhone.ActiveCfg = Release|Any CPU
		{F2CD2E3F-4119-46E6-9F10-4E93665EA990}.Release|iPhoneSimulator.ActiveCfg = Release|Any CPU
		{F2CD2E3F-4119-46E6-9F10-4E93665EA990}.Release|Mixed Platforms.ActiveCfg = Release|Any CPU
		{F2CD2E3F-4119-46E6-9F10-4E93665EA990}.Release|Mixed Platforms.Build.0 = Release|Any CPU
		{F2CD2E3F-4119-46E6-9F10-4E93665EA990}.Release|Win32.ActiveCfg = Release|Any CPU
		{F2CD2E3F-4119-46E6-9F10-4E93665EA990}.Release|Win32.Build.0 = Release|Any CPU
		{F2CD2E3F-4119-46E6-9F10-4E93665EA990}.Release|x64.ActiveCfg = Release|Any CPU
		{F2CD2E3F-4119-46E6-9F10-4E93665EA990}.Release|x64.Build.0 = Release|Any CPU
		{F2CD2E3F-4119-46E6-9F10-4E93665EA990}.Release|x86.ActiveCfg = Release|Any CPU
		{F2CD2E3F-4119-46E6-9F10-4E93665EA990}.Release|x86.Build.0 = Release|Any CPU
		{9ADB20BA-877E-4CB0-A12B-7BABE3FEDC27}.Ad-Hoc|Any CPU.ActiveCfg = Release|Any CPU
		{9ADB20BA-877E-4CB0-A12B-7BABE3FEDC27}.Ad-Hoc|Any CPU.Build.0 = Release|Any CPU
		{9ADB20BA-877E-4CB0-A12B-7BABE3FEDC27}.Ad-Hoc|ARM.ActiveCfg = Release|Any CPU
		{9ADB20BA-877E-4CB0-A12B-7BABE3FEDC27}.Ad-Hoc|iPhone.ActiveCfg = Release|Any CPU
		{9ADB20BA-877E-4CB0-A12B-7BABE3FEDC27}.Ad-Hoc|iPhoneSimulator.ActiveCfg = Release|Any CPU
		{9ADB20BA-877E-4CB0-A12B-7BABE3FEDC27}.Ad-Hoc|Mixed Platforms.ActiveCfg = Release|Any CPU
		{9ADB20BA-877E-4CB0-A12B-7BABE3FEDC27}.Ad-Hoc|Mixed Platforms.Build.0 = Release|Any CPU
		{9ADB20BA-877E-4CB0-A12B-7BABE3FEDC27}.Ad-Hoc|Win32.ActiveCfg = Release|Any CPU
		{9ADB20BA-877E-4CB0-A12B-7BABE3FEDC27}.Ad-Hoc|x64.ActiveCfg = Release|Any CPU
		{9ADB20BA-877E-4CB0-A12B-7BABE3FEDC27}.Ad-Hoc|x86.ActiveCfg = Release|Any CPU
		{9ADB20BA-877E-4CB0-A12B-7BABE3FEDC27}.AppStore|Any CPU.ActiveCfg = Release|Any CPU
		{9ADB20BA-877E-4CB0-A12B-7BABE3FEDC27}.AppStore|Any CPU.Build.0 = Release|Any CPU
		{9ADB20BA-877E-4CB0-A12B-7BABE3FEDC27}.AppStore|ARM.ActiveCfg = Release|Any CPU
		{9ADB20BA-877E-4CB0-A12B-7BABE3FEDC27}.AppStore|iPhone.ActiveCfg = Release|Any CPU
		{9ADB20BA-877E-4CB0-A12B-7BABE3FEDC27}.AppStore|iPhoneSimulator.ActiveCfg = Release|Any CPU
		{9ADB20BA-877E-4CB0-A12B-7BABE3FEDC27}.AppStore|Mixed Platforms.ActiveCfg = Release|Any CPU
		{9ADB20BA-877E-4CB0-A12B-7BABE3FEDC27}.AppStore|Mixed Platforms.Build.0 = Release|Any CPU
		{9ADB20BA-877E-4CB0-A12B-7BABE3FEDC27}.AppStore|Win32.ActiveCfg = Release|Any CPU
		{9ADB20BA-877E-4CB0-A12B-7BABE3FEDC27}.AppStore|x64.ActiveCfg = Release|Any CPU
		{9ADB20BA-877E-4CB0-A12B-7BABE3FEDC27}.AppStore|x86.ActiveCfg = Release|Any CPU
		{9ADB20BA-877E-4CB0-A12B-7BABE3FEDC27}.Debug|Any CPU.ActiveCfg = Debug|Any CPU
		{9ADB20BA-877E-4CB0-A12B-7BABE3FEDC27}.Debug|Any CPU.Build.0 = Debug|Any CPU
		{9ADB20BA-877E-4CB0-A12B-7BABE3FEDC27}.Debug|ARM.ActiveCfg = Debug|Any CPU
		{9ADB20BA-877E-4CB0-A12B-7BABE3FEDC27}.Debug|iPhone.ActiveCfg = Debug|Any CPU
		{9ADB20BA-877E-4CB0-A12B-7BABE3FEDC27}.Debug|iPhoneSimulator.ActiveCfg = Debug|Any CPU
		{9ADB20BA-877E-4CB0-A12B-7BABE3FEDC27}.Debug|Mixed Platforms.ActiveCfg = Debug|Any CPU
		{9ADB20BA-877E-4CB0-A12B-7BABE3FEDC27}.Debug|Mixed Platforms.Build.0 = Debug|Any CPU
		{9ADB20BA-877E-4CB0-A12B-7BABE3FEDC27}.Debug|Win32.ActiveCfg = Debug|Any CPU
		{9ADB20BA-877E-4CB0-A12B-7BABE3FEDC27}.Debug|Win32.Build.0 = Debug|Any CPU
		{9ADB20BA-877E-4CB0-A12B-7BABE3FEDC27}.Debug|x64.ActiveCfg = Debug|Any CPU
		{9ADB20BA-877E-4CB0-A12B-7BABE3FEDC27}.Debug|x64.Build.0 = Debug|Any CPU
		{9ADB20BA-877E-4CB0-A12B-7BABE3FEDC27}.Debug|x86.ActiveCfg = Debug|Any CPU
		{9ADB20BA-877E-4CB0-A12B-7BABE3FEDC27}.Debug|x86.Build.0 = Debug|Any CPU
		{9ADB20BA-877E-4CB0-A12B-7BABE3FEDC27}.Release|Any CPU.ActiveCfg = Release|Any CPU
		{9ADB20BA-877E-4CB0-A12B-7BABE3FEDC27}.Release|Any CPU.Build.0 = Release|Any CPU
		{9ADB20BA-877E-4CB0-A12B-7BABE3FEDC27}.Release|ARM.ActiveCfg = Release|Any CPU
		{9ADB20BA-877E-4CB0-A12B-7BABE3FEDC27}.Release|iPhone.ActiveCfg = Release|Any CPU
		{9ADB20BA-877E-4CB0-A12B-7BABE3FEDC27}.Release|iPhoneSimulator.ActiveCfg = Release|Any CPU
		{9ADB20BA-877E-4CB0-A12B-7BABE3FEDC27}.Release|Mixed Platforms.ActiveCfg = Release|Any CPU
		{9ADB20BA-877E-4CB0-A12B-7BABE3FEDC27}.Release|Mixed Platforms.Build.0 = Release|Any CPU
		{9ADB20BA-877E-4CB0-A12B-7BABE3FEDC27}.Release|Win32.ActiveCfg = Release|Any CPU
		{9ADB20BA-877E-4CB0-A12B-7BABE3FEDC27}.Release|Win32.Build.0 = Release|Any CPU
		{9ADB20BA-877E-4CB0-A12B-7BABE3FEDC27}.Release|x64.ActiveCfg = Release|Any CPU
		{9ADB20BA-877E-4CB0-A12B-7BABE3FEDC27}.Release|x64.Build.0 = Release|Any CPU
		{9ADB20BA-877E-4CB0-A12B-7BABE3FEDC27}.Release|x86.ActiveCfg = Release|Any CPU
		{9ADB20BA-877E-4CB0-A12B-7BABE3FEDC27}.Release|x86.Build.0 = Release|Any CPU
		{CEF1D892-D233-4299-AB8B-71FFC431CADF}.Ad-Hoc|Any CPU.ActiveCfg = Release|Any CPU
		{CEF1D892-D233-4299-AB8B-71FFC431CADF}.Ad-Hoc|Any CPU.Build.0 = Release|Any CPU
		{CEF1D892-D233-4299-AB8B-71FFC431CADF}.Ad-Hoc|Any CPU.Deploy.0 = Release|Any CPU
		{CEF1D892-D233-4299-AB8B-71FFC431CADF}.Ad-Hoc|ARM.ActiveCfg = Release|ARM
		{CEF1D892-D233-4299-AB8B-71FFC431CADF}.Ad-Hoc|ARM.Build.0 = Release|ARM
		{CEF1D892-D233-4299-AB8B-71FFC431CADF}.Ad-Hoc|ARM.Deploy.0 = Release|ARM
		{CEF1D892-D233-4299-AB8B-71FFC431CADF}.Ad-Hoc|iPhone.ActiveCfg = Release|Any CPU
		{CEF1D892-D233-4299-AB8B-71FFC431CADF}.Ad-Hoc|iPhoneSimulator.ActiveCfg = Release|Any CPU
		{CEF1D892-D233-4299-AB8B-71FFC431CADF}.Ad-Hoc|Mixed Platforms.ActiveCfg = Release|x86
		{CEF1D892-D233-4299-AB8B-71FFC431CADF}.Ad-Hoc|Mixed Platforms.Build.0 = Release|x86
		{CEF1D892-D233-4299-AB8B-71FFC431CADF}.Ad-Hoc|Mixed Platforms.Deploy.0 = Release|x86
		{CEF1D892-D233-4299-AB8B-71FFC431CADF}.Ad-Hoc|Win32.ActiveCfg = Release|x86
		{CEF1D892-D233-4299-AB8B-71FFC431CADF}.Ad-Hoc|Win32.Build.0 = Release|x86
		{CEF1D892-D233-4299-AB8B-71FFC431CADF}.Ad-Hoc|Win32.Deploy.0 = Release|x86
		{CEF1D892-D233-4299-AB8B-71FFC431CADF}.Ad-Hoc|x64.ActiveCfg = Release|x64
		{CEF1D892-D233-4299-AB8B-71FFC431CADF}.Ad-Hoc|x64.Build.0 = Release|x64
		{CEF1D892-D233-4299-AB8B-71FFC431CADF}.Ad-Hoc|x64.Deploy.0 = Release|x64
		{CEF1D892-D233-4299-AB8B-71FFC431CADF}.Ad-Hoc|x86.ActiveCfg = Release|x86
		{CEF1D892-D233-4299-AB8B-71FFC431CADF}.Ad-Hoc|x86.Build.0 = Release|x86
		{CEF1D892-D233-4299-AB8B-71FFC431CADF}.Ad-Hoc|x86.Deploy.0 = Release|x86
		{CEF1D892-D233-4299-AB8B-71FFC431CADF}.AppStore|Any CPU.ActiveCfg = Release|Any CPU
		{CEF1D892-D233-4299-AB8B-71FFC431CADF}.AppStore|Any CPU.Build.0 = Release|Any CPU
		{CEF1D892-D233-4299-AB8B-71FFC431CADF}.AppStore|Any CPU.Deploy.0 = Release|Any CPU
		{CEF1D892-D233-4299-AB8B-71FFC431CADF}.AppStore|ARM.ActiveCfg = Release|ARM
		{CEF1D892-D233-4299-AB8B-71FFC431CADF}.AppStore|ARM.Build.0 = Release|ARM
		{CEF1D892-D233-4299-AB8B-71FFC431CADF}.AppStore|ARM.Deploy.0 = Release|ARM
		{CEF1D892-D233-4299-AB8B-71FFC431CADF}.AppStore|iPhone.ActiveCfg = Release|Any CPU
		{CEF1D892-D233-4299-AB8B-71FFC431CADF}.AppStore|iPhoneSimulator.ActiveCfg = Release|Any CPU
		{CEF1D892-D233-4299-AB8B-71FFC431CADF}.AppStore|Mixed Platforms.ActiveCfg = Release|x86
		{CEF1D892-D233-4299-AB8B-71FFC431CADF}.AppStore|Mixed Platforms.Build.0 = Release|x86
		{CEF1D892-D233-4299-AB8B-71FFC431CADF}.AppStore|Mixed Platforms.Deploy.0 = Release|x86
		{CEF1D892-D233-4299-AB8B-71FFC431CADF}.AppStore|Win32.ActiveCfg = Release|x86
		{CEF1D892-D233-4299-AB8B-71FFC431CADF}.AppStore|Win32.Build.0 = Release|x86
		{CEF1D892-D233-4299-AB8B-71FFC431CADF}.AppStore|Win32.Deploy.0 = Release|x86
		{CEF1D892-D233-4299-AB8B-71FFC431CADF}.AppStore|x64.ActiveCfg = Release|x64
		{CEF1D892-D233-4299-AB8B-71FFC431CADF}.AppStore|x64.Build.0 = Release|x64
		{CEF1D892-D233-4299-AB8B-71FFC431CADF}.AppStore|x64.Deploy.0 = Release|x64
		{CEF1D892-D233-4299-AB8B-71FFC431CADF}.AppStore|x86.ActiveCfg = Release|x86
		{CEF1D892-D233-4299-AB8B-71FFC431CADF}.AppStore|x86.Build.0 = Release|x86
		{CEF1D892-D233-4299-AB8B-71FFC431CADF}.AppStore|x86.Deploy.0 = Release|x86
		{CEF1D892-D233-4299-AB8B-71FFC431CADF}.Debug|Any CPU.ActiveCfg = Debug|Any CPU
		{CEF1D892-D233-4299-AB8B-71FFC431CADF}.Debug|Any CPU.Build.0 = Debug|Any CPU
		{CEF1D892-D233-4299-AB8B-71FFC431CADF}.Debug|Any CPU.Deploy.0 = Debug|Any CPU
		{CEF1D892-D233-4299-AB8B-71FFC431CADF}.Debug|ARM.ActiveCfg = Debug|ARM
		{CEF1D892-D233-4299-AB8B-71FFC431CADF}.Debug|ARM.Build.0 = Debug|ARM
		{CEF1D892-D233-4299-AB8B-71FFC431CADF}.Debug|ARM.Deploy.0 = Debug|ARM
		{CEF1D892-D233-4299-AB8B-71FFC431CADF}.Debug|iPhone.ActiveCfg = Debug|Any CPU
		{CEF1D892-D233-4299-AB8B-71FFC431CADF}.Debug|iPhoneSimulator.ActiveCfg = Debug|Any CPU
		{CEF1D892-D233-4299-AB8B-71FFC431CADF}.Debug|Mixed Platforms.ActiveCfg = Debug|x86
		{CEF1D892-D233-4299-AB8B-71FFC431CADF}.Debug|Mixed Platforms.Build.0 = Debug|x86
		{CEF1D892-D233-4299-AB8B-71FFC431CADF}.Debug|Mixed Platforms.Deploy.0 = Debug|x86
		{CEF1D892-D233-4299-AB8B-71FFC431CADF}.Debug|Win32.ActiveCfg = Debug|x86
		{CEF1D892-D233-4299-AB8B-71FFC431CADF}.Debug|Win32.Build.0 = Debug|x86
		{CEF1D892-D233-4299-AB8B-71FFC431CADF}.Debug|Win32.Deploy.0 = Debug|x86
		{CEF1D892-D233-4299-AB8B-71FFC431CADF}.Debug|x64.ActiveCfg = Debug|x64
		{CEF1D892-D233-4299-AB8B-71FFC431CADF}.Debug|x64.Build.0 = Debug|x64
		{CEF1D892-D233-4299-AB8B-71FFC431CADF}.Debug|x64.Deploy.0 = Debug|x64
		{CEF1D892-D233-4299-AB8B-71FFC431CADF}.Debug|x86.ActiveCfg = Debug|x86
		{CEF1D892-D233-4299-AB8B-71FFC431CADF}.Debug|x86.Build.0 = Debug|x86
		{CEF1D892-D233-4299-AB8B-71FFC431CADF}.Debug|x86.Deploy.0 = Debug|x86
		{CEF1D892-D233-4299-AB8B-71FFC431CADF}.Release|Any CPU.ActiveCfg = Release|Any CPU
		{CEF1D892-D233-4299-AB8B-71FFC431CADF}.Release|Any CPU.Build.0 = Release|Any CPU
		{CEF1D892-D233-4299-AB8B-71FFC431CADF}.Release|Any CPU.Deploy.0 = Release|Any CPU
		{CEF1D892-D233-4299-AB8B-71FFC431CADF}.Release|ARM.ActiveCfg = Release|ARM
		{CEF1D892-D233-4299-AB8B-71FFC431CADF}.Release|ARM.Build.0 = Release|ARM
		{CEF1D892-D233-4299-AB8B-71FFC431CADF}.Release|ARM.Deploy.0 = Release|ARM
		{CEF1D892-D233-4299-AB8B-71FFC431CADF}.Release|iPhone.ActiveCfg = Release|Any CPU
		{CEF1D892-D233-4299-AB8B-71FFC431CADF}.Release|iPhoneSimulator.ActiveCfg = Release|Any CPU
		{CEF1D892-D233-4299-AB8B-71FFC431CADF}.Release|Mixed Platforms.ActiveCfg = Release|x86
		{CEF1D892-D233-4299-AB8B-71FFC431CADF}.Release|Mixed Platforms.Build.0 = Release|x86
		{CEF1D892-D233-4299-AB8B-71FFC431CADF}.Release|Mixed Platforms.Deploy.0 = Release|x86
		{CEF1D892-D233-4299-AB8B-71FFC431CADF}.Release|Win32.ActiveCfg = Release|x86
		{CEF1D892-D233-4299-AB8B-71FFC431CADF}.Release|Win32.Build.0 = Release|x86
		{CEF1D892-D233-4299-AB8B-71FFC431CADF}.Release|Win32.Deploy.0 = Release|x86
		{CEF1D892-D233-4299-AB8B-71FFC431CADF}.Release|x64.ActiveCfg = Release|x64
		{CEF1D892-D233-4299-AB8B-71FFC431CADF}.Release|x64.Build.0 = Release|x64
		{CEF1D892-D233-4299-AB8B-71FFC431CADF}.Release|x64.Deploy.0 = Release|x64
		{CEF1D892-D233-4299-AB8B-71FFC431CADF}.Release|x86.ActiveCfg = Release|x86
		{CEF1D892-D233-4299-AB8B-71FFC431CADF}.Release|x86.Build.0 = Release|x86
		{CEF1D892-D233-4299-AB8B-71FFC431CADF}.Release|x86.Deploy.0 = Release|x86
		{9E56BC3C-7D94-4FF2-9118-89C72063C55B}.Ad-Hoc|Any CPU.ActiveCfg = Release|Any CPU
		{9E56BC3C-7D94-4FF2-9118-89C72063C55B}.Ad-Hoc|Any CPU.Build.0 = Release|Any CPU
		{9E56BC3C-7D94-4FF2-9118-89C72063C55B}.Ad-Hoc|Any CPU.Deploy.0 = Release|Any CPU
		{9E56BC3C-7D94-4FF2-9118-89C72063C55B}.Ad-Hoc|ARM.ActiveCfg = Release|ARM
		{9E56BC3C-7D94-4FF2-9118-89C72063C55B}.Ad-Hoc|ARM.Build.0 = Release|ARM
		{9E56BC3C-7D94-4FF2-9118-89C72063C55B}.Ad-Hoc|ARM.Deploy.0 = Release|ARM
		{9E56BC3C-7D94-4FF2-9118-89C72063C55B}.Ad-Hoc|iPhone.ActiveCfg = Release|Any CPU
		{9E56BC3C-7D94-4FF2-9118-89C72063C55B}.Ad-Hoc|iPhoneSimulator.ActiveCfg = Release|Any CPU
		{9E56BC3C-7D94-4FF2-9118-89C72063C55B}.Ad-Hoc|Mixed Platforms.ActiveCfg = Release|x86
		{9E56BC3C-7D94-4FF2-9118-89C72063C55B}.Ad-Hoc|Mixed Platforms.Build.0 = Release|x86
		{9E56BC3C-7D94-4FF2-9118-89C72063C55B}.Ad-Hoc|Mixed Platforms.Deploy.0 = Release|x86
		{9E56BC3C-7D94-4FF2-9118-89C72063C55B}.Ad-Hoc|Win32.ActiveCfg = Release|x86
		{9E56BC3C-7D94-4FF2-9118-89C72063C55B}.Ad-Hoc|Win32.Build.0 = Release|x86
		{9E56BC3C-7D94-4FF2-9118-89C72063C55B}.Ad-Hoc|Win32.Deploy.0 = Release|x86
		{9E56BC3C-7D94-4FF2-9118-89C72063C55B}.Ad-Hoc|x64.ActiveCfg = Release|Any CPU
		{9E56BC3C-7D94-4FF2-9118-89C72063C55B}.Ad-Hoc|x86.ActiveCfg = Release|x86
		{9E56BC3C-7D94-4FF2-9118-89C72063C55B}.Ad-Hoc|x86.Build.0 = Release|x86
		{9E56BC3C-7D94-4FF2-9118-89C72063C55B}.Ad-Hoc|x86.Deploy.0 = Release|x86
		{9E56BC3C-7D94-4FF2-9118-89C72063C55B}.AppStore|Any CPU.ActiveCfg = Release|Any CPU
		{9E56BC3C-7D94-4FF2-9118-89C72063C55B}.AppStore|Any CPU.Build.0 = Release|Any CPU
		{9E56BC3C-7D94-4FF2-9118-89C72063C55B}.AppStore|Any CPU.Deploy.0 = Release|Any CPU
		{9E56BC3C-7D94-4FF2-9118-89C72063C55B}.AppStore|ARM.ActiveCfg = Release|ARM
		{9E56BC3C-7D94-4FF2-9118-89C72063C55B}.AppStore|ARM.Build.0 = Release|ARM
		{9E56BC3C-7D94-4FF2-9118-89C72063C55B}.AppStore|ARM.Deploy.0 = Release|ARM
		{9E56BC3C-7D94-4FF2-9118-89C72063C55B}.AppStore|iPhone.ActiveCfg = Release|Any CPU
		{9E56BC3C-7D94-4FF2-9118-89C72063C55B}.AppStore|iPhoneSimulator.ActiveCfg = Release|Any CPU
		{9E56BC3C-7D94-4FF2-9118-89C72063C55B}.AppStore|Mixed Platforms.ActiveCfg = Release|x86
		{9E56BC3C-7D94-4FF2-9118-89C72063C55B}.AppStore|Mixed Platforms.Build.0 = Release|x86
		{9E56BC3C-7D94-4FF2-9118-89C72063C55B}.AppStore|Mixed Platforms.Deploy.0 = Release|x86
		{9E56BC3C-7D94-4FF2-9118-89C72063C55B}.AppStore|Win32.ActiveCfg = Release|x86
		{9E56BC3C-7D94-4FF2-9118-89C72063C55B}.AppStore|Win32.Build.0 = Release|x86
		{9E56BC3C-7D94-4FF2-9118-89C72063C55B}.AppStore|Win32.Deploy.0 = Release|x86
		{9E56BC3C-7D94-4FF2-9118-89C72063C55B}.AppStore|x64.ActiveCfg = Release|Any CPU
		{9E56BC3C-7D94-4FF2-9118-89C72063C55B}.AppStore|x86.ActiveCfg = Release|x86
		{9E56BC3C-7D94-4FF2-9118-89C72063C55B}.AppStore|x86.Build.0 = Release|x86
		{9E56BC3C-7D94-4FF2-9118-89C72063C55B}.AppStore|x86.Deploy.0 = Release|x86
		{9E56BC3C-7D94-4FF2-9118-89C72063C55B}.Debug|Any CPU.ActiveCfg = Debug|Any CPU
		{9E56BC3C-7D94-4FF2-9118-89C72063C55B}.Debug|Any CPU.Build.0 = Debug|Any CPU
		{9E56BC3C-7D94-4FF2-9118-89C72063C55B}.Debug|Any CPU.Deploy.0 = Debug|Any CPU
		{9E56BC3C-7D94-4FF2-9118-89C72063C55B}.Debug|ARM.ActiveCfg = Debug|ARM
		{9E56BC3C-7D94-4FF2-9118-89C72063C55B}.Debug|ARM.Build.0 = Debug|ARM
		{9E56BC3C-7D94-4FF2-9118-89C72063C55B}.Debug|ARM.Deploy.0 = Debug|ARM
		{9E56BC3C-7D94-4FF2-9118-89C72063C55B}.Debug|iPhone.ActiveCfg = Debug|Any CPU
		{9E56BC3C-7D94-4FF2-9118-89C72063C55B}.Debug|iPhoneSimulator.ActiveCfg = Debug|Any CPU
		{9E56BC3C-7D94-4FF2-9118-89C72063C55B}.Debug|Mixed Platforms.ActiveCfg = Debug|x86
		{9E56BC3C-7D94-4FF2-9118-89C72063C55B}.Debug|Mixed Platforms.Build.0 = Debug|x86
		{9E56BC3C-7D94-4FF2-9118-89C72063C55B}.Debug|Mixed Platforms.Deploy.0 = Debug|x86
		{9E56BC3C-7D94-4FF2-9118-89C72063C55B}.Debug|Win32.ActiveCfg = Debug|x86
		{9E56BC3C-7D94-4FF2-9118-89C72063C55B}.Debug|Win32.Build.0 = Debug|x86
		{9E56BC3C-7D94-4FF2-9118-89C72063C55B}.Debug|Win32.Deploy.0 = Debug|x86
		{9E56BC3C-7D94-4FF2-9118-89C72063C55B}.Debug|x64.ActiveCfg = Debug|Any CPU
		{9E56BC3C-7D94-4FF2-9118-89C72063C55B}.Debug|x64.Build.0 = Debug|Any CPU
		{9E56BC3C-7D94-4FF2-9118-89C72063C55B}.Debug|x86.ActiveCfg = Debug|x86
		{9E56BC3C-7D94-4FF2-9118-89C72063C55B}.Debug|x86.Build.0 = Debug|x86
		{9E56BC3C-7D94-4FF2-9118-89C72063C55B}.Debug|x86.Deploy.0 = Debug|x86
		{9E56BC3C-7D94-4FF2-9118-89C72063C55B}.Release|Any CPU.ActiveCfg = Release|Any CPU
		{9E56BC3C-7D94-4FF2-9118-89C72063C55B}.Release|Any CPU.Build.0 = Release|Any CPU
		{9E56BC3C-7D94-4FF2-9118-89C72063C55B}.Release|Any CPU.Deploy.0 = Release|Any CPU
		{9E56BC3C-7D94-4FF2-9118-89C72063C55B}.Release|ARM.ActiveCfg = Release|ARM
		{9E56BC3C-7D94-4FF2-9118-89C72063C55B}.Release|ARM.Build.0 = Release|ARM
		{9E56BC3C-7D94-4FF2-9118-89C72063C55B}.Release|ARM.Deploy.0 = Release|ARM
		{9E56BC3C-7D94-4FF2-9118-89C72063C55B}.Release|iPhone.ActiveCfg = Release|Any CPU
		{9E56BC3C-7D94-4FF2-9118-89C72063C55B}.Release|iPhoneSimulator.ActiveCfg = Release|Any CPU
		{9E56BC3C-7D94-4FF2-9118-89C72063C55B}.Release|Mixed Platforms.ActiveCfg = Release|x86
		{9E56BC3C-7D94-4FF2-9118-89C72063C55B}.Release|Mixed Platforms.Build.0 = Release|x86
		{9E56BC3C-7D94-4FF2-9118-89C72063C55B}.Release|Mixed Platforms.Deploy.0 = Release|x86
		{9E56BC3C-7D94-4FF2-9118-89C72063C55B}.Release|Win32.ActiveCfg = Release|x86
		{9E56BC3C-7D94-4FF2-9118-89C72063C55B}.Release|Win32.Build.0 = Release|x86
		{9E56BC3C-7D94-4FF2-9118-89C72063C55B}.Release|Win32.Deploy.0 = Release|x86
		{9E56BC3C-7D94-4FF2-9118-89C72063C55B}.Release|x64.ActiveCfg = Release|Any CPU
		{9E56BC3C-7D94-4FF2-9118-89C72063C55B}.Release|x64.Build.0 = Release|Any CPU
		{9E56BC3C-7D94-4FF2-9118-89C72063C55B}.Release|x86.ActiveCfg = Release|x86
		{9E56BC3C-7D94-4FF2-9118-89C72063C55B}.Release|x86.Build.0 = Release|x86
		{9E56BC3C-7D94-4FF2-9118-89C72063C55B}.Release|x86.Deploy.0 = Release|x86
		{8AC9D06F-320D-4CF4-8A73-725A5EF177AD}.Ad-Hoc|Any CPU.ActiveCfg = Release|Any CPU
		{8AC9D06F-320D-4CF4-8A73-725A5EF177AD}.Ad-Hoc|Any CPU.Build.0 = Release|Any CPU
		{8AC9D06F-320D-4CF4-8A73-725A5EF177AD}.Ad-Hoc|ARM.ActiveCfg = Release|Any CPU
		{8AC9D06F-320D-4CF4-8A73-725A5EF177AD}.Ad-Hoc|iPhone.ActiveCfg = Release|Any CPU
		{8AC9D06F-320D-4CF4-8A73-725A5EF177AD}.Ad-Hoc|iPhoneSimulator.ActiveCfg = Release|Any CPU
		{8AC9D06F-320D-4CF4-8A73-725A5EF177AD}.Ad-Hoc|Mixed Platforms.ActiveCfg = Release|Any CPU
		{8AC9D06F-320D-4CF4-8A73-725A5EF177AD}.Ad-Hoc|Mixed Platforms.Build.0 = Release|Any CPU
		{8AC9D06F-320D-4CF4-8A73-725A5EF177AD}.Ad-Hoc|Win32.ActiveCfg = Release|Any CPU
		{8AC9D06F-320D-4CF4-8A73-725A5EF177AD}.Ad-Hoc|x64.ActiveCfg = Release|Any CPU
		{8AC9D06F-320D-4CF4-8A73-725A5EF177AD}.Ad-Hoc|x86.ActiveCfg = Release|Any CPU
		{8AC9D06F-320D-4CF4-8A73-725A5EF177AD}.AppStore|Any CPU.ActiveCfg = Release|Any CPU
		{8AC9D06F-320D-4CF4-8A73-725A5EF177AD}.AppStore|Any CPU.Build.0 = Release|Any CPU
		{8AC9D06F-320D-4CF4-8A73-725A5EF177AD}.AppStore|ARM.ActiveCfg = Release|Any CPU
		{8AC9D06F-320D-4CF4-8A73-725A5EF177AD}.AppStore|iPhone.ActiveCfg = Release|Any CPU
		{8AC9D06F-320D-4CF4-8A73-725A5EF177AD}.AppStore|iPhoneSimulator.ActiveCfg = Release|Any CPU
		{8AC9D06F-320D-4CF4-8A73-725A5EF177AD}.AppStore|Mixed Platforms.ActiveCfg = Release|Any CPU
		{8AC9D06F-320D-4CF4-8A73-725A5EF177AD}.AppStore|Mixed Platforms.Build.0 = Release|Any CPU
		{8AC9D06F-320D-4CF4-8A73-725A5EF177AD}.AppStore|Win32.ActiveCfg = Release|Any CPU
		{8AC9D06F-320D-4CF4-8A73-725A5EF177AD}.AppStore|x64.ActiveCfg = Release|Any CPU
		{8AC9D06F-320D-4CF4-8A73-725A5EF177AD}.AppStore|x86.ActiveCfg = Release|Any CPU
		{8AC9D06F-320D-4CF4-8A73-725A5EF177AD}.Debug|Any CPU.ActiveCfg = Debug|Any CPU
		{8AC9D06F-320D-4CF4-8A73-725A5EF177AD}.Debug|Any CPU.Build.0 = Debug|Any CPU
		{8AC9D06F-320D-4CF4-8A73-725A5EF177AD}.Debug|ARM.ActiveCfg = Debug|Any CPU
		{8AC9D06F-320D-4CF4-8A73-725A5EF177AD}.Debug|iPhone.ActiveCfg = Debug|Any CPU
		{8AC9D06F-320D-4CF4-8A73-725A5EF177AD}.Debug|iPhoneSimulator.ActiveCfg = Debug|Any CPU
		{8AC9D06F-320D-4CF4-8A73-725A5EF177AD}.Debug|Mixed Platforms.ActiveCfg = Debug|Any CPU
		{8AC9D06F-320D-4CF4-8A73-725A5EF177AD}.Debug|Mixed Platforms.Build.0 = Debug|Any CPU
		{8AC9D06F-320D-4CF4-8A73-725A5EF177AD}.Debug|Win32.ActiveCfg = Debug|Any CPU
		{8AC9D06F-320D-4CF4-8A73-725A5EF177AD}.Debug|Win32.Build.0 = Debug|Any CPU
		{8AC9D06F-320D-4CF4-8A73-725A5EF177AD}.Debug|x64.ActiveCfg = Debug|Any CPU
		{8AC9D06F-320D-4CF4-8A73-725A5EF177AD}.Debug|x64.Build.0 = Debug|Any CPU
		{8AC9D06F-320D-4CF4-8A73-725A5EF177AD}.Debug|x86.ActiveCfg = Debug|Any CPU
		{8AC9D06F-320D-4CF4-8A73-725A5EF177AD}.Debug|x86.Build.0 = Debug|Any CPU
		{8AC9D06F-320D-4CF4-8A73-725A5EF177AD}.Release|Any CPU.ActiveCfg = Release|Any CPU
		{8AC9D06F-320D-4CF4-8A73-725A5EF177AD}.Release|Any CPU.Build.0 = Release|Any CPU
		{8AC9D06F-320D-4CF4-8A73-725A5EF177AD}.Release|ARM.ActiveCfg = Release|Any CPU
		{8AC9D06F-320D-4CF4-8A73-725A5EF177AD}.Release|iPhone.ActiveCfg = Release|Any CPU
		{8AC9D06F-320D-4CF4-8A73-725A5EF177AD}.Release|iPhoneSimulator.ActiveCfg = Release|Any CPU
		{8AC9D06F-320D-4CF4-8A73-725A5EF177AD}.Release|Mixed Platforms.ActiveCfg = Release|Any CPU
		{8AC9D06F-320D-4CF4-8A73-725A5EF177AD}.Release|Mixed Platforms.Build.0 = Release|Any CPU
		{8AC9D06F-320D-4CF4-8A73-725A5EF177AD}.Release|Win32.ActiveCfg = Release|Any CPU
		{8AC9D06F-320D-4CF4-8A73-725A5EF177AD}.Release|Win32.Build.0 = Release|Any CPU
		{8AC9D06F-320D-4CF4-8A73-725A5EF177AD}.Release|x64.ActiveCfg = Release|Any CPU
		{8AC9D06F-320D-4CF4-8A73-725A5EF177AD}.Release|x64.Build.0 = Release|Any CPU
		{8AC9D06F-320D-4CF4-8A73-725A5EF177AD}.Release|x86.ActiveCfg = Release|Any CPU
		{8AC9D06F-320D-4CF4-8A73-725A5EF177AD}.Release|x86.Build.0 = Release|Any CPU
		{92920F42-4F8B-4899-9C9D-FC73AB606124}.Ad-Hoc|Any CPU.ActiveCfg = Release|Any CPU
		{92920F42-4F8B-4899-9C9D-FC73AB606124}.Ad-Hoc|Any CPU.Build.0 = Release|Any CPU
		{92920F42-4F8B-4899-9C9D-FC73AB606124}.Ad-Hoc|ARM.ActiveCfg = Release|Any CPU
		{92920F42-4F8B-4899-9C9D-FC73AB606124}.Ad-Hoc|iPhone.ActiveCfg = Release|Any CPU
		{92920F42-4F8B-4899-9C9D-FC73AB606124}.Ad-Hoc|iPhoneSimulator.ActiveCfg = Release|Any CPU
		{92920F42-4F8B-4899-9C9D-FC73AB606124}.Ad-Hoc|Mixed Platforms.ActiveCfg = Release|Any CPU
		{92920F42-4F8B-4899-9C9D-FC73AB606124}.Ad-Hoc|Mixed Platforms.Build.0 = Release|Any CPU
		{92920F42-4F8B-4899-9C9D-FC73AB606124}.Ad-Hoc|Win32.ActiveCfg = Release|Any CPU
		{92920F42-4F8B-4899-9C9D-FC73AB606124}.Ad-Hoc|x64.ActiveCfg = Release|Any CPU
		{92920F42-4F8B-4899-9C9D-FC73AB606124}.Ad-Hoc|x86.ActiveCfg = Release|Any CPU
		{92920F42-4F8B-4899-9C9D-FC73AB606124}.AppStore|Any CPU.ActiveCfg = Release|Any CPU
		{92920F42-4F8B-4899-9C9D-FC73AB606124}.AppStore|Any CPU.Build.0 = Release|Any CPU
		{92920F42-4F8B-4899-9C9D-FC73AB606124}.AppStore|ARM.ActiveCfg = Release|Any CPU
		{92920F42-4F8B-4899-9C9D-FC73AB606124}.AppStore|iPhone.ActiveCfg = Release|Any CPU
		{92920F42-4F8B-4899-9C9D-FC73AB606124}.AppStore|iPhoneSimulator.ActiveCfg = Release|Any CPU
		{92920F42-4F8B-4899-9C9D-FC73AB606124}.AppStore|Mixed Platforms.ActiveCfg = Release|Any CPU
		{92920F42-4F8B-4899-9C9D-FC73AB606124}.AppStore|Mixed Platforms.Build.0 = Release|Any CPU
		{92920F42-4F8B-4899-9C9D-FC73AB606124}.AppStore|Win32.ActiveCfg = Release|Any CPU
		{92920F42-4F8B-4899-9C9D-FC73AB606124}.AppStore|x64.ActiveCfg = Release|Any CPU
		{92920F42-4F8B-4899-9C9D-FC73AB606124}.AppStore|x86.ActiveCfg = Release|Any CPU
		{92920F42-4F8B-4899-9C9D-FC73AB606124}.Debug|Any CPU.ActiveCfg = Debug|Any CPU
		{92920F42-4F8B-4899-9C9D-FC73AB606124}.Debug|Any CPU.Build.0 = Debug|Any CPU
		{92920F42-4F8B-4899-9C9D-FC73AB606124}.Debug|ARM.ActiveCfg = Debug|Any CPU
		{92920F42-4F8B-4899-9C9D-FC73AB606124}.Debug|iPhone.ActiveCfg = Debug|Any CPU
		{92920F42-4F8B-4899-9C9D-FC73AB606124}.Debug|iPhoneSimulator.ActiveCfg = Debug|Any CPU
		{92920F42-4F8B-4899-9C9D-FC73AB606124}.Debug|Mixed Platforms.ActiveCfg = Debug|Any CPU
		{92920F42-4F8B-4899-9C9D-FC73AB606124}.Debug|Mixed Platforms.Build.0 = Debug|Any CPU
		{92920F42-4F8B-4899-9C9D-FC73AB606124}.Debug|Win32.ActiveCfg = Debug|Any CPU
		{92920F42-4F8B-4899-9C9D-FC73AB606124}.Debug|Win32.Build.0 = Debug|Any CPU
		{92920F42-4F8B-4899-9C9D-FC73AB606124}.Debug|x64.ActiveCfg = Debug|Any CPU
		{92920F42-4F8B-4899-9C9D-FC73AB606124}.Debug|x64.Build.0 = Debug|Any CPU
		{92920F42-4F8B-4899-9C9D-FC73AB606124}.Debug|x86.ActiveCfg = Debug|Any CPU
		{92920F42-4F8B-4899-9C9D-FC73AB606124}.Debug|x86.Build.0 = Debug|Any CPU
		{92920F42-4F8B-4899-9C9D-FC73AB606124}.Release|Any CPU.ActiveCfg = Release|Any CPU
		{92920F42-4F8B-4899-9C9D-FC73AB606124}.Release|Any CPU.Build.0 = Release|Any CPU
		{92920F42-4F8B-4899-9C9D-FC73AB606124}.Release|ARM.ActiveCfg = Release|Any CPU
		{92920F42-4F8B-4899-9C9D-FC73AB606124}.Release|iPhone.ActiveCfg = Release|Any CPU
		{92920F42-4F8B-4899-9C9D-FC73AB606124}.Release|iPhoneSimulator.ActiveCfg = Release|Any CPU
		{92920F42-4F8B-4899-9C9D-FC73AB606124}.Release|Mixed Platforms.ActiveCfg = Release|Any CPU
		{92920F42-4F8B-4899-9C9D-FC73AB606124}.Release|Mixed Platforms.Build.0 = Release|Any CPU
		{92920F42-4F8B-4899-9C9D-FC73AB606124}.Release|Win32.ActiveCfg = Release|Any CPU
		{92920F42-4F8B-4899-9C9D-FC73AB606124}.Release|Win32.Build.0 = Release|Any CPU
		{92920F42-4F8B-4899-9C9D-FC73AB606124}.Release|x64.ActiveCfg = Release|Any CPU
		{92920F42-4F8B-4899-9C9D-FC73AB606124}.Release|x64.Build.0 = Release|Any CPU
		{92920F42-4F8B-4899-9C9D-FC73AB606124}.Release|x86.ActiveCfg = Release|Any CPU
		{92920F42-4F8B-4899-9C9D-FC73AB606124}.Release|x86.Build.0 = Release|Any CPU
		{B4110B72-6D5C-44CE-AFA9-5464DCD7DC5A}.Ad-Hoc|Any CPU.ActiveCfg = Release|Any CPU
		{B4110B72-6D5C-44CE-AFA9-5464DCD7DC5A}.Ad-Hoc|Any CPU.Build.0 = Release|Any CPU
		{B4110B72-6D5C-44CE-AFA9-5464DCD7DC5A}.Ad-Hoc|Any CPU.Deploy.0 = Release|Any CPU
		{B4110B72-6D5C-44CE-AFA9-5464DCD7DC5A}.Ad-Hoc|ARM.ActiveCfg = Release|ARM
		{B4110B72-6D5C-44CE-AFA9-5464DCD7DC5A}.Ad-Hoc|ARM.Build.0 = Release|ARM
		{B4110B72-6D5C-44CE-AFA9-5464DCD7DC5A}.Ad-Hoc|ARM.Deploy.0 = Release|ARM
		{B4110B72-6D5C-44CE-AFA9-5464DCD7DC5A}.Ad-Hoc|iPhone.ActiveCfg = Release|Any CPU
		{B4110B72-6D5C-44CE-AFA9-5464DCD7DC5A}.Ad-Hoc|iPhoneSimulator.ActiveCfg = Release|Any CPU
		{B4110B72-6D5C-44CE-AFA9-5464DCD7DC5A}.Ad-Hoc|Mixed Platforms.ActiveCfg = Release|x86
		{B4110B72-6D5C-44CE-AFA9-5464DCD7DC5A}.Ad-Hoc|Mixed Platforms.Build.0 = Release|x86
		{B4110B72-6D5C-44CE-AFA9-5464DCD7DC5A}.Ad-Hoc|Mixed Platforms.Deploy.0 = Release|x86
		{B4110B72-6D5C-44CE-AFA9-5464DCD7DC5A}.Ad-Hoc|Win32.ActiveCfg = Release|x86
		{B4110B72-6D5C-44CE-AFA9-5464DCD7DC5A}.Ad-Hoc|Win32.Build.0 = Release|x86
		{B4110B72-6D5C-44CE-AFA9-5464DCD7DC5A}.Ad-Hoc|Win32.Deploy.0 = Release|x86
		{B4110B72-6D5C-44CE-AFA9-5464DCD7DC5A}.Ad-Hoc|x64.ActiveCfg = Release|x64
		{B4110B72-6D5C-44CE-AFA9-5464DCD7DC5A}.Ad-Hoc|x64.Build.0 = Release|x64
		{B4110B72-6D5C-44CE-AFA9-5464DCD7DC5A}.Ad-Hoc|x64.Deploy.0 = Release|x64
		{B4110B72-6D5C-44CE-AFA9-5464DCD7DC5A}.Ad-Hoc|x86.ActiveCfg = Release|x86
		{B4110B72-6D5C-44CE-AFA9-5464DCD7DC5A}.Ad-Hoc|x86.Build.0 = Release|x86
		{B4110B72-6D5C-44CE-AFA9-5464DCD7DC5A}.Ad-Hoc|x86.Deploy.0 = Release|x86
		{B4110B72-6D5C-44CE-AFA9-5464DCD7DC5A}.AppStore|Any CPU.ActiveCfg = Release|Any CPU
		{B4110B72-6D5C-44CE-AFA9-5464DCD7DC5A}.AppStore|Any CPU.Build.0 = Release|Any CPU
		{B4110B72-6D5C-44CE-AFA9-5464DCD7DC5A}.AppStore|Any CPU.Deploy.0 = Release|Any CPU
		{B4110B72-6D5C-44CE-AFA9-5464DCD7DC5A}.AppStore|ARM.ActiveCfg = Release|ARM
		{B4110B72-6D5C-44CE-AFA9-5464DCD7DC5A}.AppStore|ARM.Build.0 = Release|ARM
		{B4110B72-6D5C-44CE-AFA9-5464DCD7DC5A}.AppStore|ARM.Deploy.0 = Release|ARM
		{B4110B72-6D5C-44CE-AFA9-5464DCD7DC5A}.AppStore|iPhone.ActiveCfg = Release|Any CPU
		{B4110B72-6D5C-44CE-AFA9-5464DCD7DC5A}.AppStore|iPhoneSimulator.ActiveCfg = Release|Any CPU
		{B4110B72-6D5C-44CE-AFA9-5464DCD7DC5A}.AppStore|Mixed Platforms.ActiveCfg = Release|x86
		{B4110B72-6D5C-44CE-AFA9-5464DCD7DC5A}.AppStore|Mixed Platforms.Build.0 = Release|x86
		{B4110B72-6D5C-44CE-AFA9-5464DCD7DC5A}.AppStore|Mixed Platforms.Deploy.0 = Release|x86
		{B4110B72-6D5C-44CE-AFA9-5464DCD7DC5A}.AppStore|Win32.ActiveCfg = Release|x86
		{B4110B72-6D5C-44CE-AFA9-5464DCD7DC5A}.AppStore|Win32.Build.0 = Release|x86
		{B4110B72-6D5C-44CE-AFA9-5464DCD7DC5A}.AppStore|Win32.Deploy.0 = Release|x86
		{B4110B72-6D5C-44CE-AFA9-5464DCD7DC5A}.AppStore|x64.ActiveCfg = Release|x64
		{B4110B72-6D5C-44CE-AFA9-5464DCD7DC5A}.AppStore|x64.Build.0 = Release|x64
		{B4110B72-6D5C-44CE-AFA9-5464DCD7DC5A}.AppStore|x64.Deploy.0 = Release|x64
		{B4110B72-6D5C-44CE-AFA9-5464DCD7DC5A}.AppStore|x86.ActiveCfg = Release|x86
		{B4110B72-6D5C-44CE-AFA9-5464DCD7DC5A}.AppStore|x86.Build.0 = Release|x86
		{B4110B72-6D5C-44CE-AFA9-5464DCD7DC5A}.AppStore|x86.Deploy.0 = Release|x86
		{B4110B72-6D5C-44CE-AFA9-5464DCD7DC5A}.Debug|Any CPU.ActiveCfg = Debug|Any CPU
		{B4110B72-6D5C-44CE-AFA9-5464DCD7DC5A}.Debug|Any CPU.Build.0 = Debug|Any CPU
		{B4110B72-6D5C-44CE-AFA9-5464DCD7DC5A}.Debug|Any CPU.Deploy.0 = Debug|Any CPU
		{B4110B72-6D5C-44CE-AFA9-5464DCD7DC5A}.Debug|ARM.ActiveCfg = Debug|ARM
		{B4110B72-6D5C-44CE-AFA9-5464DCD7DC5A}.Debug|ARM.Build.0 = Debug|ARM
		{B4110B72-6D5C-44CE-AFA9-5464DCD7DC5A}.Debug|ARM.Deploy.0 = Debug|ARM
		{B4110B72-6D5C-44CE-AFA9-5464DCD7DC5A}.Debug|iPhone.ActiveCfg = Debug|Any CPU
		{B4110B72-6D5C-44CE-AFA9-5464DCD7DC5A}.Debug|iPhoneSimulator.ActiveCfg = Debug|Any CPU
		{B4110B72-6D5C-44CE-AFA9-5464DCD7DC5A}.Debug|Mixed Platforms.ActiveCfg = Debug|x86
		{B4110B72-6D5C-44CE-AFA9-5464DCD7DC5A}.Debug|Mixed Platforms.Build.0 = Debug|x86
		{B4110B72-6D5C-44CE-AFA9-5464DCD7DC5A}.Debug|Mixed Platforms.Deploy.0 = Debug|x86
		{B4110B72-6D5C-44CE-AFA9-5464DCD7DC5A}.Debug|Win32.ActiveCfg = Debug|x86
		{B4110B72-6D5C-44CE-AFA9-5464DCD7DC5A}.Debug|Win32.Build.0 = Debug|x86
		{B4110B72-6D5C-44CE-AFA9-5464DCD7DC5A}.Debug|Win32.Deploy.0 = Debug|x86
		{B4110B72-6D5C-44CE-AFA9-5464DCD7DC5A}.Debug|x64.ActiveCfg = Debug|x64
		{B4110B72-6D5C-44CE-AFA9-5464DCD7DC5A}.Debug|x64.Build.0 = Debug|x64
		{B4110B72-6D5C-44CE-AFA9-5464DCD7DC5A}.Debug|x64.Deploy.0 = Debug|x64
		{B4110B72-6D5C-44CE-AFA9-5464DCD7DC5A}.Debug|x86.ActiveCfg = Debug|x86
		{B4110B72-6D5C-44CE-AFA9-5464DCD7DC5A}.Debug|x86.Build.0 = Debug|x86
		{B4110B72-6D5C-44CE-AFA9-5464DCD7DC5A}.Debug|x86.Deploy.0 = Debug|x86
		{B4110B72-6D5C-44CE-AFA9-5464DCD7DC5A}.Release|Any CPU.ActiveCfg = Release|Any CPU
		{B4110B72-6D5C-44CE-AFA9-5464DCD7DC5A}.Release|Any CPU.Build.0 = Release|Any CPU
		{B4110B72-6D5C-44CE-AFA9-5464DCD7DC5A}.Release|Any CPU.Deploy.0 = Release|Any CPU
		{B4110B72-6D5C-44CE-AFA9-5464DCD7DC5A}.Release|ARM.ActiveCfg = Release|ARM
		{B4110B72-6D5C-44CE-AFA9-5464DCD7DC5A}.Release|ARM.Build.0 = Release|ARM
		{B4110B72-6D5C-44CE-AFA9-5464DCD7DC5A}.Release|ARM.Deploy.0 = Release|ARM
		{B4110B72-6D5C-44CE-AFA9-5464DCD7DC5A}.Release|iPhone.ActiveCfg = Release|Any CPU
		{B4110B72-6D5C-44CE-AFA9-5464DCD7DC5A}.Release|iPhoneSimulator.ActiveCfg = Release|Any CPU
		{B4110B72-6D5C-44CE-AFA9-5464DCD7DC5A}.Release|Mixed Platforms.ActiveCfg = Release|x86
		{B4110B72-6D5C-44CE-AFA9-5464DCD7DC5A}.Release|Mixed Platforms.Build.0 = Release|x86
		{B4110B72-6D5C-44CE-AFA9-5464DCD7DC5A}.Release|Mixed Platforms.Deploy.0 = Release|x86
		{B4110B72-6D5C-44CE-AFA9-5464DCD7DC5A}.Release|Win32.ActiveCfg = Release|x86
		{B4110B72-6D5C-44CE-AFA9-5464DCD7DC5A}.Release|Win32.Build.0 = Release|x86
		{B4110B72-6D5C-44CE-AFA9-5464DCD7DC5A}.Release|Win32.Deploy.0 = Release|x86
		{B4110B72-6D5C-44CE-AFA9-5464DCD7DC5A}.Release|x64.ActiveCfg = Release|x64
		{B4110B72-6D5C-44CE-AFA9-5464DCD7DC5A}.Release|x64.Build.0 = Release|x64
		{B4110B72-6D5C-44CE-AFA9-5464DCD7DC5A}.Release|x64.Deploy.0 = Release|x64
		{B4110B72-6D5C-44CE-AFA9-5464DCD7DC5A}.Release|x86.ActiveCfg = Release|x86
		{B4110B72-6D5C-44CE-AFA9-5464DCD7DC5A}.Release|x86.Build.0 = Release|x86
		{B4110B72-6D5C-44CE-AFA9-5464DCD7DC5A}.Release|x86.Deploy.0 = Release|x86
		{DF9CA61E-C790-4DD6-9846-40AEFE4DA12B}.Ad-Hoc|Any CPU.ActiveCfg = Release|Any CPU
		{DF9CA61E-C790-4DD6-9846-40AEFE4DA12B}.Ad-Hoc|Any CPU.Build.0 = Release|Any CPU
		{DF9CA61E-C790-4DD6-9846-40AEFE4DA12B}.Ad-Hoc|Any CPU.Deploy.0 = Release|Any CPU
		{DF9CA61E-C790-4DD6-9846-40AEFE4DA12B}.Ad-Hoc|ARM.ActiveCfg = Release|ARM
		{DF9CA61E-C790-4DD6-9846-40AEFE4DA12B}.Ad-Hoc|ARM.Build.0 = Release|ARM
		{DF9CA61E-C790-4DD6-9846-40AEFE4DA12B}.Ad-Hoc|ARM.Deploy.0 = Release|ARM
		{DF9CA61E-C790-4DD6-9846-40AEFE4DA12B}.Ad-Hoc|iPhone.ActiveCfg = Release|Any CPU
		{DF9CA61E-C790-4DD6-9846-40AEFE4DA12B}.Ad-Hoc|iPhoneSimulator.ActiveCfg = Release|Any CPU
		{DF9CA61E-C790-4DD6-9846-40AEFE4DA12B}.Ad-Hoc|Mixed Platforms.ActiveCfg = Release|x86
		{DF9CA61E-C790-4DD6-9846-40AEFE4DA12B}.Ad-Hoc|Mixed Platforms.Build.0 = Release|x86
		{DF9CA61E-C790-4DD6-9846-40AEFE4DA12B}.Ad-Hoc|Mixed Platforms.Deploy.0 = Release|x86
		{DF9CA61E-C790-4DD6-9846-40AEFE4DA12B}.Ad-Hoc|Win32.ActiveCfg = Release|x86
		{DF9CA61E-C790-4DD6-9846-40AEFE4DA12B}.Ad-Hoc|Win32.Build.0 = Release|x86
		{DF9CA61E-C790-4DD6-9846-40AEFE4DA12B}.Ad-Hoc|Win32.Deploy.0 = Release|x86
		{DF9CA61E-C790-4DD6-9846-40AEFE4DA12B}.Ad-Hoc|x64.ActiveCfg = Release|Any CPU
		{DF9CA61E-C790-4DD6-9846-40AEFE4DA12B}.Ad-Hoc|x86.ActiveCfg = Release|x86
		{DF9CA61E-C790-4DD6-9846-40AEFE4DA12B}.Ad-Hoc|x86.Build.0 = Release|x86
		{DF9CA61E-C790-4DD6-9846-40AEFE4DA12B}.Ad-Hoc|x86.Deploy.0 = Release|x86
		{DF9CA61E-C790-4DD6-9846-40AEFE4DA12B}.AppStore|Any CPU.ActiveCfg = Release|Any CPU
		{DF9CA61E-C790-4DD6-9846-40AEFE4DA12B}.AppStore|Any CPU.Build.0 = Release|Any CPU
		{DF9CA61E-C790-4DD6-9846-40AEFE4DA12B}.AppStore|Any CPU.Deploy.0 = Release|Any CPU
		{DF9CA61E-C790-4DD6-9846-40AEFE4DA12B}.AppStore|ARM.ActiveCfg = Release|ARM
		{DF9CA61E-C790-4DD6-9846-40AEFE4DA12B}.AppStore|ARM.Build.0 = Release|ARM
		{DF9CA61E-C790-4DD6-9846-40AEFE4DA12B}.AppStore|ARM.Deploy.0 = Release|ARM
		{DF9CA61E-C790-4DD6-9846-40AEFE4DA12B}.AppStore|iPhone.ActiveCfg = Release|Any CPU
		{DF9CA61E-C790-4DD6-9846-40AEFE4DA12B}.AppStore|iPhoneSimulator.ActiveCfg = Release|Any CPU
		{DF9CA61E-C790-4DD6-9846-40AEFE4DA12B}.AppStore|Mixed Platforms.ActiveCfg = Release|x86
		{DF9CA61E-C790-4DD6-9846-40AEFE4DA12B}.AppStore|Mixed Platforms.Build.0 = Release|x86
		{DF9CA61E-C790-4DD6-9846-40AEFE4DA12B}.AppStore|Mixed Platforms.Deploy.0 = Release|x86
		{DF9CA61E-C790-4DD6-9846-40AEFE4DA12B}.AppStore|Win32.ActiveCfg = Release|x86
		{DF9CA61E-C790-4DD6-9846-40AEFE4DA12B}.AppStore|Win32.Build.0 = Release|x86
		{DF9CA61E-C790-4DD6-9846-40AEFE4DA12B}.AppStore|Win32.Deploy.0 = Release|x86
		{DF9CA61E-C790-4DD6-9846-40AEFE4DA12B}.AppStore|x64.ActiveCfg = Release|Any CPU
		{DF9CA61E-C790-4DD6-9846-40AEFE4DA12B}.AppStore|x86.ActiveCfg = Release|x86
		{DF9CA61E-C790-4DD6-9846-40AEFE4DA12B}.AppStore|x86.Build.0 = Release|x86
		{DF9CA61E-C790-4DD6-9846-40AEFE4DA12B}.AppStore|x86.Deploy.0 = Release|x86
		{DF9CA61E-C790-4DD6-9846-40AEFE4DA12B}.Debug|Any CPU.ActiveCfg = Debug|Any CPU
		{DF9CA61E-C790-4DD6-9846-40AEFE4DA12B}.Debug|Any CPU.Build.0 = Debug|Any CPU
		{DF9CA61E-C790-4DD6-9846-40AEFE4DA12B}.Debug|Any CPU.Deploy.0 = Debug|Any CPU
		{DF9CA61E-C790-4DD6-9846-40AEFE4DA12B}.Debug|ARM.ActiveCfg = Debug|ARM
		{DF9CA61E-C790-4DD6-9846-40AEFE4DA12B}.Debug|ARM.Build.0 = Debug|ARM
		{DF9CA61E-C790-4DD6-9846-40AEFE4DA12B}.Debug|ARM.Deploy.0 = Debug|ARM
		{DF9CA61E-C790-4DD6-9846-40AEFE4DA12B}.Debug|iPhone.ActiveCfg = Debug|Any CPU
		{DF9CA61E-C790-4DD6-9846-40AEFE4DA12B}.Debug|iPhoneSimulator.ActiveCfg = Debug|Any CPU
		{DF9CA61E-C790-4DD6-9846-40AEFE4DA12B}.Debug|Mixed Platforms.ActiveCfg = Debug|x86
		{DF9CA61E-C790-4DD6-9846-40AEFE4DA12B}.Debug|Mixed Platforms.Build.0 = Debug|x86
		{DF9CA61E-C790-4DD6-9846-40AEFE4DA12B}.Debug|Mixed Platforms.Deploy.0 = Debug|x86
		{DF9CA61E-C790-4DD6-9846-40AEFE4DA12B}.Debug|Win32.ActiveCfg = Debug|x86
		{DF9CA61E-C790-4DD6-9846-40AEFE4DA12B}.Debug|Win32.Build.0 = Debug|x86
		{DF9CA61E-C790-4DD6-9846-40AEFE4DA12B}.Debug|Win32.Deploy.0 = Debug|x86
		{DF9CA61E-C790-4DD6-9846-40AEFE4DA12B}.Debug|x64.ActiveCfg = Debug|Any CPU
		{DF9CA61E-C790-4DD6-9846-40AEFE4DA12B}.Debug|x64.Build.0 = Debug|Any CPU
		{DF9CA61E-C790-4DD6-9846-40AEFE4DA12B}.Debug|x86.ActiveCfg = Debug|x86
		{DF9CA61E-C790-4DD6-9846-40AEFE4DA12B}.Debug|x86.Build.0 = Debug|x86
		{DF9CA61E-C790-4DD6-9846-40AEFE4DA12B}.Debug|x86.Deploy.0 = Debug|x86
		{DF9CA61E-C790-4DD6-9846-40AEFE4DA12B}.Release|Any CPU.ActiveCfg = Release|Any CPU
		{DF9CA61E-C790-4DD6-9846-40AEFE4DA12B}.Release|Any CPU.Build.0 = Release|Any CPU
		{DF9CA61E-C790-4DD6-9846-40AEFE4DA12B}.Release|Any CPU.Deploy.0 = Release|Any CPU
		{DF9CA61E-C790-4DD6-9846-40AEFE4DA12B}.Release|ARM.ActiveCfg = Release|ARM
		{DF9CA61E-C790-4DD6-9846-40AEFE4DA12B}.Release|ARM.Build.0 = Release|ARM
		{DF9CA61E-C790-4DD6-9846-40AEFE4DA12B}.Release|ARM.Deploy.0 = Release|ARM
		{DF9CA61E-C790-4DD6-9846-40AEFE4DA12B}.Release|iPhone.ActiveCfg = Release|Any CPU
		{DF9CA61E-C790-4DD6-9846-40AEFE4DA12B}.Release|iPhoneSimulator.ActiveCfg = Release|Any CPU
		{DF9CA61E-C790-4DD6-9846-40AEFE4DA12B}.Release|Mixed Platforms.ActiveCfg = Release|x86
		{DF9CA61E-C790-4DD6-9846-40AEFE4DA12B}.Release|Mixed Platforms.Build.0 = Release|x86
		{DF9CA61E-C790-4DD6-9846-40AEFE4DA12B}.Release|Mixed Platforms.Deploy.0 = Release|x86
		{DF9CA61E-C790-4DD6-9846-40AEFE4DA12B}.Release|Win32.ActiveCfg = Release|x86
		{DF9CA61E-C790-4DD6-9846-40AEFE4DA12B}.Release|Win32.Build.0 = Release|x86
		{DF9CA61E-C790-4DD6-9846-40AEFE4DA12B}.Release|Win32.Deploy.0 = Release|x86
		{DF9CA61E-C790-4DD6-9846-40AEFE4DA12B}.Release|x64.ActiveCfg = Release|Any CPU
		{DF9CA61E-C790-4DD6-9846-40AEFE4DA12B}.Release|x64.Build.0 = Release|Any CPU
		{DF9CA61E-C790-4DD6-9846-40AEFE4DA12B}.Release|x86.ActiveCfg = Release|x86
		{DF9CA61E-C790-4DD6-9846-40AEFE4DA12B}.Release|x86.Build.0 = Release|x86
		{DF9CA61E-C790-4DD6-9846-40AEFE4DA12B}.Release|x86.Deploy.0 = Release|x86
		{7938A73B-820D-4B8D-862D-7C93621C7CC5}.Ad-Hoc|Any CPU.ActiveCfg = Release|Any CPU
		{7938A73B-820D-4B8D-862D-7C93621C7CC5}.Ad-Hoc|Any CPU.Build.0 = Release|Any CPU
		{7938A73B-820D-4B8D-862D-7C93621C7CC5}.Ad-Hoc|Any CPU.Deploy.0 = Release|Any CPU
		{7938A73B-820D-4B8D-862D-7C93621C7CC5}.Ad-Hoc|ARM.ActiveCfg = Release|ARM
		{7938A73B-820D-4B8D-862D-7C93621C7CC5}.Ad-Hoc|ARM.Build.0 = Release|ARM
		{7938A73B-820D-4B8D-862D-7C93621C7CC5}.Ad-Hoc|ARM.Deploy.0 = Release|ARM
		{7938A73B-820D-4B8D-862D-7C93621C7CC5}.Ad-Hoc|iPhone.ActiveCfg = Release|Any CPU
		{7938A73B-820D-4B8D-862D-7C93621C7CC5}.Ad-Hoc|iPhoneSimulator.ActiveCfg = Release|Any CPU
		{7938A73B-820D-4B8D-862D-7C93621C7CC5}.Ad-Hoc|Mixed Platforms.ActiveCfg = Release|x86
		{7938A73B-820D-4B8D-862D-7C93621C7CC5}.Ad-Hoc|Mixed Platforms.Build.0 = Release|x86
		{7938A73B-820D-4B8D-862D-7C93621C7CC5}.Ad-Hoc|Mixed Platforms.Deploy.0 = Release|x86
		{7938A73B-820D-4B8D-862D-7C93621C7CC5}.Ad-Hoc|Win32.ActiveCfg = Release|x86
		{7938A73B-820D-4B8D-862D-7C93621C7CC5}.Ad-Hoc|Win32.Build.0 = Release|x86
		{7938A73B-820D-4B8D-862D-7C93621C7CC5}.Ad-Hoc|Win32.Deploy.0 = Release|x86
		{7938A73B-820D-4B8D-862D-7C93621C7CC5}.Ad-Hoc|x64.ActiveCfg = Release|Any CPU
		{7938A73B-820D-4B8D-862D-7C93621C7CC5}.Ad-Hoc|x86.ActiveCfg = Release|x86
		{7938A73B-820D-4B8D-862D-7C93621C7CC5}.Ad-Hoc|x86.Build.0 = Release|x86
		{7938A73B-820D-4B8D-862D-7C93621C7CC5}.Ad-Hoc|x86.Deploy.0 = Release|x86
		{7938A73B-820D-4B8D-862D-7C93621C7CC5}.AppStore|Any CPU.ActiveCfg = Release|Any CPU
		{7938A73B-820D-4B8D-862D-7C93621C7CC5}.AppStore|Any CPU.Build.0 = Release|Any CPU
		{7938A73B-820D-4B8D-862D-7C93621C7CC5}.AppStore|Any CPU.Deploy.0 = Release|Any CPU
		{7938A73B-820D-4B8D-862D-7C93621C7CC5}.AppStore|ARM.ActiveCfg = Release|ARM
		{7938A73B-820D-4B8D-862D-7C93621C7CC5}.AppStore|ARM.Build.0 = Release|ARM
		{7938A73B-820D-4B8D-862D-7C93621C7CC5}.AppStore|ARM.Deploy.0 = Release|ARM
		{7938A73B-820D-4B8D-862D-7C93621C7CC5}.AppStore|iPhone.ActiveCfg = Release|Any CPU
		{7938A73B-820D-4B8D-862D-7C93621C7CC5}.AppStore|iPhoneSimulator.ActiveCfg = Release|Any CPU
		{7938A73B-820D-4B8D-862D-7C93621C7CC5}.AppStore|Mixed Platforms.ActiveCfg = Release|x86
		{7938A73B-820D-4B8D-862D-7C93621C7CC5}.AppStore|Mixed Platforms.Build.0 = Release|x86
		{7938A73B-820D-4B8D-862D-7C93621C7CC5}.AppStore|Mixed Platforms.Deploy.0 = Release|x86
		{7938A73B-820D-4B8D-862D-7C93621C7CC5}.AppStore|Win32.ActiveCfg = Release|x86
		{7938A73B-820D-4B8D-862D-7C93621C7CC5}.AppStore|Win32.Build.0 = Release|x86
		{7938A73B-820D-4B8D-862D-7C93621C7CC5}.AppStore|Win32.Deploy.0 = Release|x86
		{7938A73B-820D-4B8D-862D-7C93621C7CC5}.AppStore|x64.ActiveCfg = Release|Any CPU
		{7938A73B-820D-4B8D-862D-7C93621C7CC5}.AppStore|x86.ActiveCfg = Release|x86
		{7938A73B-820D-4B8D-862D-7C93621C7CC5}.AppStore|x86.Build.0 = Release|x86
		{7938A73B-820D-4B8D-862D-7C93621C7CC5}.AppStore|x86.Deploy.0 = Release|x86
		{7938A73B-820D-4B8D-862D-7C93621C7CC5}.Debug|Any CPU.ActiveCfg = Debug|Any CPU
		{7938A73B-820D-4B8D-862D-7C93621C7CC5}.Debug|Any CPU.Build.0 = Debug|Any CPU
		{7938A73B-820D-4B8D-862D-7C93621C7CC5}.Debug|Any CPU.Deploy.0 = Debug|Any CPU
		{7938A73B-820D-4B8D-862D-7C93621C7CC5}.Debug|ARM.ActiveCfg = Debug|ARM
		{7938A73B-820D-4B8D-862D-7C93621C7CC5}.Debug|ARM.Build.0 = Debug|ARM
		{7938A73B-820D-4B8D-862D-7C93621C7CC5}.Debug|ARM.Deploy.0 = Debug|ARM
		{7938A73B-820D-4B8D-862D-7C93621C7CC5}.Debug|iPhone.ActiveCfg = Debug|Any CPU
		{7938A73B-820D-4B8D-862D-7C93621C7CC5}.Debug|iPhoneSimulator.ActiveCfg = Debug|Any CPU
		{7938A73B-820D-4B8D-862D-7C93621C7CC5}.Debug|Mixed Platforms.ActiveCfg = Debug|x86
		{7938A73B-820D-4B8D-862D-7C93621C7CC5}.Debug|Mixed Platforms.Build.0 = Debug|x86
		{7938A73B-820D-4B8D-862D-7C93621C7CC5}.Debug|Mixed Platforms.Deploy.0 = Debug|x86
		{7938A73B-820D-4B8D-862D-7C93621C7CC5}.Debug|Win32.ActiveCfg = Debug|x86
		{7938A73B-820D-4B8D-862D-7C93621C7CC5}.Debug|Win32.Build.0 = Debug|x86
		{7938A73B-820D-4B8D-862D-7C93621C7CC5}.Debug|Win32.Deploy.0 = Debug|x86
		{7938A73B-820D-4B8D-862D-7C93621C7CC5}.Debug|x64.ActiveCfg = Debug|Any CPU
		{7938A73B-820D-4B8D-862D-7C93621C7CC5}.Debug|x64.Build.0 = Debug|Any CPU
		{7938A73B-820D-4B8D-862D-7C93621C7CC5}.Debug|x86.ActiveCfg = Debug|x86
		{7938A73B-820D-4B8D-862D-7C93621C7CC5}.Debug|x86.Build.0 = Debug|x86
		{7938A73B-820D-4B8D-862D-7C93621C7CC5}.Debug|x86.Deploy.0 = Debug|x86
		{7938A73B-820D-4B8D-862D-7C93621C7CC5}.Release|Any CPU.ActiveCfg = Release|Any CPU
		{7938A73B-820D-4B8D-862D-7C93621C7CC5}.Release|Any CPU.Build.0 = Release|Any CPU
		{7938A73B-820D-4B8D-862D-7C93621C7CC5}.Release|Any CPU.Deploy.0 = Release|Any CPU
		{7938A73B-820D-4B8D-862D-7C93621C7CC5}.Release|ARM.ActiveCfg = Release|ARM
		{7938A73B-820D-4B8D-862D-7C93621C7CC5}.Release|ARM.Build.0 = Release|ARM
		{7938A73B-820D-4B8D-862D-7C93621C7CC5}.Release|ARM.Deploy.0 = Release|ARM
		{7938A73B-820D-4B8D-862D-7C93621C7CC5}.Release|iPhone.ActiveCfg = Release|Any CPU
		{7938A73B-820D-4B8D-862D-7C93621C7CC5}.Release|iPhoneSimulator.ActiveCfg = Release|Any CPU
		{7938A73B-820D-4B8D-862D-7C93621C7CC5}.Release|Mixed Platforms.ActiveCfg = Release|x86
		{7938A73B-820D-4B8D-862D-7C93621C7CC5}.Release|Mixed Platforms.Build.0 = Release|x86
		{7938A73B-820D-4B8D-862D-7C93621C7CC5}.Release|Mixed Platforms.Deploy.0 = Release|x86
		{7938A73B-820D-4B8D-862D-7C93621C7CC5}.Release|Win32.ActiveCfg = Release|x86
		{7938A73B-820D-4B8D-862D-7C93621C7CC5}.Release|Win32.Build.0 = Release|x86
		{7938A73B-820D-4B8D-862D-7C93621C7CC5}.Release|Win32.Deploy.0 = Release|x86
		{7938A73B-820D-4B8D-862D-7C93621C7CC5}.Release|x64.ActiveCfg = Release|Any CPU
		{7938A73B-820D-4B8D-862D-7C93621C7CC5}.Release|x64.Build.0 = Release|Any CPU
		{7938A73B-820D-4B8D-862D-7C93621C7CC5}.Release|x86.ActiveCfg = Release|x86
		{7938A73B-820D-4B8D-862D-7C93621C7CC5}.Release|x86.Build.0 = Release|x86
		{7938A73B-820D-4B8D-862D-7C93621C7CC5}.Release|x86.Deploy.0 = Release|x86
		{F3F0D2B7-C929-4C72-9E8D-AB5C2AE237F3}.Ad-Hoc|Any CPU.ActiveCfg = Ad-Hoc|iPhone
		{F3F0D2B7-C929-4C72-9E8D-AB5C2AE237F3}.Ad-Hoc|ARM.ActiveCfg = Ad-Hoc|iPhone
		{F3F0D2B7-C929-4C72-9E8D-AB5C2AE237F3}.Ad-Hoc|iPhone.ActiveCfg = Ad-Hoc|iPhone
		{F3F0D2B7-C929-4C72-9E8D-AB5C2AE237F3}.Ad-Hoc|iPhone.Build.0 = Ad-Hoc|iPhone
		{F3F0D2B7-C929-4C72-9E8D-AB5C2AE237F3}.Ad-Hoc|iPhoneSimulator.ActiveCfg = Ad-Hoc|iPhoneSimulator
		{F3F0D2B7-C929-4C72-9E8D-AB5C2AE237F3}.Ad-Hoc|iPhoneSimulator.Build.0 = Ad-Hoc|iPhoneSimulator
		{F3F0D2B7-C929-4C72-9E8D-AB5C2AE237F3}.Ad-Hoc|Mixed Platforms.ActiveCfg = Ad-Hoc|iPhone
		{F3F0D2B7-C929-4C72-9E8D-AB5C2AE237F3}.Ad-Hoc|Mixed Platforms.Build.0 = Ad-Hoc|iPhone
		{F3F0D2B7-C929-4C72-9E8D-AB5C2AE237F3}.Ad-Hoc|Win32.ActiveCfg = Ad-Hoc|iPhone
		{F3F0D2B7-C929-4C72-9E8D-AB5C2AE237F3}.Ad-Hoc|x64.ActiveCfg = Ad-Hoc|iPhone
		{F3F0D2B7-C929-4C72-9E8D-AB5C2AE237F3}.Ad-Hoc|x86.ActiveCfg = Ad-Hoc|iPhone
		{F3F0D2B7-C929-4C72-9E8D-AB5C2AE237F3}.AppStore|Any CPU.ActiveCfg = AppStore|iPhone
		{F3F0D2B7-C929-4C72-9E8D-AB5C2AE237F3}.AppStore|ARM.ActiveCfg = AppStore|iPhone
		{F3F0D2B7-C929-4C72-9E8D-AB5C2AE237F3}.AppStore|iPhone.ActiveCfg = AppStore|iPhone
		{F3F0D2B7-C929-4C72-9E8D-AB5C2AE237F3}.AppStore|iPhone.Build.0 = AppStore|iPhone
		{F3F0D2B7-C929-4C72-9E8D-AB5C2AE237F3}.AppStore|iPhoneSimulator.ActiveCfg = AppStore|iPhoneSimulator
		{F3F0D2B7-C929-4C72-9E8D-AB5C2AE237F3}.AppStore|iPhoneSimulator.Build.0 = AppStore|iPhoneSimulator
		{F3F0D2B7-C929-4C72-9E8D-AB5C2AE237F3}.AppStore|Mixed Platforms.ActiveCfg = AppStore|iPhone
		{F3F0D2B7-C929-4C72-9E8D-AB5C2AE237F3}.AppStore|Mixed Platforms.Build.0 = AppStore|iPhone
		{F3F0D2B7-C929-4C72-9E8D-AB5C2AE237F3}.AppStore|Win32.ActiveCfg = AppStore|iPhone
		{F3F0D2B7-C929-4C72-9E8D-AB5C2AE237F3}.AppStore|x64.ActiveCfg = AppStore|iPhone
		{F3F0D2B7-C929-4C72-9E8D-AB5C2AE237F3}.AppStore|x86.ActiveCfg = AppStore|iPhone
		{F3F0D2B7-C929-4C72-9E8D-AB5C2AE237F3}.Debug|Any CPU.ActiveCfg = Debug|iPhone
		{F3F0D2B7-C929-4C72-9E8D-AB5C2AE237F3}.Debug|ARM.ActiveCfg = Debug|iPhone
		{F3F0D2B7-C929-4C72-9E8D-AB5C2AE237F3}.Debug|iPhone.ActiveCfg = Debug|iPhone
		{F3F0D2B7-C929-4C72-9E8D-AB5C2AE237F3}.Debug|iPhone.Build.0 = Debug|iPhone
		{F3F0D2B7-C929-4C72-9E8D-AB5C2AE237F3}.Debug|iPhoneSimulator.ActiveCfg = Debug|iPhoneSimulator
		{F3F0D2B7-C929-4C72-9E8D-AB5C2AE237F3}.Debug|iPhoneSimulator.Build.0 = Debug|iPhoneSimulator
		{F3F0D2B7-C929-4C72-9E8D-AB5C2AE237F3}.Debug|Mixed Platforms.ActiveCfg = Debug|iPhone
		{F3F0D2B7-C929-4C72-9E8D-AB5C2AE237F3}.Debug|Mixed Platforms.Build.0 = Debug|iPhone
		{F3F0D2B7-C929-4C72-9E8D-AB5C2AE237F3}.Debug|Win32.ActiveCfg = Debug|iPhone
		{F3F0D2B7-C929-4C72-9E8D-AB5C2AE237F3}.Debug|x64.ActiveCfg = Debug|iPhone
		{F3F0D2B7-C929-4C72-9E8D-AB5C2AE237F3}.Debug|x86.ActiveCfg = Debug|iPhone
		{F3F0D2B7-C929-4C72-9E8D-AB5C2AE237F3}.Release|Any CPU.ActiveCfg = Release|iPhone
		{F3F0D2B7-C929-4C72-9E8D-AB5C2AE237F3}.Release|ARM.ActiveCfg = Release|iPhone
		{F3F0D2B7-C929-4C72-9E8D-AB5C2AE237F3}.Release|iPhone.ActiveCfg = Release|iPhone
		{F3F0D2B7-C929-4C72-9E8D-AB5C2AE237F3}.Release|iPhone.Build.0 = Release|iPhone
		{F3F0D2B7-C929-4C72-9E8D-AB5C2AE237F3}.Release|iPhoneSimulator.ActiveCfg = Release|iPhoneSimulator
		{F3F0D2B7-C929-4C72-9E8D-AB5C2AE237F3}.Release|iPhoneSimulator.Build.0 = Release|iPhoneSimulator
		{F3F0D2B7-C929-4C72-9E8D-AB5C2AE237F3}.Release|Mixed Platforms.ActiveCfg = Release|iPhone
		{F3F0D2B7-C929-4C72-9E8D-AB5C2AE237F3}.Release|Mixed Platforms.Build.0 = Release|iPhone
		{F3F0D2B7-C929-4C72-9E8D-AB5C2AE237F3}.Release|Win32.ActiveCfg = Release|iPhone
		{F3F0D2B7-C929-4C72-9E8D-AB5C2AE237F3}.Release|x64.ActiveCfg = Release|iPhone
		{F3F0D2B7-C929-4C72-9E8D-AB5C2AE237F3}.Release|x86.ActiveCfg = Release|iPhone
		{AFE36D4E-C30B-4FB0-A390-415894D6CC18}.Ad-Hoc|Any CPU.ActiveCfg = Release|Any CPU
		{AFE36D4E-C30B-4FB0-A390-415894D6CC18}.Ad-Hoc|Any CPU.Build.0 = Release|Any CPU
		{AFE36D4E-C30B-4FB0-A390-415894D6CC18}.Ad-Hoc|Any CPU.Deploy.0 = Release|Any CPU
		{AFE36D4E-C30B-4FB0-A390-415894D6CC18}.Ad-Hoc|ARM.ActiveCfg = Release|Any CPU
		{AFE36D4E-C30B-4FB0-A390-415894D6CC18}.Ad-Hoc|iPhone.ActiveCfg = Release|Any CPU
		{AFE36D4E-C30B-4FB0-A390-415894D6CC18}.Ad-Hoc|iPhoneSimulator.ActiveCfg = Release|Any CPU
		{AFE36D4E-C30B-4FB0-A390-415894D6CC18}.Ad-Hoc|Mixed Platforms.ActiveCfg = Release|Any CPU
		{AFE36D4E-C30B-4FB0-A390-415894D6CC18}.Ad-Hoc|Mixed Platforms.Build.0 = Release|Any CPU
		{AFE36D4E-C30B-4FB0-A390-415894D6CC18}.Ad-Hoc|Mixed Platforms.Deploy.0 = Release|Any CPU
		{AFE36D4E-C30B-4FB0-A390-415894D6CC18}.Ad-Hoc|Win32.ActiveCfg = Release|Any CPU
		{AFE36D4E-C30B-4FB0-A390-415894D6CC18}.Ad-Hoc|x64.ActiveCfg = Release|Any CPU
		{AFE36D4E-C30B-4FB0-A390-415894D6CC18}.Ad-Hoc|x86.ActiveCfg = Release|Any CPU
		{AFE36D4E-C30B-4FB0-A390-415894D6CC18}.AppStore|Any CPU.ActiveCfg = Release|Any CPU
		{AFE36D4E-C30B-4FB0-A390-415894D6CC18}.AppStore|Any CPU.Build.0 = Release|Any CPU
		{AFE36D4E-C30B-4FB0-A390-415894D6CC18}.AppStore|Any CPU.Deploy.0 = Release|Any CPU
		{AFE36D4E-C30B-4FB0-A390-415894D6CC18}.AppStore|ARM.ActiveCfg = Release|Any CPU
		{AFE36D4E-C30B-4FB0-A390-415894D6CC18}.AppStore|iPhone.ActiveCfg = Release|Any CPU
		{AFE36D4E-C30B-4FB0-A390-415894D6CC18}.AppStore|iPhoneSimulator.ActiveCfg = Release|Any CPU
		{AFE36D4E-C30B-4FB0-A390-415894D6CC18}.AppStore|Mixed Platforms.ActiveCfg = Release|Any CPU
		{AFE36D4E-C30B-4FB0-A390-415894D6CC18}.AppStore|Mixed Platforms.Build.0 = Release|Any CPU
		{AFE36D4E-C30B-4FB0-A390-415894D6CC18}.AppStore|Mixed Platforms.Deploy.0 = Release|Any CPU
		{AFE36D4E-C30B-4FB0-A390-415894D6CC18}.AppStore|Win32.ActiveCfg = Release|Any CPU
		{AFE36D4E-C30B-4FB0-A390-415894D6CC18}.AppStore|x64.ActiveCfg = Release|Any CPU
		{AFE36D4E-C30B-4FB0-A390-415894D6CC18}.AppStore|x86.ActiveCfg = Release|Any CPU
		{AFE36D4E-C30B-4FB0-A390-415894D6CC18}.Debug|Any CPU.ActiveCfg = Debug|Any CPU
		{AFE36D4E-C30B-4FB0-A390-415894D6CC18}.Debug|Any CPU.Build.0 = Debug|Any CPU
		{AFE36D4E-C30B-4FB0-A390-415894D6CC18}.Debug|Any CPU.Deploy.0 = Debug|Any CPU
		{AFE36D4E-C30B-4FB0-A390-415894D6CC18}.Debug|ARM.ActiveCfg = Debug|Any CPU
		{AFE36D4E-C30B-4FB0-A390-415894D6CC18}.Debug|iPhone.ActiveCfg = Debug|Any CPU
		{AFE36D4E-C30B-4FB0-A390-415894D6CC18}.Debug|iPhoneSimulator.ActiveCfg = Debug|Any CPU
		{AFE36D4E-C30B-4FB0-A390-415894D6CC18}.Debug|Mixed Platforms.ActiveCfg = Debug|Any CPU
		{AFE36D4E-C30B-4FB0-A390-415894D6CC18}.Debug|Mixed Platforms.Build.0 = Debug|Any CPU
		{AFE36D4E-C30B-4FB0-A390-415894D6CC18}.Debug|Mixed Platforms.Deploy.0 = Debug|Any CPU
		{AFE36D4E-C30B-4FB0-A390-415894D6CC18}.Debug|Win32.ActiveCfg = Debug|Any CPU
		{AFE36D4E-C30B-4FB0-A390-415894D6CC18}.Debug|Win32.Build.0 = Debug|Any CPU
		{AFE36D4E-C30B-4FB0-A390-415894D6CC18}.Debug|x64.ActiveCfg = Debug|Any CPU
		{AFE36D4E-C30B-4FB0-A390-415894D6CC18}.Debug|x64.Build.0 = Debug|Any CPU
		{AFE36D4E-C30B-4FB0-A390-415894D6CC18}.Debug|x86.ActiveCfg = Debug|Any CPU
		{AFE36D4E-C30B-4FB0-A390-415894D6CC18}.Debug|x86.Build.0 = Debug|Any CPU
		{AFE36D4E-C30B-4FB0-A390-415894D6CC18}.Release|Any CPU.ActiveCfg = Release|Any CPU
		{AFE36D4E-C30B-4FB0-A390-415894D6CC18}.Release|Any CPU.Build.0 = Release|Any CPU
		{AFE36D4E-C30B-4FB0-A390-415894D6CC18}.Release|Any CPU.Deploy.0 = Release|Any CPU
		{AFE36D4E-C30B-4FB0-A390-415894D6CC18}.Release|ARM.ActiveCfg = Release|Any CPU
		{AFE36D4E-C30B-4FB0-A390-415894D6CC18}.Release|iPhone.ActiveCfg = Release|Any CPU
		{AFE36D4E-C30B-4FB0-A390-415894D6CC18}.Release|iPhoneSimulator.ActiveCfg = Release|Any CPU
		{AFE36D4E-C30B-4FB0-A390-415894D6CC18}.Release|Mixed Platforms.ActiveCfg = Release|Any CPU
		{AFE36D4E-C30B-4FB0-A390-415894D6CC18}.Release|Mixed Platforms.Build.0 = Release|Any CPU
		{AFE36D4E-C30B-4FB0-A390-415894D6CC18}.Release|Mixed Platforms.Deploy.0 = Release|Any CPU
		{AFE36D4E-C30B-4FB0-A390-415894D6CC18}.Release|Win32.ActiveCfg = Release|Any CPU
		{AFE36D4E-C30B-4FB0-A390-415894D6CC18}.Release|Win32.Build.0 = Release|Any CPU
		{AFE36D4E-C30B-4FB0-A390-415894D6CC18}.Release|x64.ActiveCfg = Release|Any CPU
		{AFE36D4E-C30B-4FB0-A390-415894D6CC18}.Release|x64.Build.0 = Release|Any CPU
		{AFE36D4E-C30B-4FB0-A390-415894D6CC18}.Release|x86.ActiveCfg = Release|Any CPU
		{AFE36D4E-C30B-4FB0-A390-415894D6CC18}.Release|x86.Build.0 = Release|Any CPU
		{C1BDA6F5-40E3-40A7-AA8E-D6911002A617}.Ad-Hoc|Any CPU.ActiveCfg = Release|Any CPU
		{C1BDA6F5-40E3-40A7-AA8E-D6911002A617}.Ad-Hoc|Any CPU.Build.0 = Release|Any CPU
		{C1BDA6F5-40E3-40A7-AA8E-D6911002A617}.Ad-Hoc|ARM.ActiveCfg = Release|Any CPU
		{C1BDA6F5-40E3-40A7-AA8E-D6911002A617}.Ad-Hoc|iPhone.ActiveCfg = Release|Any CPU
		{C1BDA6F5-40E3-40A7-AA8E-D6911002A617}.Ad-Hoc|iPhoneSimulator.ActiveCfg = Release|Any CPU
		{C1BDA6F5-40E3-40A7-AA8E-D6911002A617}.Ad-Hoc|Mixed Platforms.ActiveCfg = Release|Any CPU
		{C1BDA6F5-40E3-40A7-AA8E-D6911002A617}.Ad-Hoc|Mixed Platforms.Build.0 = Release|Any CPU
		{C1BDA6F5-40E3-40A7-AA8E-D6911002A617}.Ad-Hoc|Win32.ActiveCfg = Release|Any CPU
		{C1BDA6F5-40E3-40A7-AA8E-D6911002A617}.Ad-Hoc|x64.ActiveCfg = Release|Any CPU
		{C1BDA6F5-40E3-40A7-AA8E-D6911002A617}.Ad-Hoc|x86.ActiveCfg = Release|Any CPU
		{C1BDA6F5-40E3-40A7-AA8E-D6911002A617}.AppStore|Any CPU.ActiveCfg = Release|Any CPU
		{C1BDA6F5-40E3-40A7-AA8E-D6911002A617}.AppStore|Any CPU.Build.0 = Release|Any CPU
		{C1BDA6F5-40E3-40A7-AA8E-D6911002A617}.AppStore|ARM.ActiveCfg = Release|Any CPU
		{C1BDA6F5-40E3-40A7-AA8E-D6911002A617}.AppStore|iPhone.ActiveCfg = Release|Any CPU
		{C1BDA6F5-40E3-40A7-AA8E-D6911002A617}.AppStore|iPhoneSimulator.ActiveCfg = Release|Any CPU
		{C1BDA6F5-40E3-40A7-AA8E-D6911002A617}.AppStore|Mixed Platforms.ActiveCfg = Release|Any CPU
		{C1BDA6F5-40E3-40A7-AA8E-D6911002A617}.AppStore|Mixed Platforms.Build.0 = Release|Any CPU
		{C1BDA6F5-40E3-40A7-AA8E-D6911002A617}.AppStore|Win32.ActiveCfg = Release|Any CPU
		{C1BDA6F5-40E3-40A7-AA8E-D6911002A617}.AppStore|x64.ActiveCfg = Release|Any CPU
		{C1BDA6F5-40E3-40A7-AA8E-D6911002A617}.AppStore|x86.ActiveCfg = Release|Any CPU
		{C1BDA6F5-40E3-40A7-AA8E-D6911002A617}.Debug|Any CPU.ActiveCfg = Debug|Any CPU
		{C1BDA6F5-40E3-40A7-AA8E-D6911002A617}.Debug|Any CPU.Build.0 = Debug|Any CPU
		{C1BDA6F5-40E3-40A7-AA8E-D6911002A617}.Debug|ARM.ActiveCfg = Debug|Any CPU
		{C1BDA6F5-40E3-40A7-AA8E-D6911002A617}.Debug|iPhone.ActiveCfg = Debug|Any CPU
		{C1BDA6F5-40E3-40A7-AA8E-D6911002A617}.Debug|iPhoneSimulator.ActiveCfg = Debug|Any CPU
		{C1BDA6F5-40E3-40A7-AA8E-D6911002A617}.Debug|Mixed Platforms.ActiveCfg = Debug|Any CPU
		{C1BDA6F5-40E3-40A7-AA8E-D6911002A617}.Debug|Mixed Platforms.Build.0 = Debug|Any CPU
		{C1BDA6F5-40E3-40A7-AA8E-D6911002A617}.Debug|Win32.ActiveCfg = Debug|Any CPU
		{C1BDA6F5-40E3-40A7-AA8E-D6911002A617}.Debug|Win32.Build.0 = Debug|Any CPU
		{C1BDA6F5-40E3-40A7-AA8E-D6911002A617}.Debug|x64.ActiveCfg = Debug|Any CPU
		{C1BDA6F5-40E3-40A7-AA8E-D6911002A617}.Debug|x64.Build.0 = Debug|Any CPU
		{C1BDA6F5-40E3-40A7-AA8E-D6911002A617}.Debug|x86.ActiveCfg = Debug|Any CPU
		{C1BDA6F5-40E3-40A7-AA8E-D6911002A617}.Debug|x86.Build.0 = Debug|Any CPU
		{C1BDA6F5-40E3-40A7-AA8E-D6911002A617}.Release|Any CPU.ActiveCfg = Release|Any CPU
		{C1BDA6F5-40E3-40A7-AA8E-D6911002A617}.Release|Any CPU.Build.0 = Release|Any CPU
		{C1BDA6F5-40E3-40A7-AA8E-D6911002A617}.Release|ARM.ActiveCfg = Release|Any CPU
		{C1BDA6F5-40E3-40A7-AA8E-D6911002A617}.Release|iPhone.ActiveCfg = Release|Any CPU
		{C1BDA6F5-40E3-40A7-AA8E-D6911002A617}.Release|iPhoneSimulator.ActiveCfg = Release|Any CPU
		{C1BDA6F5-40E3-40A7-AA8E-D6911002A617}.Release|Mixed Platforms.ActiveCfg = Release|Any CPU
		{C1BDA6F5-40E3-40A7-AA8E-D6911002A617}.Release|Mixed Platforms.Build.0 = Release|Any CPU
		{C1BDA6F5-40E3-40A7-AA8E-D6911002A617}.Release|Win32.ActiveCfg = Release|Any CPU
		{C1BDA6F5-40E3-40A7-AA8E-D6911002A617}.Release|Win32.Build.0 = Release|Any CPU
		{C1BDA6F5-40E3-40A7-AA8E-D6911002A617}.Release|x64.ActiveCfg = Release|Any CPU
		{C1BDA6F5-40E3-40A7-AA8E-D6911002A617}.Release|x64.Build.0 = Release|Any CPU
		{C1BDA6F5-40E3-40A7-AA8E-D6911002A617}.Release|x86.ActiveCfg = Release|Any CPU
		{C1BDA6F5-40E3-40A7-AA8E-D6911002A617}.Release|x86.Build.0 = Release|Any CPU
		{D7AE0FAD-D85B-44EC-BCA3-F14B448C3A34}.Ad-Hoc|Any CPU.ActiveCfg = Release|Any CPU
		{D7AE0FAD-D85B-44EC-BCA3-F14B448C3A34}.Ad-Hoc|Any CPU.Build.0 = Release|Any CPU
		{D7AE0FAD-D85B-44EC-BCA3-F14B448C3A34}.Ad-Hoc|ARM.ActiveCfg = Release|Any CPU
		{D7AE0FAD-D85B-44EC-BCA3-F14B448C3A34}.Ad-Hoc|iPhone.ActiveCfg = Release|Any CPU
		{D7AE0FAD-D85B-44EC-BCA3-F14B448C3A34}.Ad-Hoc|iPhoneSimulator.ActiveCfg = Release|Any CPU
		{D7AE0FAD-D85B-44EC-BCA3-F14B448C3A34}.Ad-Hoc|Mixed Platforms.ActiveCfg = Release|Any CPU
		{D7AE0FAD-D85B-44EC-BCA3-F14B448C3A34}.Ad-Hoc|Mixed Platforms.Build.0 = Release|Any CPU
		{D7AE0FAD-D85B-44EC-BCA3-F14B448C3A34}.Ad-Hoc|Win32.ActiveCfg = Release|Any CPU
		{D7AE0FAD-D85B-44EC-BCA3-F14B448C3A34}.Ad-Hoc|x64.ActiveCfg = Release|Any CPU
		{D7AE0FAD-D85B-44EC-BCA3-F14B448C3A34}.Ad-Hoc|x86.ActiveCfg = Release|Any CPU
		{D7AE0FAD-D85B-44EC-BCA3-F14B448C3A34}.AppStore|Any CPU.ActiveCfg = Release|Any CPU
		{D7AE0FAD-D85B-44EC-BCA3-F14B448C3A34}.AppStore|Any CPU.Build.0 = Release|Any CPU
		{D7AE0FAD-D85B-44EC-BCA3-F14B448C3A34}.AppStore|ARM.ActiveCfg = Release|Any CPU
		{D7AE0FAD-D85B-44EC-BCA3-F14B448C3A34}.AppStore|iPhone.ActiveCfg = Release|Any CPU
		{D7AE0FAD-D85B-44EC-BCA3-F14B448C3A34}.AppStore|iPhoneSimulator.ActiveCfg = Release|Any CPU
		{D7AE0FAD-D85B-44EC-BCA3-F14B448C3A34}.AppStore|Mixed Platforms.ActiveCfg = Release|Any CPU
		{D7AE0FAD-D85B-44EC-BCA3-F14B448C3A34}.AppStore|Mixed Platforms.Build.0 = Release|Any CPU
		{D7AE0FAD-D85B-44EC-BCA3-F14B448C3A34}.AppStore|Win32.ActiveCfg = Release|Any CPU
		{D7AE0FAD-D85B-44EC-BCA3-F14B448C3A34}.AppStore|x64.ActiveCfg = Release|Any CPU
		{D7AE0FAD-D85B-44EC-BCA3-F14B448C3A34}.AppStore|x86.ActiveCfg = Release|Any CPU
		{D7AE0FAD-D85B-44EC-BCA3-F14B448C3A34}.Debug|Any CPU.ActiveCfg = Debug|Any CPU
		{D7AE0FAD-D85B-44EC-BCA3-F14B448C3A34}.Debug|Any CPU.Build.0 = Debug|Any CPU
		{D7AE0FAD-D85B-44EC-BCA3-F14B448C3A34}.Debug|ARM.ActiveCfg = Debug|Any CPU
		{D7AE0FAD-D85B-44EC-BCA3-F14B448C3A34}.Debug|iPhone.ActiveCfg = Debug|Any CPU
		{D7AE0FAD-D85B-44EC-BCA3-F14B448C3A34}.Debug|iPhoneSimulator.ActiveCfg = Debug|Any CPU
		{D7AE0FAD-D85B-44EC-BCA3-F14B448C3A34}.Debug|Mixed Platforms.ActiveCfg = Debug|Any CPU
		{D7AE0FAD-D85B-44EC-BCA3-F14B448C3A34}.Debug|Mixed Platforms.Build.0 = Debug|Any CPU
		{D7AE0FAD-D85B-44EC-BCA3-F14B448C3A34}.Debug|Win32.ActiveCfg = Debug|Any CPU
		{D7AE0FAD-D85B-44EC-BCA3-F14B448C3A34}.Debug|Win32.Build.0 = Debug|Any CPU
		{D7AE0FAD-D85B-44EC-BCA3-F14B448C3A34}.Debug|x64.ActiveCfg = Debug|Any CPU
		{D7AE0FAD-D85B-44EC-BCA3-F14B448C3A34}.Debug|x64.Build.0 = Debug|Any CPU
		{D7AE0FAD-D85B-44EC-BCA3-F14B448C3A34}.Debug|x86.ActiveCfg = Debug|Any CPU
		{D7AE0FAD-D85B-44EC-BCA3-F14B448C3A34}.Debug|x86.Build.0 = Debug|Any CPU
		{D7AE0FAD-D85B-44EC-BCA3-F14B448C3A34}.Release|Any CPU.ActiveCfg = Release|Any CPU
		{D7AE0FAD-D85B-44EC-BCA3-F14B448C3A34}.Release|Any CPU.Build.0 = Release|Any CPU
		{D7AE0FAD-D85B-44EC-BCA3-F14B448C3A34}.Release|ARM.ActiveCfg = Release|Any CPU
		{D7AE0FAD-D85B-44EC-BCA3-F14B448C3A34}.Release|iPhone.ActiveCfg = Release|Any CPU
		{D7AE0FAD-D85B-44EC-BCA3-F14B448C3A34}.Release|iPhoneSimulator.ActiveCfg = Release|Any CPU
		{D7AE0FAD-D85B-44EC-BCA3-F14B448C3A34}.Release|Mixed Platforms.ActiveCfg = Release|Any CPU
		{D7AE0FAD-D85B-44EC-BCA3-F14B448C3A34}.Release|Mixed Platforms.Build.0 = Release|Any CPU
		{D7AE0FAD-D85B-44EC-BCA3-F14B448C3A34}.Release|Win32.ActiveCfg = Release|Any CPU
		{D7AE0FAD-D85B-44EC-BCA3-F14B448C3A34}.Release|Win32.Build.0 = Release|Any CPU
		{D7AE0FAD-D85B-44EC-BCA3-F14B448C3A34}.Release|x64.ActiveCfg = Release|Any CPU
		{D7AE0FAD-D85B-44EC-BCA3-F14B448C3A34}.Release|x64.Build.0 = Release|Any CPU
		{D7AE0FAD-D85B-44EC-BCA3-F14B448C3A34}.Release|x86.ActiveCfg = Release|Any CPU
		{D7AE0FAD-D85B-44EC-BCA3-F14B448C3A34}.Release|x86.Build.0 = Release|Any CPU
		{7FB912F9-5419-4DD2-8F3E-28B905BE489B}.Ad-Hoc|Any CPU.ActiveCfg = Release|Any CPU
		{7FB912F9-5419-4DD2-8F3E-28B905BE489B}.Ad-Hoc|Any CPU.Build.0 = Release|Any CPU
		{7FB912F9-5419-4DD2-8F3E-28B905BE489B}.Ad-Hoc|ARM.ActiveCfg = Release|Any CPU
		{7FB912F9-5419-4DD2-8F3E-28B905BE489B}.Ad-Hoc|ARM.Build.0 = Release|Any CPU
		{7FB912F9-5419-4DD2-8F3E-28B905BE489B}.Ad-Hoc|iPhone.ActiveCfg = Release|Any CPU
		{7FB912F9-5419-4DD2-8F3E-28B905BE489B}.Ad-Hoc|iPhone.Build.0 = Release|Any CPU
		{7FB912F9-5419-4DD2-8F3E-28B905BE489B}.Ad-Hoc|iPhoneSimulator.ActiveCfg = Release|Any CPU
		{7FB912F9-5419-4DD2-8F3E-28B905BE489B}.Ad-Hoc|iPhoneSimulator.Build.0 = Release|Any CPU
		{7FB912F9-5419-4DD2-8F3E-28B905BE489B}.Ad-Hoc|Mixed Platforms.ActiveCfg = Release|Any CPU
		{7FB912F9-5419-4DD2-8F3E-28B905BE489B}.Ad-Hoc|Mixed Platforms.Build.0 = Release|Any CPU
		{7FB912F9-5419-4DD2-8F3E-28B905BE489B}.Ad-Hoc|Win32.ActiveCfg = Release|Any CPU
		{7FB912F9-5419-4DD2-8F3E-28B905BE489B}.Ad-Hoc|Win32.Build.0 = Release|Any CPU
		{7FB912F9-5419-4DD2-8F3E-28B905BE489B}.Ad-Hoc|x64.ActiveCfg = Release|Any CPU
		{7FB912F9-5419-4DD2-8F3E-28B905BE489B}.Ad-Hoc|x64.Build.0 = Release|Any CPU
		{7FB912F9-5419-4DD2-8F3E-28B905BE489B}.Ad-Hoc|x86.ActiveCfg = Release|Any CPU
		{7FB912F9-5419-4DD2-8F3E-28B905BE489B}.Ad-Hoc|x86.Build.0 = Release|Any CPU
		{7FB912F9-5419-4DD2-8F3E-28B905BE489B}.AppStore|Any CPU.ActiveCfg = Release|Any CPU
		{7FB912F9-5419-4DD2-8F3E-28B905BE489B}.AppStore|Any CPU.Build.0 = Release|Any CPU
		{7FB912F9-5419-4DD2-8F3E-28B905BE489B}.AppStore|ARM.ActiveCfg = Release|Any CPU
		{7FB912F9-5419-4DD2-8F3E-28B905BE489B}.AppStore|ARM.Build.0 = Release|Any CPU
		{7FB912F9-5419-4DD2-8F3E-28B905BE489B}.AppStore|iPhone.ActiveCfg = Release|Any CPU
		{7FB912F9-5419-4DD2-8F3E-28B905BE489B}.AppStore|iPhone.Build.0 = Release|Any CPU
		{7FB912F9-5419-4DD2-8F3E-28B905BE489B}.AppStore|iPhoneSimulator.ActiveCfg = Release|Any CPU
		{7FB912F9-5419-4DD2-8F3E-28B905BE489B}.AppStore|iPhoneSimulator.Build.0 = Release|Any CPU
		{7FB912F9-5419-4DD2-8F3E-28B905BE489B}.AppStore|Mixed Platforms.ActiveCfg = Release|Any CPU
		{7FB912F9-5419-4DD2-8F3E-28B905BE489B}.AppStore|Mixed Platforms.Build.0 = Release|Any CPU
		{7FB912F9-5419-4DD2-8F3E-28B905BE489B}.AppStore|Win32.ActiveCfg = Release|Any CPU
		{7FB912F9-5419-4DD2-8F3E-28B905BE489B}.AppStore|Win32.Build.0 = Release|Any CPU
		{7FB912F9-5419-4DD2-8F3E-28B905BE489B}.AppStore|x64.ActiveCfg = Release|Any CPU
		{7FB912F9-5419-4DD2-8F3E-28B905BE489B}.AppStore|x64.Build.0 = Release|Any CPU
		{7FB912F9-5419-4DD2-8F3E-28B905BE489B}.AppStore|x86.ActiveCfg = Release|Any CPU
		{7FB912F9-5419-4DD2-8F3E-28B905BE489B}.AppStore|x86.Build.0 = Release|Any CPU
		{7FB912F9-5419-4DD2-8F3E-28B905BE489B}.Debug|Any CPU.ActiveCfg = Debug|Any CPU
		{7FB912F9-5419-4DD2-8F3E-28B905BE489B}.Debug|Any CPU.Build.0 = Debug|Any CPU
		{7FB912F9-5419-4DD2-8F3E-28B905BE489B}.Debug|ARM.ActiveCfg = Debug|Any CPU
		{7FB912F9-5419-4DD2-8F3E-28B905BE489B}.Debug|ARM.Build.0 = Debug|Any CPU
		{7FB912F9-5419-4DD2-8F3E-28B905BE489B}.Debug|iPhone.ActiveCfg = Debug|Any CPU
		{7FB912F9-5419-4DD2-8F3E-28B905BE489B}.Debug|iPhone.Build.0 = Debug|Any CPU
		{7FB912F9-5419-4DD2-8F3E-28B905BE489B}.Debug|iPhoneSimulator.ActiveCfg = Debug|Any CPU
		{7FB912F9-5419-4DD2-8F3E-28B905BE489B}.Debug|iPhoneSimulator.Build.0 = Debug|Any CPU
		{7FB912F9-5419-4DD2-8F3E-28B905BE489B}.Debug|Mixed Platforms.ActiveCfg = Debug|Any CPU
		{7FB912F9-5419-4DD2-8F3E-28B905BE489B}.Debug|Mixed Platforms.Build.0 = Debug|Any CPU
		{7FB912F9-5419-4DD2-8F3E-28B905BE489B}.Debug|Win32.ActiveCfg = Debug|Any CPU
		{7FB912F9-5419-4DD2-8F3E-28B905BE489B}.Debug|Win32.Build.0 = Debug|Any CPU
		{7FB912F9-5419-4DD2-8F3E-28B905BE489B}.Debug|x64.ActiveCfg = Debug|Any CPU
		{7FB912F9-5419-4DD2-8F3E-28B905BE489B}.Debug|x64.Build.0 = Debug|Any CPU
		{7FB912F9-5419-4DD2-8F3E-28B905BE489B}.Debug|x86.ActiveCfg = Debug|Any CPU
		{7FB912F9-5419-4DD2-8F3E-28B905BE489B}.Debug|x86.Build.0 = Debug|Any CPU
		{7FB912F9-5419-4DD2-8F3E-28B905BE489B}.Release|Any CPU.ActiveCfg = Release|Any CPU
		{7FB912F9-5419-4DD2-8F3E-28B905BE489B}.Release|Any CPU.Build.0 = Release|Any CPU
		{7FB912F9-5419-4DD2-8F3E-28B905BE489B}.Release|ARM.ActiveCfg = Release|Any CPU
		{7FB912F9-5419-4DD2-8F3E-28B905BE489B}.Release|ARM.Build.0 = Release|Any CPU
		{7FB912F9-5419-4DD2-8F3E-28B905BE489B}.Release|iPhone.ActiveCfg = Release|Any CPU
		{7FB912F9-5419-4DD2-8F3E-28B905BE489B}.Release|iPhone.Build.0 = Release|Any CPU
		{7FB912F9-5419-4DD2-8F3E-28B905BE489B}.Release|iPhoneSimulator.ActiveCfg = Release|Any CPU
		{7FB912F9-5419-4DD2-8F3E-28B905BE489B}.Release|iPhoneSimulator.Build.0 = Release|Any CPU
		{7FB912F9-5419-4DD2-8F3E-28B905BE489B}.Release|Mixed Platforms.ActiveCfg = Release|Any CPU
		{7FB912F9-5419-4DD2-8F3E-28B905BE489B}.Release|Mixed Platforms.Build.0 = Release|Any CPU
		{7FB912F9-5419-4DD2-8F3E-28B905BE489B}.Release|Win32.ActiveCfg = Release|Any CPU
		{7FB912F9-5419-4DD2-8F3E-28B905BE489B}.Release|Win32.Build.0 = Release|Any CPU
		{7FB912F9-5419-4DD2-8F3E-28B905BE489B}.Release|x64.ActiveCfg = Release|Any CPU
		{7FB912F9-5419-4DD2-8F3E-28B905BE489B}.Release|x64.Build.0 = Release|Any CPU
		{7FB912F9-5419-4DD2-8F3E-28B905BE489B}.Release|x86.ActiveCfg = Release|Any CPU
		{7FB912F9-5419-4DD2-8F3E-28B905BE489B}.Release|x86.Build.0 = Release|Any CPU
	EndGlobalSection
	GlobalSection(SolutionProperties) = preSolution
		HideSolutionNode = FALSE
	EndGlobalSection
	GlobalSection(NestedProjects) = preSolution
		{893D2788-4D7A-4136-8ECE-6A3394FC8265} = {FC8AB62D-C4E7-4F68-A8DB-37BE3A570FAB}
		{CEF1D892-D233-4299-AB8B-71FFC431CADF} = {FC8AB62D-C4E7-4F68-A8DB-37BE3A570FAB}
		{9E56BC3C-7D94-4FF2-9118-89C72063C55B} = {FC8AB62D-C4E7-4F68-A8DB-37BE3A570FAB}
		{B4110B72-6D5C-44CE-AFA9-5464DCD7DC5A} = {FC8AB62D-C4E7-4F68-A8DB-37BE3A570FAB}
		{DF9CA61E-C790-4DD6-9846-40AEFE4DA12B} = {FC8AB62D-C4E7-4F68-A8DB-37BE3A570FAB}
		{E83B66D5-0687-4731-8ED7-8C03F1256485} = {FC8AB62D-C4E7-4F68-A8DB-37BE3A570FAB}
		{7938A73B-820D-4B8D-862D-7C93621C7CC5} = {FC8AB62D-C4E7-4F68-A8DB-37BE3A570FAB}
		{F3F0D2B7-C929-4C72-9E8D-AB5C2AE237F3} = {FC8AB62D-C4E7-4F68-A8DB-37BE3A570FAB}
		{AFE36D4E-C30B-4FB0-A390-415894D6CC18} = {FC8AB62D-C4E7-4F68-A8DB-37BE3A570FAB}
		{7FB912F9-5419-4DD2-8F3E-28B905BE489B} = {FC8AB62D-C4E7-4F68-A8DB-37BE3A570FAB}
	EndGlobalSection
EndGlobal
