Microsoft Visual Studio Solution File, Format Version 12.00
# Visual Studio 2013
VisualStudioVersion = 12.0.40629.0
MinimumVisualStudioVersion = 10.0.40219.1
Project("{2150E333-8FDC-42A3-9474-1A3956D46DE8}") = "Solution Items", "Solution Items", "{CB9C01A5-B01D-4560-858D-A986B625DF92}"
EndProject
Project("{FAE04EC0-301F-11D3-BF4B-00C04F79EFBC}") = "PrayTime", "..\PrayTime\PrayTime.csproj", "{1C6D65F5-BC68-414D-9ED9-A0420016B95B}"
EndProject
Project("{F184B08F-C81C-45F6-A57F-5ABD9991F28F}") = "HostPage", "HostPage\HostPage.vbproj", "{14D97CCB-7889-4ACC-BED0-1FDF0E8629EB}"
	ProjectSection(ProjectDependencies) = postProject
		{8CEF3958-A8D0-4AFA-95F1-80568237F4EE} = {8CEF3958-A8D0-4AFA-95F1-80568237F4EE}
	EndProjectSection
EndProject
Project("{F184B08F-C81C-45F6-A57F-5ABD9991F28F}") = "IslamMetadata", "IslamMetadata\IslamMetadata.vbproj", "{8CEF3958-A8D0-4AFA-95F1-80568237F4EE}"
EndProject
Project("{F184B08F-C81C-45F6-A57F-5ABD9991F28F}") = "IslamSource", "IslamSource\IslamSource.vbproj", "{28990B1C-834C-4164-8C69-B8A123CA40F1}"
EndProject
Project("{F184B08F-C81C-45F6-A57F-5ABD9991F28F}") = "IslamResources", "IslamResources\IslamResources.vbproj", "{0A2A299B-A9D7-4A06-B810-DE0FCD3BBDD7}"
EndProject
Project("{F184B08F-C81C-45F6-A57F-5ABD9991F28F}") = "IslamSourceSite", "IslamSourceSite\IslamSourceSite.vbproj", "{F2CD2E3F-4119-46E6-9F10-4E93665EA990}"
	ProjectSection(ProjectDependencies) = postProject
		{8CEF3958-A8D0-4AFA-95F1-80568237F4EE} = {8CEF3958-A8D0-4AFA-95F1-80568237F4EE}
		{14D97CCB-7889-4ACC-BED0-1FDF0E8629EB} = {14D97CCB-7889-4ACC-BED0-1FDF0E8629EB}
	EndProjectSection
EndProject
Project("{F184B08F-C81C-45F6-A57F-5ABD9991F28F}") = "HostPageUtility", "HostPageUtility\HostPageUtility.vbproj", "{9ADB20BA-877E-4CB0-A12B-7BABE3FEDC27}"
EndProject
Project("{2150E333-8FDC-42A3-9474-1A3956D46DE8}") = "IslamSourceQuranViewer", "IslamSourceQuranViewer", "{FC8AB62D-C4E7-4F68-A8DB-37BE3A570FAB}"
EndProject
Project("{D954291E-2A0B-460D-934E-DC6B0785DB48}") = "IslamSourceQuranViewer.Shared", "IslamSourceQuranViewer\IslamSourceQuranViewer.Shared\IslamSourceQuranViewer.Shared.shproj", "{893D2788-4D7A-4136-8ECE-6A3394FC8265}"
EndProject
Project("{FAE04EC0-301F-11D3-BF4B-00C04F79EFBC}") = "IslamSourceQuranViewer.Windows", "IslamSourceQuranViewer\IslamSourceQuranViewer.Windows\IslamSourceQuranViewer.Windows.csproj", "{CEF1D892-D233-4299-AB8B-71FFC431CADF}"
EndProject
Project("{FAE04EC0-301F-11D3-BF4B-00C04F79EFBC}") = "IslamSourceQuranViewer.WindowsPhone", "IslamSourceQuranViewer\IslamSourceQuranViewer.WindowsPhone\IslamSourceQuranViewer.WindowsPhone.csproj", "{9E56BC3C-7D94-4FF2-9118-89C72063C55B}"
EndProject
Project("{F184B08F-C81C-45F6-A57F-5ABD9991F28F}") = "XMLRender", "XMLRender\XMLRender.vbproj", "{8AC9D06F-320D-4CF4-8A73-725A5EF177AD}"
EndProject
Project("{F184B08F-C81C-45F6-A57F-5ABD9991F28F}") = "IslamSourceWebLib", "IslamSourceWebLib\IslamSourceWebLib.vbproj", "{92920F42-4F8B-4899-9C9D-FC73AB606124}"
EndProject
Global
	GlobalSection(SharedMSBuildProjectFiles) = preSolution
		IslamSourceQuranViewer\IslamSourceQuranViewer.Shared\IslamSourceQuranViewer.Shared.projitems*{893d2788-4d7a-4136-8ece-6a3394fc8265}*SharedItemsImports = 13
		IslamSourceQuranViewer\IslamSourceQuranViewer.Shared\IslamSourceQuranViewer.Shared.projitems*{9e56bc3c-7d94-4ff2-9118-89c72063c55b}*SharedItemsImports = 4
		IslamSourceQuranViewer\IslamSourceQuranViewer.Shared\IslamSourceQuranViewer.Shared.projitems*{cef1d892-d233-4299-ab8b-71ffc431cadf}*SharedItemsImports = 4
	EndGlobalSection
	GlobalSection(SolutionConfigurationPlatforms) = preSolution
		Debug|Any CPU = Debug|Any CPU
		Debug|ARM = Debug|ARM
		Debug|Mixed Platforms = Debug|Mixed Platforms
		Debug|Win32 = Debug|Win32
		Debug|x64 = Debug|x64
		Debug|x86 = Debug|x86
		Release|Any CPU = Release|Any CPU
		Release|ARM = Release|ARM
		Release|Mixed Platforms = Release|Mixed Platforms
		Release|Win32 = Release|Win32
		Release|x64 = Release|x64
		Release|x86 = Release|x86
	EndGlobalSection
	GlobalSection(ProjectConfigurationPlatforms) = postSolution
		{1C6D65F5-BC68-414D-9ED9-A0420016B95B}.Debug|Any CPU.ActiveCfg = Debug|Any CPU
		{1C6D65F5-BC68-414D-9ED9-A0420016B95B}.Debug|Any CPU.Build.0 = Debug|Any CPU
		{1C6D65F5-BC68-414D-9ED9-A0420016B95B}.Debug|ARM.ActiveCfg = Debug|Any CPU
		{1C6D65F5-BC68-414D-9ED9-A0420016B95B}.Debug|Mixed Platforms.ActiveCfg = Debug|Any CPU
		{1C6D65F5-BC68-414D-9ED9-A0420016B95B}.Debug|Mixed Platforms.Build.0 = Debug|Any CPU
		{1C6D65F5-BC68-414D-9ED9-A0420016B95B}.Debug|Win32.ActiveCfg = Debug|Any CPU
		{1C6D65F5-BC68-414D-9ED9-A0420016B95B}.Debug|x64.ActiveCfg = Debug|Any CPU
		{1C6D65F5-BC68-414D-9ED9-A0420016B95B}.Debug|x86.ActiveCfg = Debug|Any CPU
		{1C6D65F5-BC68-414D-9ED9-A0420016B95B}.Release|Any CPU.ActiveCfg = Release|Any CPU
		{1C6D65F5-BC68-414D-9ED9-A0420016B95B}.Release|Any CPU.Build.0 = Release|Any CPU
		{1C6D65F5-BC68-414D-9ED9-A0420016B95B}.Release|ARM.ActiveCfg = Release|Any CPU
		{1C6D65F5-BC68-414D-9ED9-A0420016B95B}.Release|Mixed Platforms.ActiveCfg = Release|Any CPU
		{1C6D65F5-BC68-414D-9ED9-A0420016B95B}.Release|Mixed Platforms.Build.0 = Release|Any CPU
		{1C6D65F5-BC68-414D-9ED9-A0420016B95B}.Release|Win32.ActiveCfg = Release|Any CPU
		{1C6D65F5-BC68-414D-9ED9-A0420016B95B}.Release|x64.ActiveCfg = Release|Any CPU
		{1C6D65F5-BC68-414D-9ED9-A0420016B95B}.Release|x86.ActiveCfg = Release|Any CPU
		{14D97CCB-7889-4ACC-BED0-1FDF0E8629EB}.Debug|Any CPU.ActiveCfg = Debug|Any CPU
		{14D97CCB-7889-4ACC-BED0-1FDF0E8629EB}.Debug|Any CPU.Build.0 = Debug|Any CPU
		{14D97CCB-7889-4ACC-BED0-1FDF0E8629EB}.Debug|ARM.ActiveCfg = Debug|Any CPU
		{14D97CCB-7889-4ACC-BED0-1FDF0E8629EB}.Debug|Mixed Platforms.ActiveCfg = Debug|Any CPU
		{14D97CCB-7889-4ACC-BED0-1FDF0E8629EB}.Debug|Mixed Platforms.Build.0 = Debug|Any CPU
		{14D97CCB-7889-4ACC-BED0-1FDF0E8629EB}.Debug|Win32.ActiveCfg = Debug|Any CPU
		{14D97CCB-7889-4ACC-BED0-1FDF0E8629EB}.Debug|x64.ActiveCfg = Debug|Any CPU
		{14D97CCB-7889-4ACC-BED0-1FDF0E8629EB}.Debug|x86.ActiveCfg = Debug|Any CPU
		{14D97CCB-7889-4ACC-BED0-1FDF0E8629EB}.Release|Any CPU.ActiveCfg = Release|Any CPU
		{14D97CCB-7889-4ACC-BED0-1FDF0E8629EB}.Release|Any CPU.Build.0 = Release|Any CPU
		{14D97CCB-7889-4ACC-BED0-1FDF0E8629EB}.Release|ARM.ActiveCfg = Release|Any CPU
		{14D97CCB-7889-4ACC-BED0-1FDF0E8629EB}.Release|Mixed Platforms.ActiveCfg = Release|Any CPU
		{14D97CCB-7889-4ACC-BED0-1FDF0E8629EB}.Release|Mixed Platforms.Build.0 = Release|Any CPU
		{14D97CCB-7889-4ACC-BED0-1FDF0E8629EB}.Release|Win32.ActiveCfg = Release|Any CPU
		{14D97CCB-7889-4ACC-BED0-1FDF0E8629EB}.Release|x64.ActiveCfg = Release|Any CPU
		{14D97CCB-7889-4ACC-BED0-1FDF0E8629EB}.Release|x86.ActiveCfg = Release|Any CPU
		{8CEF3958-A8D0-4AFA-95F1-80568237F4EE}.Debug|Any CPU.ActiveCfg = Debug|Any CPU
		{8CEF3958-A8D0-4AFA-95F1-80568237F4EE}.Debug|Any CPU.Build.0 = Debug|Any CPU
		{8CEF3958-A8D0-4AFA-95F1-80568237F4EE}.Debug|ARM.ActiveCfg = Debug|Any CPU
		{8CEF3958-A8D0-4AFA-95F1-80568237F4EE}.Debug|Mixed Platforms.ActiveCfg = Debug|Any CPU
		{8CEF3958-A8D0-4AFA-95F1-80568237F4EE}.Debug|Mixed Platforms.Build.0 = Debug|Any CPU
		{8CEF3958-A8D0-4AFA-95F1-80568237F4EE}.Debug|Win32.ActiveCfg = Debug|Any CPU
		{8CEF3958-A8D0-4AFA-95F1-80568237F4EE}.Debug|x64.ActiveCfg = Debug|Any CPU
		{8CEF3958-A8D0-4AFA-95F1-80568237F4EE}.Debug|x86.ActiveCfg = Debug|Any CPU
		{8CEF3958-A8D0-4AFA-95F1-80568237F4EE}.Release|Any CPU.ActiveCfg = Release|Any CPU
		{8CEF3958-A8D0-4AFA-95F1-80568237F4EE}.Release|Any CPU.Build.0 = Release|Any CPU
		{8CEF3958-A8D0-4AFA-95F1-80568237F4EE}.Release|ARM.ActiveCfg = Release|Any CPU
		{8CEF3958-A8D0-4AFA-95F1-80568237F4EE}.Release|Mixed Platforms.ActiveCfg = Release|Any CPU
		{8CEF3958-A8D0-4AFA-95F1-80568237F4EE}.Release|Mixed Platforms.Build.0 = Release|Any CPU
		{8CEF3958-A8D0-4AFA-95F1-80568237F4EE}.Release|Win32.ActiveCfg = Release|Any CPU
		{8CEF3958-A8D0-4AFA-95F1-80568237F4EE}.Release|x64.ActiveCfg = Release|Any CPU
		{8CEF3958-A8D0-4AFA-95F1-80568237F4EE}.Release|x86.ActiveCfg = Release|Any CPU
		{28990B1C-834C-4164-8C69-B8A123CA40F1}.Debug|Any CPU.ActiveCfg = Debug|Any CPU
		{28990B1C-834C-4164-8C69-B8A123CA40F1}.Debug|Any CPU.Build.0 = Debug|Any CPU
		{28990B1C-834C-4164-8C69-B8A123CA40F1}.Debug|ARM.ActiveCfg = Debug|Any CPU
		{28990B1C-834C-4164-8C69-B8A123CA40F1}.Debug|Mixed Platforms.ActiveCfg = Debug|Any CPU
		{28990B1C-834C-4164-8C69-B8A123CA40F1}.Debug|Mixed Platforms.Build.0 = Debug|Any CPU
		{28990B1C-834C-4164-8C69-B8A123CA40F1}.Debug|Win32.ActiveCfg = Debug|Any CPU
		{28990B1C-834C-4164-8C69-B8A123CA40F1}.Debug|x64.ActiveCfg = Debug|Any CPU
		{28990B1C-834C-4164-8C69-B8A123CA40F1}.Debug|x86.ActiveCfg = Debug|Any CPU
		{28990B1C-834C-4164-8C69-B8A123CA40F1}.Release|Any CPU.ActiveCfg = Release|Any CPU
		{28990B1C-834C-4164-8C69-B8A123CA40F1}.Release|Any CPU.Build.0 = Release|Any CPU
		{28990B1C-834C-4164-8C69-B8A123CA40F1}.Release|ARM.ActiveCfg = Release|Any CPU
		{28990B1C-834C-4164-8C69-B8A123CA40F1}.Release|Mixed Platforms.ActiveCfg = Release|Any CPU
		{28990B1C-834C-4164-8C69-B8A123CA40F1}.Release|Mixed Platforms.Build.0 = Release|Any CPU
		{28990B1C-834C-4164-8C69-B8A123CA40F1}.Release|Win32.ActiveCfg = Release|Any CPU
		{28990B1C-834C-4164-8C69-B8A123CA40F1}.Release|x64.ActiveCfg = Release|Any CPU
		{28990B1C-834C-4164-8C69-B8A123CA40F1}.Release|x86.ActiveCfg = Release|Any CPU
		{0A2A299B-A9D7-4A06-B810-DE0FCD3BBDD7}.Debug|Any CPU.ActiveCfg = Debug|Any CPU
		{0A2A299B-A9D7-4A06-B810-DE0FCD3BBDD7}.Debug|Any CPU.Build.0 = Debug|Any CPU
		{0A2A299B-A9D7-4A06-B810-DE0FCD3BBDD7}.Debug|ARM.ActiveCfg = Debug|Any CPU
		{0A2A299B-A9D7-4A06-B810-DE0FCD3BBDD7}.Debug|Mixed Platforms.ActiveCfg = Debug|Any CPU
		{0A2A299B-A9D7-4A06-B810-DE0FCD3BBDD7}.Debug|Mixed Platforms.Build.0 = Debug|Any CPU
		{0A2A299B-A9D7-4A06-B810-DE0FCD3BBDD7}.Debug|Win32.ActiveCfg = Debug|Any CPU
		{0A2A299B-A9D7-4A06-B810-DE0FCD3BBDD7}.Debug|x64.ActiveCfg = Debug|Any CPU
		{0A2A299B-A9D7-4A06-B810-DE0FCD3BBDD7}.Debug|x86.ActiveCfg = Debug|Any CPU
		{0A2A299B-A9D7-4A06-B810-DE0FCD3BBDD7}.Release|Any CPU.ActiveCfg = Release|Any CPU
		{0A2A299B-A9D7-4A06-B810-DE0FCD3BBDD7}.Release|Any CPU.Build.0 = Release|Any CPU
		{0A2A299B-A9D7-4A06-B810-DE0FCD3BBDD7}.Release|ARM.ActiveCfg = Release|Any CPU
		{0A2A299B-A9D7-4A06-B810-DE0FCD3BBDD7}.Release|Mixed Platforms.ActiveCfg = Release|Any CPU
		{0A2A299B-A9D7-4A06-B810-DE0FCD3BBDD7}.Release|Mixed Platforms.Build.0 = Release|Any CPU
		{0A2A299B-A9D7-4A06-B810-DE0FCD3BBDD7}.Release|Win32.ActiveCfg = Release|Any CPU
		{0A2A299B-A9D7-4A06-B810-DE0FCD3BBDD7}.Release|x64.ActiveCfg = Release|Any CPU
		{0A2A299B-A9D7-4A06-B810-DE0FCD3BBDD7}.Release|x86.ActiveCfg = Release|Any CPU
		{F2CD2E3F-4119-46E6-9F10-4E93665EA990}.Debug|Any CPU.ActiveCfg = Debug|Any CPU
		{F2CD2E3F-4119-46E6-9F10-4E93665EA990}.Debug|Any CPU.Build.0 = Debug|Any CPU
		{F2CD2E3F-4119-46E6-9F10-4E93665EA990}.Debug|ARM.ActiveCfg = Debug|Any CPU
		{F2CD2E3F-4119-46E6-9F10-4E93665EA990}.Debug|Mixed Platforms.ActiveCfg = Debug|Any CPU
		{F2CD2E3F-4119-46E6-9F10-4E93665EA990}.Debug|Mixed Platforms.Build.0 = Debug|Any CPU
		{F2CD2E3F-4119-46E6-9F10-4E93665EA990}.Debug|Win32.ActiveCfg = Debug|Any CPU
		{F2CD2E3F-4119-46E6-9F10-4E93665EA990}.Debug|x64.ActiveCfg = Debug|Any CPU
		{F2CD2E3F-4119-46E6-9F10-4E93665EA990}.Debug|x86.ActiveCfg = Debug|Any CPU
		{F2CD2E3F-4119-46E6-9F10-4E93665EA990}.Release|Any CPU.ActiveCfg = Release|Any CPU
		{F2CD2E3F-4119-46E6-9F10-4E93665EA990}.Release|Any CPU.Build.0 = Release|Any CPU
		{F2CD2E3F-4119-46E6-9F10-4E93665EA990}.Release|ARM.ActiveCfg = Release|Any CPU
		{F2CD2E3F-4119-46E6-9F10-4E93665EA990}.Release|Mixed Platforms.ActiveCfg = Release|Any CPU
		{F2CD2E3F-4119-46E6-9F10-4E93665EA990}.Release|Mixed Platforms.Build.0 = Release|Any CPU
		{F2CD2E3F-4119-46E6-9F10-4E93665EA990}.Release|Win32.ActiveCfg = Release|Any CPU
		{F2CD2E3F-4119-46E6-9F10-4E93665EA990}.Release|x64.ActiveCfg = Release|Any CPU
		{F2CD2E3F-4119-46E6-9F10-4E93665EA990}.Release|x86.ActiveCfg = Release|Any CPU
		{9ADB20BA-877E-4CB0-A12B-7BABE3FEDC27}.Debug|Any CPU.ActiveCfg = Debug|Any CPU
		{9ADB20BA-877E-4CB0-A12B-7BABE3FEDC27}.Debug|Any CPU.Build.0 = Debug|Any CPU
		{9ADB20BA-877E-4CB0-A12B-7BABE3FEDC27}.Debug|ARM.ActiveCfg = Debug|Any CPU
		{9ADB20BA-877E-4CB0-A12B-7BABE3FEDC27}.Debug|Mixed Platforms.ActiveCfg = Debug|Any CPU
		{9ADB20BA-877E-4CB0-A12B-7BABE3FEDC27}.Debug|Mixed Platforms.Build.0 = Debug|Any CPU
		{9ADB20BA-877E-4CB0-A12B-7BABE3FEDC27}.Debug|Win32.ActiveCfg = Debug|Any CPU
		{9ADB20BA-877E-4CB0-A12B-7BABE3FEDC27}.Debug|x64.ActiveCfg = Debug|Any CPU
		{9ADB20BA-877E-4CB0-A12B-7BABE3FEDC27}.Debug|x86.ActiveCfg = Debug|Any CPU
		{9ADB20BA-877E-4CB0-A12B-7BABE3FEDC27}.Release|Any CPU.ActiveCfg = Release|Any CPU
		{9ADB20BA-877E-4CB0-A12B-7BABE3FEDC27}.Release|Any CPU.Build.0 = Release|Any CPU
		{9ADB20BA-877E-4CB0-A12B-7BABE3FEDC27}.Release|ARM.ActiveCfg = Release|Any CPU
		{9ADB20BA-877E-4CB0-A12B-7BABE3FEDC27}.Release|Mixed Platforms.ActiveCfg = Release|Any CPU
		{9ADB20BA-877E-4CB0-A12B-7BABE3FEDC27}.Release|Mixed Platforms.Build.0 = Release|Any CPU
		{9ADB20BA-877E-4CB0-A12B-7BABE3FEDC27}.Release|Win32.ActiveCfg = Release|Any CPU
		{9ADB20BA-877E-4CB0-A12B-7BABE3FEDC27}.Release|x64.ActiveCfg = Release|Any CPU
		{9ADB20BA-877E-4CB0-A12B-7BABE3FEDC27}.Release|x86.ActiveCfg = Release|Any CPU
		{CEF1D892-D233-4299-AB8B-71FFC431CADF}.Debug|Any CPU.ActiveCfg = Debug|Any CPU
		{CEF1D892-D233-4299-AB8B-71FFC431CADF}.Debug|Any CPU.Build.0 = Debug|Any CPU
		{CEF1D892-D233-4299-AB8B-71FFC431CADF}.Debug|Any CPU.Deploy.0 = Debug|Any CPU
		{CEF1D892-D233-4299-AB8B-71FFC431CADF}.Debug|ARM.ActiveCfg = Debug|ARM
		{CEF1D892-D233-4299-AB8B-71FFC431CADF}.Debug|ARM.Build.0 = Debug|ARM
		{CEF1D892-D233-4299-AB8B-71FFC431CADF}.Debug|ARM.Deploy.0 = Debug|ARM
		{CEF1D892-D233-4299-AB8B-71FFC431CADF}.Debug|Mixed Platforms.ActiveCfg = Debug|x86
		{CEF1D892-D233-4299-AB8B-71FFC431CADF}.Debug|Mixed Platforms.Build.0 = Debug|x86
		{CEF1D892-D233-4299-AB8B-71FFC431CADF}.Debug|Mixed Platforms.Deploy.0 = Debug|x86
		{CEF1D892-D233-4299-AB8B-71FFC431CADF}.Debug|Win32.ActiveCfg = Debug|x86
		{CEF1D892-D233-4299-AB8B-71FFC431CADF}.Debug|Win32.Build.0 = Debug|x86
		{CEF1D892-D233-4299-AB8B-71FFC431CADF}.Debug|Win32.Deploy.0 = Debug|x86
		{CEF1D892-D233-4299-AB8B-71FFC431CADF}.Debug|x64.ActiveCfg = Debug|x64
		{CEF1D892-D233-4299-AB8B-71FFC431CADF}.Debug|x64.Build.0 = Debug|x64
		{CEF1D892-D233-4299-AB8B-71FFC431CADF}.Debug|x64.Deploy.0 = Debug|x64
		{CEF1D892-D233-4299-AB8B-71FFC431CADF}.Debug|x86.ActiveCfg = Debug|x86
		{CEF1D892-D233-4299-AB8B-71FFC431CADF}.Debug|x86.Build.0 = Debug|x86
		{CEF1D892-D233-4299-AB8B-71FFC431CADF}.Debug|x86.Deploy.0 = Debug|x86
		{CEF1D892-D233-4299-AB8B-71FFC431CADF}.Release|Any CPU.ActiveCfg = Release|Any CPU
		{CEF1D892-D233-4299-AB8B-71FFC431CADF}.Release|Any CPU.Build.0 = Release|Any CPU
		{CEF1D892-D233-4299-AB8B-71FFC431CADF}.Release|Any CPU.Deploy.0 = Release|Any CPU
		{CEF1D892-D233-4299-AB8B-71FFC431CADF}.Release|ARM.ActiveCfg = Release|ARM
		{CEF1D892-D233-4299-AB8B-71FFC431CADF}.Release|ARM.Build.0 = Release|ARM
		{CEF1D892-D233-4299-AB8B-71FFC431CADF}.Release|ARM.Deploy.0 = Release|ARM
		{CEF1D892-D233-4299-AB8B-71FFC431CADF}.Release|Mixed Platforms.ActiveCfg = Release|x86
		{CEF1D892-D233-4299-AB8B-71FFC431CADF}.Release|Mixed Platforms.Build.0 = Release|x86
		{CEF1D892-D233-4299-AB8B-71FFC431CADF}.Release|Mixed Platforms.Deploy.0 = Release|x86
		{CEF1D892-D233-4299-AB8B-71FFC431CADF}.Release|Win32.ActiveCfg = Release|x86
		{CEF1D892-D233-4299-AB8B-71FFC431CADF}.Release|Win32.Build.0 = Release|x86
		{CEF1D892-D233-4299-AB8B-71FFC431CADF}.Release|Win32.Deploy.0 = Release|x86
		{CEF1D892-D233-4299-AB8B-71FFC431CADF}.Release|x64.ActiveCfg = Release|x64
		{CEF1D892-D233-4299-AB8B-71FFC431CADF}.Release|x64.Build.0 = Release|x64
		{CEF1D892-D233-4299-AB8B-71FFC431CADF}.Release|x64.Deploy.0 = Release|x64
		{CEF1D892-D233-4299-AB8B-71FFC431CADF}.Release|x86.ActiveCfg = Release|x86
		{CEF1D892-D233-4299-AB8B-71FFC431CADF}.Release|x86.Build.0 = Release|x86
		{CEF1D892-D233-4299-AB8B-71FFC431CADF}.Release|x86.Deploy.0 = Release|x86
		{9E56BC3C-7D94-4FF2-9118-89C72063C55B}.Debug|Any CPU.ActiveCfg = Debug|Any CPU
		{9E56BC3C-7D94-4FF2-9118-89C72063C55B}.Debug|Any CPU.Build.0 = Debug|Any CPU
		{9E56BC3C-7D94-4FF2-9118-89C72063C55B}.Debug|Any CPU.Deploy.0 = Debug|Any CPU
		{9E56BC3C-7D94-4FF2-9118-89C72063C55B}.Debug|ARM.ActiveCfg = Debug|ARM
		{9E56BC3C-7D94-4FF2-9118-89C72063C55B}.Debug|ARM.Build.0 = Debug|ARM
		{9E56BC3C-7D94-4FF2-9118-89C72063C55B}.Debug|ARM.Deploy.0 = Debug|ARM
		{9E56BC3C-7D94-4FF2-9118-89C72063C55B}.Debug|Mixed Platforms.ActiveCfg = Debug|x86
		{9E56BC3C-7D94-4FF2-9118-89C72063C55B}.Debug|Mixed Platforms.Build.0 = Debug|x86
		{9E56BC3C-7D94-4FF2-9118-89C72063C55B}.Debug|Mixed Platforms.Deploy.0 = Debug|x86
		{9E56BC3C-7D94-4FF2-9118-89C72063C55B}.Debug|Win32.ActiveCfg = Debug|x86
		{9E56BC3C-7D94-4FF2-9118-89C72063C55B}.Debug|Win32.Build.0 = Debug|x86
		{9E56BC3C-7D94-4FF2-9118-89C72063C55B}.Debug|Win32.Deploy.0 = Debug|x86
		{9E56BC3C-7D94-4FF2-9118-89C72063C55B}.Debug|x64.ActiveCfg = Debug|Any CPU
		{9E56BC3C-7D94-4FF2-9118-89C72063C55B}.Debug|x86.ActiveCfg = Debug|x86
		{9E56BC3C-7D94-4FF2-9118-89C72063C55B}.Debug|x86.Build.0 = Debug|x86
		{9E56BC3C-7D94-4FF2-9118-89C72063C55B}.Debug|x86.Deploy.0 = Debug|x86
		{9E56BC3C-7D94-4FF2-9118-89C72063C55B}.Release|Any CPU.ActiveCfg = Release|Any CPU
		{9E56BC3C-7D94-4FF2-9118-89C72063C55B}.Release|Any CPU.Build.0 = Release|Any CPU
		{9E56BC3C-7D94-4FF2-9118-89C72063C55B}.Release|Any CPU.Deploy.0 = Release|Any CPU
		{9E56BC3C-7D94-4FF2-9118-89C72063C55B}.Release|ARM.ActiveCfg = Release|ARM
		{9E56BC3C-7D94-4FF2-9118-89C72063C55B}.Release|ARM.Build.0 = Release|ARM
		{9E56BC3C-7D94-4FF2-9118-89C72063C55B}.Release|ARM.Deploy.0 = Release|ARM
		{9E56BC3C-7D94-4FF2-9118-89C72063C55B}.Release|Mixed Platforms.ActiveCfg = Release|x86
		{9E56BC3C-7D94-4FF2-9118-89C72063C55B}.Release|Mixed Platforms.Build.0 = Release|x86
		{9E56BC3C-7D94-4FF2-9118-89C72063C55B}.Release|Mixed Platforms.Deploy.0 = Release|x86
		{9E56BC3C-7D94-4FF2-9118-89C72063C55B}.Release|Win32.ActiveCfg = Release|x86
		{9E56BC3C-7D94-4FF2-9118-89C72063C55B}.Release|Win32.Build.0 = Release|x86
		{9E56BC3C-7D94-4FF2-9118-89C72063C55B}.Release|Win32.Deploy.0 = Release|x86
		{9E56BC3C-7D94-4FF2-9118-89C72063C55B}.Release|x64.ActiveCfg = Release|Any CPU
		{9E56BC3C-7D94-4FF2-9118-89C72063C55B}.Release|x86.ActiveCfg = Release|x86
		{9E56BC3C-7D94-4FF2-9118-89C72063C55B}.Release|x86.Build.0 = Release|x86
		{9E56BC3C-7D94-4FF2-9118-89C72063C55B}.Release|x86.Deploy.0 = Release|x86
		{8AC9D06F-320D-4CF4-8A73-725A5EF177AD}.Debug|Any CPU.ActiveCfg = Debug|Any CPU
		{8AC9D06F-320D-4CF4-8A73-725A5EF177AD}.Debug|Any CPU.Build.0 = Debug|Any CPU
		{8AC9D06F-320D-4CF4-8A73-725A5EF177AD}.Debug|ARM.ActiveCfg = Debug|Any CPU
		{8AC9D06F-320D-4CF4-8A73-725A5EF177AD}.Debug|Mixed Platforms.ActiveCfg = Debug|Any CPU
		{8AC9D06F-320D-4CF4-8A73-725A5EF177AD}.Debug|Mixed Platforms.Build.0 = Debug|Any CPU
		{8AC9D06F-320D-4CF4-8A73-725A5EF177AD}.Debug|Win32.ActiveCfg = Debug|Any CPU
		{8AC9D06F-320D-4CF4-8A73-725A5EF177AD}.Debug|x64.ActiveCfg = Debug|Any CPU
		{8AC9D06F-320D-4CF4-8A73-725A5EF177AD}.Debug|x86.ActiveCfg = Debug|Any CPU
		{8AC9D06F-320D-4CF4-8A73-725A5EF177AD}.Release|Any CPU.ActiveCfg = Release|Any CPU
		{8AC9D06F-320D-4CF4-8A73-725A5EF177AD}.Release|Any CPU.Build.0 = Release|Any CPU
		{8AC9D06F-320D-4CF4-8A73-725A5EF177AD}.Release|ARM.ActiveCfg = Release|Any CPU
		{8AC9D06F-320D-4CF4-8A73-725A5EF177AD}.Release|Mixed Platforms.ActiveCfg = Release|Any CPU
		{8AC9D06F-320D-4CF4-8A73-725A5EF177AD}.Release|Mixed Platforms.Build.0 = Release|Any CPU
		{8AC9D06F-320D-4CF4-8A73-725A5EF177AD}.Release|Win32.ActiveCfg = Release|Any CPU
		{8AC9D06F-320D-4CF4-8A73-725A5EF177AD}.Release|x64.ActiveCfg = Release|Any CPU
		{8AC9D06F-320D-4CF4-8A73-725A5EF177AD}.Release|x86.ActiveCfg = Release|Any CPU
		{92920F42-4F8B-4899-9C9D-FC73AB606124}.Debug|Any CPU.ActiveCfg = Debug|Any CPU
		{92920F42-4F8B-4899-9C9D-FC73AB606124}.Debug|Any CPU.Build.0 = Debug|Any CPU
		{92920F42-4F8B-4899-9C9D-FC73AB606124}.Debug|ARM.ActiveCfg = Debug|Any CPU
		{92920F42-4F8B-4899-9C9D-FC73AB606124}.Debug|Mixed Platforms.ActiveCfg = Debug|Any CPU
		{92920F42-4F8B-4899-9C9D-FC73AB606124}.Debug|Mixed Platforms.Build.0 = Debug|Any CPU
		{92920F42-4F8B-4899-9C9D-FC73AB606124}.Debug|Win32.ActiveCfg = Debug|Any CPU
		{92920F42-4F8B-4899-9C9D-FC73AB606124}.Debug|x64.ActiveCfg = Debug|Any CPU
		{92920F42-4F8B-4899-9C9D-FC73AB606124}.Debug|x86.ActiveCfg = Debug|Any CPU
		{92920F42-4F8B-4899-9C9D-FC73AB606124}.Release|Any CPU.ActiveCfg = Release|Any CPU
		{92920F42-4F8B-4899-9C9D-FC73AB606124}.Release|Any CPU.Build.0 = Release|Any CPU
		{92920F42-4F8B-4899-9C9D-FC73AB606124}.Release|ARM.ActiveCfg = Release|Any CPU
		{92920F42-4F8B-4899-9C9D-FC73AB606124}.Release|Mixed Platforms.ActiveCfg = Release|Any CPU
		{92920F42-4F8B-4899-9C9D-FC73AB606124}.Release|Mixed Platforms.Build.0 = Release|Any CPU
		{92920F42-4F8B-4899-9C9D-FC73AB606124}.Release|Win32.ActiveCfg = Release|Any CPU
		{92920F42-4F8B-4899-9C9D-FC73AB606124}.Release|x64.ActiveCfg = Release|Any CPU
		{92920F42-4F8B-4899-9C9D-FC73AB606124}.Release|x86.ActiveCfg = Release|Any CPU
	EndGlobalSection
	GlobalSection(SolutionProperties) = preSolution
		HideSolutionNode = FALSE
	EndGlobalSection
	GlobalSection(NestedProjects) = preSolution
		{893D2788-4D7A-4136-8ECE-6A3394FC8265} = {FC8AB62D-C4E7-4F68-A8DB-37BE3A570FAB}
		{CEF1D892-D233-4299-AB8B-71FFC431CADF} = {FC8AB62D-C4E7-4F68-A8DB-37BE3A570FAB}
		{9E56BC3C-7D94-4FF2-9118-89C72063C55B} = {FC8AB62D-C4E7-4F68-A8DB-37BE3A570FAB}
	EndGlobalSection
EndGlobal
