Microsoft Visual Studio Solution File, Format Version 12.00
# Visual Studio 15
VisualStudioVersion = 15.0.26430.14
MinimumVisualStudioVersion = 10.0.40219.1
Project("{2150E333-8FDC-42A3-9474-1A3956D46DE8}") = "Solution Items", "Solution Items", "{CB9C01A5-B01D-4560-858D-A986B625DF92}"
EndProject
Project("{F184B08F-C81C-45F6-A57F-5ABD9991F28F}") = "HostPage", "HostPage\HostPage.vbproj", "{14D97CCB-7889-4ACC-BED0-1FDF0E8629EB}"
	ProjectSection(ProjectDependencies) = postProject
		{8CEF3958-A8D0-4AFA-95F1-80568237F4EE} = {8CEF3958-A8D0-4AFA-95F1-80568237F4EE}
	EndProjectSection
EndProject
Project("{F184B08F-C81C-45F6-A57F-5ABD9991F28F}") = "IslamMetadata", "IslamMetadata\IslamMetadata.vbproj", "{8CEF3958-A8D0-4AFA-95F1-80568237F4EE}"
EndProject
Project("{F184B08F-C81C-45F6-A57F-5ABD9991F28F}") = "IslamSource", "IslamSource\IslamSource.vbproj", "{28990B1C-834C-4164-8C69-B8A123CA40F1}"
EndProject
Project("{F184B08F-C81C-45F6-A57F-5ABD9991F28F}") = "IslamResources", "IslamResources\IslamResources.vbproj", "{0A2A299B-A9D7-4A06-B810-DE0FCD3BBDD7}"
EndProject
Project("{F184B08F-C81C-45F6-A57F-5ABD9991F28F}") = "IslamSourceSite", "IslamSourceSite\IslamSourceSite.vbproj", "{F2CD2E3F-4119-46E6-9F10-4E93665EA990}"
	ProjectSection(ProjectDependencies) = postProject
		{8CEF3958-A8D0-4AFA-95F1-80568237F4EE} = {8CEF3958-A8D0-4AFA-95F1-80568237F4EE}
		{14D97CCB-7889-4ACC-BED0-1FDF0E8629EB} = {14D97CCB-7889-4ACC-BED0-1FDF0E8629EB}
	EndProjectSection
EndProject
Project("{F184B08F-C81C-45F6-A57F-5ABD9991F28F}") = "HostPageUtility", "HostPageUtility\HostPageUtility.vbproj", "{9ADB20BA-877E-4CB0-A12B-7BABE3FEDC27}"
EndProject
Project("{2150E333-8FDC-42A3-9474-1A3956D46DE8}") = "IslamSourceQuranViewer", "IslamSourceQuranViewer", "{FC8AB62D-C4E7-4F68-A8DB-37BE3A570FAB}"
EndProject
Project("{F184B08F-C81C-45F6-A57F-5ABD9991F28F}") = "XMLRender", "XMLRender\XMLRender.vbproj", "{8AC9D06F-320D-4CF4-8A73-725A5EF177AD}"
EndProject
Project("{F184B08F-C81C-45F6-A57F-5ABD9991F28F}") = "IslamSourceWebLib", "IslamSourceWebLib\IslamSourceWebLib.vbproj", "{92920F42-4F8B-4899-9C9D-FC73AB606124}"
EndProject
Project("{F184B08F-C81C-45F6-A57F-5ABD9991F28F}") = "BuildUtility", "BuildUtility\BuildUtility.vbproj", "{0278DC9D-0919-4678-855B-08D27B228F86}"
EndProject
Project("{FAE04EC0-301F-11D3-BF4B-00C04F79EFBC}") = "PrayTime", "..\PrayTime\PrayTime.csproj", "{1C6D65F5-BC68-414D-9ED9-A0420016B95B}"
EndProject
Project("{D954291E-2A0B-460D-934E-DC6B0785DB48}") = "IslamSourceQuranViewer.Shared", "IslamSourceQuranViewer\IslamSourceQuranViewer.Shared\IslamSourceQuranViewer.Shared.shproj", "{893D2788-4D7A-4136-8ECE-6A3394FC8265}"
EndProject
Project("{FAE04EC0-301F-11D3-BF4B-00C04F79EFBC}") = "ISQV", "IslamSourceQuranViewer\ISQV\ISQV.csproj", "{CCF2C22A-C078-43E9-AA14-A9DE8FB3ECDD}"
EndProject
Project("{D954291E-2A0B-460D-934E-DC6B0785DB48}") = "IslamSourceQuranViewer.Xam", "IslamSourceQuranViewer\Xam\IslamSourceQuranViewer.Xam.shproj", "{E83B66D5-0687-4731-8ED7-8C03F1256485}"
EndProject
Project("{FAE04EC0-301F-11D3-BF4B-00C04F79EFBC}") = "ISQV.Xam.UWP", "IslamSourceQuranViewer\ISQV.Xam.UWP\ISQV.Xam.UWP.csproj", "{0BB19C9F-FF44-41A1-9A04-A5E8EC0E8174}"
EndProject
Global
	GlobalSection(SharedMSBuildProjectFiles) = preSolution
		IslamSourceQuranViewer\Xam\IslamSourceQuranViewer.Xamarin.projitems*{0bb19c9f-ff44-41a1-9a04-a5e8ec0e8174}*SharedItemsImports = 4
		IslamSourceQuranViewer\IslamSourceQuranViewer.Shared\IslamSourceQuranViewer.Shared.projitems*{893d2788-4d7a-4136-8ece-6a3394fc8265}*SharedItemsImports = 13
		IslamSourceQuranViewer\IslamSourceQuranViewer.Shared\IslamSourceQuranViewer.Shared.projitems*{ccf2c22a-c078-43e9-aa14-a9de8fb3ecdd}*SharedItemsImports = 4
		IslamSourceQuranViewer\Xam\IslamSourceQuranViewer.Xamarin.projitems*{e83b66d5-0687-4731-8ed7-8c03f1256485}*SharedItemsImports = 13
	EndGlobalSection
	GlobalSection(SolutionConfigurationPlatforms) = preSolution
		Ad-Hoc|Any CPU = Ad-Hoc|Any CPU
		Ad-Hoc|ARM = Ad-Hoc|ARM
		Ad-Hoc|iPhone = Ad-Hoc|iPhone
		Ad-Hoc|iPhoneSimulator = Ad-Hoc|iPhoneSimulator
		Ad-Hoc|Mixed Platforms = Ad-Hoc|Mixed Platforms
		Ad-Hoc|Win32 = Ad-Hoc|Win32
		Ad-Hoc|x64 = Ad-Hoc|x64
		Ad-Hoc|x86 = Ad-Hoc|x86
		AppStore|Any CPU = AppStore|Any CPU
		AppStore|ARM = AppStore|ARM
		AppStore|iPhone = AppStore|iPhone
		AppStore|iPhoneSimulator = AppStore|iPhoneSimulator
		AppStore|Mixed Platforms = AppStore|Mixed Platforms
		AppStore|Win32 = AppStore|Win32
		AppStore|x64 = AppStore|x64
		AppStore|x86 = AppStore|x86
		Debug|Any CPU = Debug|Any CPU
		Debug|ARM = Debug|ARM
		Debug|iPhone = Debug|iPhone
		Debug|iPhoneSimulator = Debug|iPhoneSimulator
		Debug|Mixed Platforms = Debug|Mixed Platforms
		Debug|Win32 = Debug|Win32
		Debug|x64 = Debug|x64
		Debug|x86 = Debug|x86
		Release|Any CPU = Release|Any CPU
		Release|ARM = Release|ARM
		Release|iPhone = Release|iPhone
		Release|iPhoneSimulator = Release|iPhoneSimulator
		Release|Mixed Platforms = Release|Mixed Platforms
		Release|Win32 = Release|Win32
		Release|x64 = Release|x64
		Release|x86 = Release|x86
	EndGlobalSection
	GlobalSection(ProjectConfigurationPlatforms) = postSolution
		{14D97CCB-7889-4ACC-BED0-1FDF0E8629EB}.Ad-Hoc|Any CPU.ActiveCfg = Release|Any CPU
		{14D97CCB-7889-4ACC-BED0-1FDF0E8629EB}.Ad-Hoc|Any CPU.Build.0 = Release|Any CPU
		{14D97CCB-7889-4ACC-BED0-1FDF0E8629EB}.Ad-Hoc|ARM.ActiveCfg = Release|Any CPU
		{14D97CCB-7889-4ACC-BED0-1FDF0E8629EB}.Ad-Hoc|iPhone.ActiveCfg = Release|Any CPU
		{14D97CCB-7889-4ACC-BED0-1FDF0E8629EB}.Ad-Hoc|iPhoneSimulator.ActiveCfg = Release|Any CPU
		{14D97CCB-7889-4ACC-BED0-1FDF0E8629EB}.Ad-Hoc|Mixed Platforms.ActiveCfg = Release|Any CPU
		{14D97CCB-7889-4ACC-BED0-1FDF0E8629EB}.Ad-Hoc|Mixed Platforms.Build.0 = Release|Any CPU
		{14D97CCB-7889-4ACC-BED0-1FDF0E8629EB}.Ad-Hoc|Win32.ActiveCfg = Release|Any CPU
		{14D97CCB-7889-4ACC-BED0-1FDF0E8629EB}.Ad-Hoc|x64.ActiveCfg = Release|Any CPU
		{14D97CCB-7889-4ACC-BED0-1FDF0E8629EB}.Ad-Hoc|x86.ActiveCfg = Release|Any CPU
		{14D97CCB-7889-4ACC-BED0-1FDF0E8629EB}.AppStore|Any CPU.ActiveCfg = Release|Any CPU
		{14D97CCB-7889-4ACC-BED0-1FDF0E8629EB}.AppStore|Any CPU.Build.0 = Release|Any CPU
		{14D97CCB-7889-4ACC-BED0-1FDF0E8629EB}.AppStore|ARM.ActiveCfg = Release|Any CPU
		{14D97CCB-7889-4ACC-BED0-1FDF0E8629EB}.AppStore|iPhone.ActiveCfg = Release|Any CPU
		{14D97CCB-7889-4ACC-BED0-1FDF0E8629EB}.AppStore|iPhoneSimulator.ActiveCfg = Release|Any CPU
		{14D97CCB-7889-4ACC-BED0-1FDF0E8629EB}.AppStore|Mixed Platforms.ActiveCfg = Release|Any CPU
		{14D97CCB-7889-4ACC-BED0-1FDF0E8629EB}.AppStore|Mixed Platforms.Build.0 = Release|Any CPU
		{14D97CCB-7889-4ACC-BED0-1FDF0E8629EB}.AppStore|Win32.ActiveCfg = Release|Any CPU
		{14D97CCB-7889-4ACC-BED0-1FDF0E8629EB}.AppStore|x64.ActiveCfg = Release|Any CPU
		{14D97CCB-7889-4ACC-BED0-1FDF0E8629EB}.AppStore|x86.ActiveCfg = Release|Any CPU
		{14D97CCB-7889-4ACC-BED0-1FDF0E8629EB}.Debug|Any CPU.ActiveCfg = Debug|Any CPU
		{14D97CCB-7889-4ACC-BED0-1FDF0E8629EB}.Debug|Any CPU.Build.0 = Debug|Any CPU
		{14D97CCB-7889-4ACC-BED0-1FDF0E8629EB}.Debug|ARM.ActiveCfg = Debug|Any CPU
		{14D97CCB-7889-4ACC-BED0-1FDF0E8629EB}.Debug|iPhone.ActiveCfg = Debug|Any CPU
		{14D97CCB-7889-4ACC-BED0-1FDF0E8629EB}.Debug|iPhoneSimulator.ActiveCfg = Debug|Any CPU
		{14D97CCB-7889-4ACC-BED0-1FDF0E8629EB}.Debug|Mixed Platforms.ActiveCfg = Debug|Any CPU
		{14D97CCB-7889-4ACC-BED0-1FDF0E8629EB}.Debug|Mixed Platforms.Build.0 = Debug|Any CPU
		{14D97CCB-7889-4ACC-BED0-1FDF0E8629EB}.Debug|Win32.ActiveCfg = Debug|Any CPU
		{14D97CCB-7889-4ACC-BED0-1FDF0E8629EB}.Debug|Win32.Build.0 = Debug|Any CPU
		{14D97CCB-7889-4ACC-BED0-1FDF0E8629EB}.Debug|x64.ActiveCfg = Debug|Any CPU
		{14D97CCB-7889-4ACC-BED0-1FDF0E8629EB}.Debug|x64.Build.0 = Debug|Any CPU
		{14D97CCB-7889-4ACC-BED0-1FDF0E8629EB}.Debug|x86.ActiveCfg = Debug|Any CPU
		{14D97CCB-7889-4ACC-BED0-1FDF0E8629EB}.Debug|x86.Build.0 = Debug|Any CPU
		{14D97CCB-7889-4ACC-BED0-1FDF0E8629EB}.Release|Any CPU.ActiveCfg = Release|Any CPU
		{14D97CCB-7889-4ACC-BED0-1FDF0E8629EB}.Release|Any CPU.Build.0 = Release|Any CPU
		{14D97CCB-7889-4ACC-BED0-1FDF0E8629EB}.Release|ARM.ActiveCfg = Release|Any CPU
		{14D97CCB-7889-4ACC-BED0-1FDF0E8629EB}.Release|iPhone.ActiveCfg = Release|Any CPU
		{14D97CCB-7889-4ACC-BED0-1FDF0E8629EB}.Release|iPhoneSimulator.ActiveCfg = Release|Any CPU
		{14D97CCB-7889-4ACC-BED0-1FDF0E8629EB}.Release|Mixed Platforms.ActiveCfg = Release|Any CPU
		{14D97CCB-7889-4ACC-BED0-1FDF0E8629EB}.Release|Mixed Platforms.Build.0 = Release|Any CPU
		{14D97CCB-7889-4ACC-BED0-1FDF0E8629EB}.Release|Win32.ActiveCfg = Release|Any CPU
		{14D97CCB-7889-4ACC-BED0-1FDF0E8629EB}.Release|Win32.Build.0 = Release|Any CPU
		{14D97CCB-7889-4ACC-BED0-1FDF0E8629EB}.Release|x64.ActiveCfg = Release|Any CPU
		{14D97CCB-7889-4ACC-BED0-1FDF0E8629EB}.Release|x64.Build.0 = Release|Any CPU
		{14D97CCB-7889-4ACC-BED0-1FDF0E8629EB}.Release|x86.ActiveCfg = Release|Any CPU
		{14D97CCB-7889-4ACC-BED0-1FDF0E8629EB}.Release|x86.Build.0 = Release|Any CPU
		{8CEF3958-A8D0-4AFA-95F1-80568237F4EE}.Ad-Hoc|Any CPU.ActiveCfg = Release|Any CPU
		{8CEF3958-A8D0-4AFA-95F1-80568237F4EE}.Ad-Hoc|Any CPU.Build.0 = Release|Any CPU
		{8CEF3958-A8D0-4AFA-95F1-80568237F4EE}.Ad-Hoc|ARM.ActiveCfg = Release|Any CPU
		{8CEF3958-A8D0-4AFA-95F1-80568237F4EE}.Ad-Hoc|iPhone.ActiveCfg = Release|Any CPU
		{8CEF3958-A8D0-4AFA-95F1-80568237F4EE}.Ad-Hoc|iPhoneSimulator.ActiveCfg = Release|Any CPU
		{8CEF3958-A8D0-4AFA-95F1-80568237F4EE}.Ad-Hoc|Mixed Platforms.ActiveCfg = Release|Any CPU
		{8CEF3958-A8D0-4AFA-95F1-80568237F4EE}.Ad-Hoc|Mixed Platforms.Build.0 = Release|Any CPU
		{8CEF3958-A8D0-4AFA-95F1-80568237F4EE}.Ad-Hoc|Win32.ActiveCfg = Release|Any CPU
		{8CEF3958-A8D0-4AFA-95F1-80568237F4EE}.Ad-Hoc|x64.ActiveCfg = Release|Any CPU
		{8CEF3958-A8D0-4AFA-95F1-80568237F4EE}.Ad-Hoc|x86.ActiveCfg = Release|Any CPU
		{8CEF3958-A8D0-4AFA-95F1-80568237F4EE}.AppStore|Any CPU.ActiveCfg = Release|Any CPU
		{8CEF3958-A8D0-4AFA-95F1-80568237F4EE}.AppStore|Any CPU.Build.0 = Release|Any CPU
		{8CEF3958-A8D0-4AFA-95F1-80568237F4EE}.AppStore|ARM.ActiveCfg = Release|Any CPU
		{8CEF3958-A8D0-4AFA-95F1-80568237F4EE}.AppStore|iPhone.ActiveCfg = Release|Any CPU
		{8CEF3958-A8D0-4AFA-95F1-80568237F4EE}.AppStore|iPhoneSimulator.ActiveCfg = Release|Any CPU
		{8CEF3958-A8D0-4AFA-95F1-80568237F4EE}.AppStore|Mixed Platforms.ActiveCfg = Release|Any CPU
		{8CEF3958-A8D0-4AFA-95F1-80568237F4EE}.AppStore|Mixed Platforms.Build.0 = Release|Any CPU
		{8CEF3958-A8D0-4AFA-95F1-80568237F4EE}.AppStore|Win32.ActiveCfg = Release|Any CPU
		{8CEF3958-A8D0-4AFA-95F1-80568237F4EE}.AppStore|x64.ActiveCfg = Release|Any CPU
		{8CEF3958-A8D0-4AFA-95F1-80568237F4EE}.AppStore|x86.ActiveCfg = Release|Any CPU
		{8CEF3958-A8D0-4AFA-95F1-80568237F4EE}.Debug|Any CPU.ActiveCfg = Debug|Any CPU
		{8CEF3958-A8D0-4AFA-95F1-80568237F4EE}.Debug|Any CPU.Build.0 = Debug|Any CPU
		{8CEF3958-A8D0-4AFA-95F1-80568237F4EE}.Debug|ARM.ActiveCfg = Debug|Any CPU
		{8CEF3958-A8D0-4AFA-95F1-80568237F4EE}.Debug|iPhone.ActiveCfg = Debug|Any CPU
		{8CEF3958-A8D0-4AFA-95F1-80568237F4EE}.Debug|iPhoneSimulator.ActiveCfg = Debug|Any CPU
		{8CEF3958-A8D0-4AFA-95F1-80568237F4EE}.Debug|Mixed Platforms.ActiveCfg = Debug|Any CPU
		{8CEF3958-A8D0-4AFA-95F1-80568237F4EE}.Debug|Mixed Platforms.Build.0 = Debug|Any CPU
		{8CEF3958-A8D0-4AFA-95F1-80568237F4EE}.Debug|Win32.ActiveCfg = Debug|Any CPU
		{8CEF3958-A8D0-4AFA-95F1-80568237F4EE}.Debug|Win32.Build.0 = Debug|Any CPU
		{8CEF3958-A8D0-4AFA-95F1-80568237F4EE}.Debug|x64.ActiveCfg = Debug|Any CPU
		{8CEF3958-A8D0-4AFA-95F1-80568237F4EE}.Debug|x64.Build.0 = Debug|Any CPU
		{8CEF3958-A8D0-4AFA-95F1-80568237F4EE}.Debug|x86.ActiveCfg = Debug|Any CPU
		{8CEF3958-A8D0-4AFA-95F1-80568237F4EE}.Debug|x86.Build.0 = Debug|Any CPU
		{8CEF3958-A8D0-4AFA-95F1-80568237F4EE}.Release|Any CPU.ActiveCfg = Release|Any CPU
		{8CEF3958-A8D0-4AFA-95F1-80568237F4EE}.Release|Any CPU.Build.0 = Release|Any CPU
		{8CEF3958-A8D0-4AFA-95F1-80568237F4EE}.Release|ARM.ActiveCfg = Release|Any CPU
		{8CEF3958-A8D0-4AFA-95F1-80568237F4EE}.Release|iPhone.ActiveCfg = Release|Any CPU
		{8CEF3958-A8D0-4AFA-95F1-80568237F4EE}.Release|iPhoneSimulator.ActiveCfg = Release|Any CPU
		{8CEF3958-A8D0-4AFA-95F1-80568237F4EE}.Release|Mixed Platforms.ActiveCfg = Release|Any CPU
		{8CEF3958-A8D0-4AFA-95F1-80568237F4EE}.Release|Mixed Platforms.Build.0 = Release|Any CPU
		{8CEF3958-A8D0-4AFA-95F1-80568237F4EE}.Release|Win32.ActiveCfg = Release|Any CPU
		{8CEF3958-A8D0-4AFA-95F1-80568237F4EE}.Release|Win32.Build.0 = Release|Any CPU
		{8CEF3958-A8D0-4AFA-95F1-80568237F4EE}.Release|x64.ActiveCfg = Release|Any CPU
		{8CEF3958-A8D0-4AFA-95F1-80568237F4EE}.Release|x64.Build.0 = Release|Any CPU
		{8CEF3958-A8D0-4AFA-95F1-80568237F4EE}.Release|x86.ActiveCfg = Release|Any CPU
		{8CEF3958-A8D0-4AFA-95F1-80568237F4EE}.Release|x86.Build.0 = Release|Any CPU
		{28990B1C-834C-4164-8C69-B8A123CA40F1}.Ad-Hoc|Any CPU.ActiveCfg = Release|Any CPU
		{28990B1C-834C-4164-8C69-B8A123CA40F1}.Ad-Hoc|Any CPU.Build.0 = Release|Any CPU
		{28990B1C-834C-4164-8C69-B8A123CA40F1}.Ad-Hoc|ARM.ActiveCfg = Release|Any CPU
		{28990B1C-834C-4164-8C69-B8A123CA40F1}.Ad-Hoc|iPhone.ActiveCfg = Release|Any CPU
		{28990B1C-834C-4164-8C69-B8A123CA40F1}.Ad-Hoc|iPhoneSimulator.ActiveCfg = Release|Any CPU
		{28990B1C-834C-4164-8C69-B8A123CA40F1}.Ad-Hoc|Mixed Platforms.ActiveCfg = Release|Any CPU
		{28990B1C-834C-4164-8C69-B8A123CA40F1}.Ad-Hoc|Mixed Platforms.Build.0 = Release|Any CPU
		{28990B1C-834C-4164-8C69-B8A123CA40F1}.Ad-Hoc|Win32.ActiveCfg = Release|Any CPU
		{28990B1C-834C-4164-8C69-B8A123CA40F1}.Ad-Hoc|x64.ActiveCfg = Release|Any CPU
		{28990B1C-834C-4164-8C69-B8A123CA40F1}.Ad-Hoc|x86.ActiveCfg = Release|Any CPU
		{28990B1C-834C-4164-8C69-B8A123CA40F1}.AppStore|Any CPU.ActiveCfg = Release|Any CPU
		{28990B1C-834C-4164-8C69-B8A123CA40F1}.AppStore|Any CPU.Build.0 = Release|Any CPU
		{28990B1C-834C-4164-8C69-B8A123CA40F1}.AppStore|ARM.ActiveCfg = Release|Any CPU
		{28990B1C-834C-4164-8C69-B8A123CA40F1}.AppStore|iPhone.ActiveCfg = Release|Any CPU
		{28990B1C-834C-4164-8C69-B8A123CA40F1}.AppStore|iPhoneSimulator.ActiveCfg = Release|Any CPU
		{28990B1C-834C-4164-8C69-B8A123CA40F1}.AppStore|Mixed Platforms.ActiveCfg = Release|Any CPU
		{28990B1C-834C-4164-8C69-B8A123CA40F1}.AppStore|Mixed Platforms.Build.0 = Release|Any CPU
		{28990B1C-834C-4164-8C69-B8A123CA40F1}.AppStore|Win32.ActiveCfg = Release|Any CPU
		{28990B1C-834C-4164-8C69-B8A123CA40F1}.AppStore|x64.ActiveCfg = Release|Any CPU
		{28990B1C-834C-4164-8C69-B8A123CA40F1}.AppStore|x86.ActiveCfg = Release|Any CPU
		{28990B1C-834C-4164-8C69-B8A123CA40F1}.Debug|Any CPU.ActiveCfg = Debug|Any CPU
		{28990B1C-834C-4164-8C69-B8A123CA40F1}.Debug|Any CPU.Build.0 = Debug|Any CPU
		{28990B1C-834C-4164-8C69-B8A123CA40F1}.Debug|ARM.ActiveCfg = Debug|Any CPU
		{28990B1C-834C-4164-8C69-B8A123CA40F1}.Debug|iPhone.ActiveCfg = Debug|Any CPU
		{28990B1C-834C-4164-8C69-B8A123CA40F1}.Debug|iPhoneSimulator.ActiveCfg = Debug|Any CPU
		{28990B1C-834C-4164-8C69-B8A123CA40F1}.Debug|Mixed Platforms.ActiveCfg = Debug|Any CPU
		{28990B1C-834C-4164-8C69-B8A123CA40F1}.Debug|Mixed Platforms.Build.0 = Debug|Any CPU
		{28990B1C-834C-4164-8C69-B8A123CA40F1}.Debug|Win32.ActiveCfg = Debug|Any CPU
		{28990B1C-834C-4164-8C69-B8A123CA40F1}.Debug|Win32.Build.0 = Debug|Any CPU
		{28990B1C-834C-4164-8C69-B8A123CA40F1}.Debug|x64.ActiveCfg = Debug|Any CPU
		{28990B1C-834C-4164-8C69-B8A123CA40F1}.Debug|x64.Build.0 = Debug|Any CPU
		{28990B1C-834C-4164-8C69-B8A123CA40F1}.Debug|x86.ActiveCfg = Debug|Any CPU
		{28990B1C-834C-4164-8C69-B8A123CA40F1}.Debug|x86.Build.0 = Debug|Any CPU
		{28990B1C-834C-4164-8C69-B8A123CA40F1}.Release|Any CPU.ActiveCfg = Release|Any CPU
		{28990B1C-834C-4164-8C69-B8A123CA40F1}.Release|Any CPU.Build.0 = Release|Any CPU
		{28990B1C-834C-4164-8C69-B8A123CA40F1}.Release|ARM.ActiveCfg = Release|Any CPU
		{28990B1C-834C-4164-8C69-B8A123CA40F1}.Release|iPhone.ActiveCfg = Release|Any CPU
		{28990B1C-834C-4164-8C69-B8A123CA40F1}.Release|iPhoneSimulator.ActiveCfg = Release|Any CPU
		{28990B1C-834C-4164-8C69-B8A123CA40F1}.Release|Mixed Platforms.ActiveCfg = Release|Any CPU
		{28990B1C-834C-4164-8C69-B8A123CA40F1}.Release|Mixed Platforms.Build.0 = Release|Any CPU
		{28990B1C-834C-4164-8C69-B8A123CA40F1}.Release|Win32.ActiveCfg = Release|Any CPU
		{28990B1C-834C-4164-8C69-B8A123CA40F1}.Release|Win32.Build.0 = Release|Any CPU
		{28990B1C-834C-4164-8C69-B8A123CA40F1}.Release|x64.ActiveCfg = Release|Any CPU
		{28990B1C-834C-4164-8C69-B8A123CA40F1}.Release|x64.Build.0 = Release|Any CPU
		{28990B1C-834C-4164-8C69-B8A123CA40F1}.Release|x86.ActiveCfg = Release|Any CPU
		{28990B1C-834C-4164-8C69-B8A123CA40F1}.Release|x86.Build.0 = Release|Any CPU
		{0A2A299B-A9D7-4A06-B810-DE0FCD3BBDD7}.Ad-Hoc|Any CPU.ActiveCfg = Release|Any CPU
		{0A2A299B-A9D7-4A06-B810-DE0FCD3BBDD7}.Ad-Hoc|Any CPU.Build.0 = Release|Any CPU
		{0A2A299B-A9D7-4A06-B810-DE0FCD3BBDD7}.Ad-Hoc|ARM.ActiveCfg = Release|Any CPU
		{0A2A299B-A9D7-4A06-B810-DE0FCD3BBDD7}.Ad-Hoc|iPhone.ActiveCfg = Release|Any CPU
		{0A2A299B-A9D7-4A06-B810-DE0FCD3BBDD7}.Ad-Hoc|iPhoneSimulator.ActiveCfg = Release|Any CPU
		{0A2A299B-A9D7-4A06-B810-DE0FCD3BBDD7}.Ad-Hoc|Mixed Platforms.ActiveCfg = Release|Any CPU
		{0A2A299B-A9D7-4A06-B810-DE0FCD3BBDD7}.Ad-Hoc|Mixed Platforms.Build.0 = Release|Any CPU
		{0A2A299B-A9D7-4A06-B810-DE0FCD3BBDD7}.Ad-Hoc|Win32.ActiveCfg = Release|Any CPU
		{0A2A299B-A9D7-4A06-B810-DE0FCD3BBDD7}.Ad-Hoc|x64.ActiveCfg = Release|Any CPU
		{0A2A299B-A9D7-4A06-B810-DE0FCD3BBDD7}.Ad-Hoc|x86.ActiveCfg = Release|Any CPU
		{0A2A299B-A9D7-4A06-B810-DE0FCD3BBDD7}.AppStore|Any CPU.ActiveCfg = Release|Any CPU
		{0A2A299B-A9D7-4A06-B810-DE0FCD3BBDD7}.AppStore|Any CPU.Build.0 = Release|Any CPU
		{0A2A299B-A9D7-4A06-B810-DE0FCD3BBDD7}.AppStore|ARM.ActiveCfg = Release|Any CPU
		{0A2A299B-A9D7-4A06-B810-DE0FCD3BBDD7}.AppStore|iPhone.ActiveCfg = Release|Any CPU
		{0A2A299B-A9D7-4A06-B810-DE0FCD3BBDD7}.AppStore|iPhoneSimulator.ActiveCfg = Release|Any CPU
		{0A2A299B-A9D7-4A06-B810-DE0FCD3BBDD7}.AppStore|Mixed Platforms.ActiveCfg = Release|Any CPU
		{0A2A299B-A9D7-4A06-B810-DE0FCD3BBDD7}.AppStore|Mixed Platforms.Build.0 = Release|Any CPU
		{0A2A299B-A9D7-4A06-B810-DE0FCD3BBDD7}.AppStore|Win32.ActiveCfg = Release|Any CPU
		{0A2A299B-A9D7-4A06-B810-DE0FCD3BBDD7}.AppStore|x64.ActiveCfg = Release|Any CPU
		{0A2A299B-A9D7-4A06-B810-DE0FCD3BBDD7}.AppStore|x86.ActiveCfg = Release|Any CPU
		{0A2A299B-A9D7-4A06-B810-DE0FCD3BBDD7}.Debug|Any CPU.ActiveCfg = Debug|Any CPU
		{0A2A299B-A9D7-4A06-B810-DE0FCD3BBDD7}.Debug|Any CPU.Build.0 = Debug|Any CPU
		{0A2A299B-A9D7-4A06-B810-DE0FCD3BBDD7}.Debug|ARM.ActiveCfg = Debug|Any CPU
		{0A2A299B-A9D7-4A06-B810-DE0FCD3BBDD7}.Debug|iPhone.ActiveCfg = Debug|Any CPU
		{0A2A299B-A9D7-4A06-B810-DE0FCD3BBDD7}.Debug|iPhoneSimulator.ActiveCfg = Debug|Any CPU
		{0A2A299B-A9D7-4A06-B810-DE0FCD3BBDD7}.Debug|Mixed Platforms.ActiveCfg = Debug|Any CPU
		{0A2A299B-A9D7-4A06-B810-DE0FCD3BBDD7}.Debug|Mixed Platforms.Build.0 = Debug|Any CPU
		{0A2A299B-A9D7-4A06-B810-DE0FCD3BBDD7}.Debug|Win32.ActiveCfg = Debug|Any CPU
		{0A2A299B-A9D7-4A06-B810-DE0FCD3BBDD7}.Debug|Win32.Build.0 = Debug|Any CPU
		{0A2A299B-A9D7-4A06-B810-DE0FCD3BBDD7}.Debug|x64.ActiveCfg = Debug|Any CPU
		{0A2A299B-A9D7-4A06-B810-DE0FCD3BBDD7}.Debug|x64.Build.0 = Debug|Any CPU
		{0A2A299B-A9D7-4A06-B810-DE0FCD3BBDD7}.Debug|x86.ActiveCfg = Debug|Any CPU
		{0A2A299B-A9D7-4A06-B810-DE0FCD3BBDD7}.Debug|x86.Build.0 = Debug|Any CPU
		{0A2A299B-A9D7-4A06-B810-DE0FCD3BBDD7}.Release|Any CPU.ActiveCfg = Release|Any CPU
		{0A2A299B-A9D7-4A06-B810-DE0FCD3BBDD7}.Release|Any CPU.Build.0 = Release|Any CPU
		{0A2A299B-A9D7-4A06-B810-DE0FCD3BBDD7}.Release|ARM.ActiveCfg = Release|Any CPU
		{0A2A299B-A9D7-4A06-B810-DE0FCD3BBDD7}.Release|iPhone.ActiveCfg = Release|Any CPU
		{0A2A299B-A9D7-4A06-B810-DE0FCD3BBDD7}.Release|iPhoneSimulator.ActiveCfg = Release|Any CPU
		{0A2A299B-A9D7-4A06-B810-DE0FCD3BBDD7}.Release|Mixed Platforms.ActiveCfg = Release|Any CPU
		{0A2A299B-A9D7-4A06-B810-DE0FCD3BBDD7}.Release|Mixed Platforms.Build.0 = Release|Any CPU
		{0A2A299B-A9D7-4A06-B810-DE0FCD3BBDD7}.Release|Win32.ActiveCfg = Release|Any CPU
		{0A2A299B-A9D7-4A06-B810-DE0FCD3BBDD7}.Release|Win32.Build.0 = Release|Any CPU
		{0A2A299B-A9D7-4A06-B810-DE0FCD3BBDD7}.Release|x64.ActiveCfg = Release|Any CPU
		{0A2A299B-A9D7-4A06-B810-DE0FCD3BBDD7}.Release|x64.Build.0 = Release|Any CPU
		{0A2A299B-A9D7-4A06-B810-DE0FCD3BBDD7}.Release|x86.ActiveCfg = Release|Any CPU
		{0A2A299B-A9D7-4A06-B810-DE0FCD3BBDD7}.Release|x86.Build.0 = Release|Any CPU
		{F2CD2E3F-4119-46E6-9F10-4E93665EA990}.Ad-Hoc|Any CPU.ActiveCfg = Release|Any CPU
		{F2CD2E3F-4119-46E6-9F10-4E93665EA990}.Ad-Hoc|Any CPU.Build.0 = Release|Any CPU
		{F2CD2E3F-4119-46E6-9F10-4E93665EA990}.Ad-Hoc|ARM.ActiveCfg = Release|Any CPU
		{F2CD2E3F-4119-46E6-9F10-4E93665EA990}.Ad-Hoc|iPhone.ActiveCfg = Release|Any CPU
		{F2CD2E3F-4119-46E6-9F10-4E93665EA990}.Ad-Hoc|iPhoneSimulator.ActiveCfg = Release|Any CPU
		{F2CD2E3F-4119-46E6-9F10-4E93665EA990}.Ad-Hoc|Mixed Platforms.ActiveCfg = Release|Any CPU
		{F2CD2E3F-4119-46E6-9F10-4E93665EA990}.Ad-Hoc|Mixed Platforms.Build.0 = Release|Any CPU
		{F2CD2E3F-4119-46E6-9F10-4E93665EA990}.Ad-Hoc|Win32.ActiveCfg = Release|Any CPU
		{F2CD2E3F-4119-46E6-9F10-4E93665EA990}.Ad-Hoc|x64.ActiveCfg = Release|Any CPU
		{F2CD2E3F-4119-46E6-9F10-4E93665EA990}.Ad-Hoc|x86.ActiveCfg = Release|Any CPU
		{F2CD2E3F-4119-46E6-9F10-4E93665EA990}.AppStore|Any CPU.ActiveCfg = Release|Any CPU
		{F2CD2E3F-4119-46E6-9F10-4E93665EA990}.AppStore|Any CPU.Build.0 = Release|Any CPU
		{F2CD2E3F-4119-46E6-9F10-4E93665EA990}.AppStore|ARM.ActiveCfg = Release|Any CPU
		{F2CD2E3F-4119-46E6-9F10-4E93665EA990}.AppStore|iPhone.ActiveCfg = Release|Any CPU
		{F2CD2E3F-4119-46E6-9F10-4E93665EA990}.AppStore|iPhoneSimulator.ActiveCfg = Release|Any CPU
		{F2CD2E3F-4119-46E6-9F10-4E93665EA990}.AppStore|Mixed Platforms.ActiveCfg = Release|Any CPU
		{F2CD2E3F-4119-46E6-9F10-4E93665EA990}.AppStore|Mixed Platforms.Build.0 = Release|Any CPU
		{F2CD2E3F-4119-46E6-9F10-4E93665EA990}.AppStore|Win32.ActiveCfg = Release|Any CPU
		{F2CD2E3F-4119-46E6-9F10-4E93665EA990}.AppStore|x64.ActiveCfg = Release|Any CPU
		{F2CD2E3F-4119-46E6-9F10-4E93665EA990}.AppStore|x86.ActiveCfg = Release|Any CPU
		{F2CD2E3F-4119-46E6-9F10-4E93665EA990}.Debug|Any CPU.ActiveCfg = Debug|Any CPU
		{F2CD2E3F-4119-46E6-9F10-4E93665EA990}.Debug|Any CPU.Build.0 = Debug|Any CPU
		{F2CD2E3F-4119-46E6-9F10-4E93665EA990}.Debug|ARM.ActiveCfg = Debug|Any CPU
		{F2CD2E3F-4119-46E6-9F10-4E93665EA990}.Debug|iPhone.ActiveCfg = Debug|Any CPU
		{F2CD2E3F-4119-46E6-9F10-4E93665EA990}.Debug|iPhoneSimulator.ActiveCfg = Debug|Any CPU
		{F2CD2E3F-4119-46E6-9F10-4E93665EA990}.Debug|Mixed Platforms.ActiveCfg = Debug|Any CPU
		{F2CD2E3F-4119-46E6-9F10-4E93665EA990}.Debug|Mixed Platforms.Build.0 = Debug|Any CPU
		{F2CD2E3F-4119-46E6-9F10-4E93665EA990}.Debug|Win32.ActiveCfg = Debug|Any CPU
		{F2CD2E3F-4119-46E6-9F10-4E93665EA990}.Debug|Win32.Build.0 = Debug|Any CPU
		{F2CD2E3F-4119-46E6-9F10-4E93665EA990}.Debug|x64.ActiveCfg = Debug|Any CPU
		{F2CD2E3F-4119-46E6-9F10-4E93665EA990}.Debug|x64.Build.0 = Debug|Any CPU
		{F2CD2E3F-4119-46E6-9F10-4E93665EA990}.Debug|x86.ActiveCfg = Debug|Any CPU
		{F2CD2E3F-4119-46E6-9F10-4E93665EA990}.Debug|x86.Build.0 = Debug|Any CPU
		{F2CD2E3F-4119-46E6-9F10-4E93665EA990}.Release|Any CPU.ActiveCfg = Release|Any CPU
		{F2CD2E3F-4119-46E6-9F10-4E93665EA990}.Release|Any CPU.Build.0 = Release|Any CPU
		{F2CD2E3F-4119-46E6-9F10-4E93665EA990}.Release|ARM.ActiveCfg = Release|Any CPU
		{F2CD2E3F-4119-46E6-9F10-4E93665EA990}.Release|iPhone.ActiveCfg = Release|Any CPU
		{F2CD2E3F-4119-46E6-9F10-4E93665EA990}.Release|iPhoneSimulator.ActiveCfg = Release|Any CPU
		{F2CD2E3F-4119-46E6-9F10-4E93665EA990}.Release|Mixed Platforms.ActiveCfg = Release|Any CPU
		{F2CD2E3F-4119-46E6-9F10-4E93665EA990}.Release|Mixed Platforms.Build.0 = Release|Any CPU
		{F2CD2E3F-4119-46E6-9F10-4E93665EA990}.Release|Win32.ActiveCfg = Release|Any CPU
		{F2CD2E3F-4119-46E6-9F10-4E93665EA990}.Release|Win32.Build.0 = Release|Any CPU
		{F2CD2E3F-4119-46E6-9F10-4E93665EA990}.Release|x64.ActiveCfg = Release|Any CPU
		{F2CD2E3F-4119-46E6-9F10-4E93665EA990}.Release|x64.Build.0 = Release|Any CPU
		{F2CD2E3F-4119-46E6-9F10-4E93665EA990}.Release|x86.ActiveCfg = Release|Any CPU
		{F2CD2E3F-4119-46E6-9F10-4E93665EA990}.Release|x86.Build.0 = Release|Any CPU
		{9ADB20BA-877E-4CB0-A12B-7BABE3FEDC27}.Ad-Hoc|Any CPU.ActiveCfg = Release|Any CPU
		{9ADB20BA-877E-4CB0-A12B-7BABE3FEDC27}.Ad-Hoc|Any CPU.Build.0 = Release|Any CPU
		{9ADB20BA-877E-4CB0-A12B-7BABE3FEDC27}.Ad-Hoc|ARM.ActiveCfg = Release|Any CPU
		{9ADB20BA-877E-4CB0-A12B-7BABE3FEDC27}.Ad-Hoc|iPhone.ActiveCfg = Release|Any CPU
		{9ADB20BA-877E-4CB0-A12B-7BABE3FEDC27}.Ad-Hoc|iPhoneSimulator.ActiveCfg = Release|Any CPU
		{9ADB20BA-877E-4CB0-A12B-7BABE3FEDC27}.Ad-Hoc|Mixed Platforms.ActiveCfg = Release|Any CPU
		{9ADB20BA-877E-4CB0-A12B-7BABE3FEDC27}.Ad-Hoc|Mixed Platforms.Build.0 = Release|Any CPU
		{9ADB20BA-877E-4CB0-A12B-7BABE3FEDC27}.Ad-Hoc|Win32.ActiveCfg = Release|Any CPU
		{9ADB20BA-877E-4CB0-A12B-7BABE3FEDC27}.Ad-Hoc|x64.ActiveCfg = Release|Any CPU
		{9ADB20BA-877E-4CB0-A12B-7BABE3FEDC27}.Ad-Hoc|x86.ActiveCfg = Release|Any CPU
		{9ADB20BA-877E-4CB0-A12B-7BABE3FEDC27}.AppStore|Any CPU.ActiveCfg = Release|Any CPU
		{9ADB20BA-877E-4CB0-A12B-7BABE3FEDC27}.AppStore|Any CPU.Build.0 = Release|Any CPU
		{9ADB20BA-877E-4CB0-A12B-7BABE3FEDC27}.AppStore|ARM.ActiveCfg = Release|Any CPU
		{9ADB20BA-877E-4CB0-A12B-7BABE3FEDC27}.AppStore|iPhone.ActiveCfg = Release|Any CPU
		{9ADB20BA-877E-4CB0-A12B-7BABE3FEDC27}.AppStore|iPhoneSimulator.ActiveCfg = Release|Any CPU
		{9ADB20BA-877E-4CB0-A12B-7BABE3FEDC27}.AppStore|Mixed Platforms.ActiveCfg = Release|Any CPU
		{9ADB20BA-877E-4CB0-A12B-7BABE3FEDC27}.AppStore|Mixed Platforms.Build.0 = Release|Any CPU
		{9ADB20BA-877E-4CB0-A12B-7BABE3FEDC27}.AppStore|Win32.ActiveCfg = Release|Any CPU
		{9ADB20BA-877E-4CB0-A12B-7BABE3FEDC27}.AppStore|x64.ActiveCfg = Release|Any CPU
		{9ADB20BA-877E-4CB0-A12B-7BABE3FEDC27}.AppStore|x86.ActiveCfg = Release|Any CPU
		{9ADB20BA-877E-4CB0-A12B-7BABE3FEDC27}.Debug|Any CPU.ActiveCfg = Debug|Any CPU
		{9ADB20BA-877E-4CB0-A12B-7BABE3FEDC27}.Debug|Any CPU.Build.0 = Debug|Any CPU
		{9ADB20BA-877E-4CB0-A12B-7BABE3FEDC27}.Debug|ARM.ActiveCfg = Debug|Any CPU
		{9ADB20BA-877E-4CB0-A12B-7BABE3FEDC27}.Debug|iPhone.ActiveCfg = Debug|Any CPU
		{9ADB20BA-877E-4CB0-A12B-7BABE3FEDC27}.Debug|iPhoneSimulator.ActiveCfg = Debug|Any CPU
		{9ADB20BA-877E-4CB0-A12B-7BABE3FEDC27}.Debug|Mixed Platforms.ActiveCfg = Debug|Any CPU
		{9ADB20BA-877E-4CB0-A12B-7BABE3FEDC27}.Debug|Mixed Platforms.Build.0 = Debug|Any CPU
		{9ADB20BA-877E-4CB0-A12B-7BABE3FEDC27}.Debug|Win32.ActiveCfg = Debug|Any CPU
		{9ADB20BA-877E-4CB0-A12B-7BABE3FEDC27}.Debug|Win32.Build.0 = Debug|Any CPU
		{9ADB20BA-877E-4CB0-A12B-7BABE3FEDC27}.Debug|x64.ActiveCfg = Debug|Any CPU
		{9ADB20BA-877E-4CB0-A12B-7BABE3FEDC27}.Debug|x64.Build.0 = Debug|Any CPU
		{9ADB20BA-877E-4CB0-A12B-7BABE3FEDC27}.Debug|x86.ActiveCfg = Debug|Any CPU
		{9ADB20BA-877E-4CB0-A12B-7BABE3FEDC27}.Debug|x86.Build.0 = Debug|Any CPU
		{9ADB20BA-877E-4CB0-A12B-7BABE3FEDC27}.Release|Any CPU.ActiveCfg = Release|Any CPU
		{9ADB20BA-877E-4CB0-A12B-7BABE3FEDC27}.Release|Any CPU.Build.0 = Release|Any CPU
		{9ADB20BA-877E-4CB0-A12B-7BABE3FEDC27}.Release|ARM.ActiveCfg = Release|Any CPU
		{9ADB20BA-877E-4CB0-A12B-7BABE3FEDC27}.Release|iPhone.ActiveCfg = Release|Any CPU
		{9ADB20BA-877E-4CB0-A12B-7BABE3FEDC27}.Release|iPhoneSimulator.ActiveCfg = Release|Any CPU
		{9ADB20BA-877E-4CB0-A12B-7BABE3FEDC27}.Release|Mixed Platforms.ActiveCfg = Release|Any CPU
		{9ADB20BA-877E-4CB0-A12B-7BABE3FEDC27}.Release|Mixed Platforms.Build.0 = Release|Any CPU
		{9ADB20BA-877E-4CB0-A12B-7BABE3FEDC27}.Release|Win32.ActiveCfg = Release|Any CPU
		{9ADB20BA-877E-4CB0-A12B-7BABE3FEDC27}.Release|Win32.Build.0 = Release|Any CPU
		{9ADB20BA-877E-4CB0-A12B-7BABE3FEDC27}.Release|x64.ActiveCfg = Release|Any CPU
		{9ADB20BA-877E-4CB0-A12B-7BABE3FEDC27}.Release|x64.Build.0 = Release|Any CPU
		{9ADB20BA-877E-4CB0-A12B-7BABE3FEDC27}.Release|x86.ActiveCfg = Release|Any CPU
		{9ADB20BA-877E-4CB0-A12B-7BABE3FEDC27}.Release|x86.Build.0 = Release|Any CPU
		{8AC9D06F-320D-4CF4-8A73-725A5EF177AD}.Ad-Hoc|Any CPU.ActiveCfg = Release|Any CPU
		{8AC9D06F-320D-4CF4-8A73-725A5EF177AD}.Ad-Hoc|Any CPU.Build.0 = Release|Any CPU
		{8AC9D06F-320D-4CF4-8A73-725A5EF177AD}.Ad-Hoc|ARM.ActiveCfg = Release|Any CPU
		{8AC9D06F-320D-4CF4-8A73-725A5EF177AD}.Ad-Hoc|iPhone.ActiveCfg = Release|Any CPU
		{8AC9D06F-320D-4CF4-8A73-725A5EF177AD}.Ad-Hoc|iPhoneSimulator.ActiveCfg = Release|Any CPU
		{8AC9D06F-320D-4CF4-8A73-725A5EF177AD}.Ad-Hoc|Mixed Platforms.ActiveCfg = Release|Any CPU
		{8AC9D06F-320D-4CF4-8A73-725A5EF177AD}.Ad-Hoc|Mixed Platforms.Build.0 = Release|Any CPU
		{8AC9D06F-320D-4CF4-8A73-725A5EF177AD}.Ad-Hoc|Win32.ActiveCfg = Release|Any CPU
		{8AC9D06F-320D-4CF4-8A73-725A5EF177AD}.Ad-Hoc|x64.ActiveCfg = Release|Any CPU
		{8AC9D06F-320D-4CF4-8A73-725A5EF177AD}.Ad-Hoc|x86.ActiveCfg = Release|Any CPU
		{8AC9D06F-320D-4CF4-8A73-725A5EF177AD}.AppStore|Any CPU.ActiveCfg = Release|Any CPU
		{8AC9D06F-320D-4CF4-8A73-725A5EF177AD}.AppStore|Any CPU.Build.0 = Release|Any CPU
		{8AC9D06F-320D-4CF4-8A73-725A5EF177AD}.AppStore|ARM.ActiveCfg = Release|Any CPU
		{8AC9D06F-320D-4CF4-8A73-725A5EF177AD}.AppStore|iPhone.ActiveCfg = Release|Any CPU
		{8AC9D06F-320D-4CF4-8A73-725A5EF177AD}.AppStore|iPhoneSimulator.ActiveCfg = Release|Any CPU
		{8AC9D06F-320D-4CF4-8A73-725A5EF177AD}.AppStore|Mixed Platforms.ActiveCfg = Release|Any CPU
		{8AC9D06F-320D-4CF4-8A73-725A5EF177AD}.AppStore|Mixed Platforms.Build.0 = Release|Any CPU
		{8AC9D06F-320D-4CF4-8A73-725A5EF177AD}.AppStore|Win32.ActiveCfg = Release|Any CPU
		{8AC9D06F-320D-4CF4-8A73-725A5EF177AD}.AppStore|x64.ActiveCfg = Release|Any CPU
		{8AC9D06F-320D-4CF4-8A73-725A5EF177AD}.AppStore|x86.ActiveCfg = Release|Any CPU
		{8AC9D06F-320D-4CF4-8A73-725A5EF177AD}.Debug|Any CPU.ActiveCfg = Debug|Any CPU
		{8AC9D06F-320D-4CF4-8A73-725A5EF177AD}.Debug|Any CPU.Build.0 = Debug|Any CPU
		{8AC9D06F-320D-4CF4-8A73-725A5EF177AD}.Debug|ARM.ActiveCfg = Debug|Any CPU
		{8AC9D06F-320D-4CF4-8A73-725A5EF177AD}.Debug|iPhone.ActiveCfg = Debug|Any CPU
		{8AC9D06F-320D-4CF4-8A73-725A5EF177AD}.Debug|iPhoneSimulator.ActiveCfg = Debug|Any CPU
		{8AC9D06F-320D-4CF4-8A73-725A5EF177AD}.Debug|Mixed Platforms.ActiveCfg = Debug|Any CPU
		{8AC9D06F-320D-4CF4-8A73-725A5EF177AD}.Debug|Mixed Platforms.Build.0 = Debug|Any CPU
		{8AC9D06F-320D-4CF4-8A73-725A5EF177AD}.Debug|Win32.ActiveCfg = Debug|Any CPU
		{8AC9D06F-320D-4CF4-8A73-725A5EF177AD}.Debug|Win32.Build.0 = Debug|Any CPU
		{8AC9D06F-320D-4CF4-8A73-725A5EF177AD}.Debug|x64.ActiveCfg = Debug|Any CPU
		{8AC9D06F-320D-4CF4-8A73-725A5EF177AD}.Debug|x64.Build.0 = Debug|Any CPU
		{8AC9D06F-320D-4CF4-8A73-725A5EF177AD}.Debug|x86.ActiveCfg = Debug|Any CPU
		{8AC9D06F-320D-4CF4-8A73-725A5EF177AD}.Debug|x86.Build.0 = Debug|Any CPU
		{8AC9D06F-320D-4CF4-8A73-725A5EF177AD}.Release|Any CPU.ActiveCfg = Release|Any CPU
		{8AC9D06F-320D-4CF4-8A73-725A5EF177AD}.Release|Any CPU.Build.0 = Release|Any CPU
		{8AC9D06F-320D-4CF4-8A73-725A5EF177AD}.Release|ARM.ActiveCfg = Release|Any CPU
		{8AC9D06F-320D-4CF4-8A73-725A5EF177AD}.Release|iPhone.ActiveCfg = Release|Any CPU
		{8AC9D06F-320D-4CF4-8A73-725A5EF177AD}.Release|iPhoneSimulator.ActiveCfg = Release|Any CPU
		{8AC9D06F-320D-4CF4-8A73-725A5EF177AD}.Release|Mixed Platforms.ActiveCfg = Release|Any CPU
		{8AC9D06F-320D-4CF4-8A73-725A5EF177AD}.Release|Mixed Platforms.Build.0 = Release|Any CPU
		{8AC9D06F-320D-4CF4-8A73-725A5EF177AD}.Release|Win32.ActiveCfg = Release|Any CPU
		{8AC9D06F-320D-4CF4-8A73-725A5EF177AD}.Release|Win32.Build.0 = Release|Any CPU
		{8AC9D06F-320D-4CF4-8A73-725A5EF177AD}.Release|x64.ActiveCfg = Release|Any CPU
		{8AC9D06F-320D-4CF4-8A73-725A5EF177AD}.Release|x64.Build.0 = Release|Any CPU
		{8AC9D06F-320D-4CF4-8A73-725A5EF177AD}.Release|x86.ActiveCfg = Release|Any CPU
		{8AC9D06F-320D-4CF4-8A73-725A5EF177AD}.Release|x86.Build.0 = Release|Any CPU
		{92920F42-4F8B-4899-9C9D-FC73AB606124}.Ad-Hoc|Any CPU.ActiveCfg = Release|Any CPU
		{92920F42-4F8B-4899-9C9D-FC73AB606124}.Ad-Hoc|Any CPU.Build.0 = Release|Any CPU
		{92920F42-4F8B-4899-9C9D-FC73AB606124}.Ad-Hoc|ARM.ActiveCfg = Release|Any CPU
		{92920F42-4F8B-4899-9C9D-FC73AB606124}.Ad-Hoc|iPhone.ActiveCfg = Release|Any CPU
		{92920F42-4F8B-4899-9C9D-FC73AB606124}.Ad-Hoc|iPhoneSimulator.ActiveCfg = Release|Any CPU
		{92920F42-4F8B-4899-9C9D-FC73AB606124}.Ad-Hoc|Mixed Platforms.ActiveCfg = Release|Any CPU
		{92920F42-4F8B-4899-9C9D-FC73AB606124}.Ad-Hoc|Mixed Platforms.Build.0 = Release|Any CPU
		{92920F42-4F8B-4899-9C9D-FC73AB606124}.Ad-Hoc|Win32.ActiveCfg = Release|Any CPU
		{92920F42-4F8B-4899-9C9D-FC73AB606124}.Ad-Hoc|x64.ActiveCfg = Release|Any CPU
		{92920F42-4F8B-4899-9C9D-FC73AB606124}.Ad-Hoc|x86.ActiveCfg = Release|Any CPU
		{92920F42-4F8B-4899-9C9D-FC73AB606124}.AppStore|Any CPU.ActiveCfg = Release|Any CPU
		{92920F42-4F8B-4899-9C9D-FC73AB606124}.AppStore|Any CPU.Build.0 = Release|Any CPU
		{92920F42-4F8B-4899-9C9D-FC73AB606124}.AppStore|ARM.ActiveCfg = Release|Any CPU
		{92920F42-4F8B-4899-9C9D-FC73AB606124}.AppStore|iPhone.ActiveCfg = Release|Any CPU
		{92920F42-4F8B-4899-9C9D-FC73AB606124}.AppStore|iPhoneSimulator.ActiveCfg = Release|Any CPU
		{92920F42-4F8B-4899-9C9D-FC73AB606124}.AppStore|Mixed Platforms.ActiveCfg = Release|Any CPU
		{92920F42-4F8B-4899-9C9D-FC73AB606124}.AppStore|Mixed Platforms.Build.0 = Release|Any CPU
		{92920F42-4F8B-4899-9C9D-FC73AB606124}.AppStore|Win32.ActiveCfg = Release|Any CPU
		{92920F42-4F8B-4899-9C9D-FC73AB606124}.AppStore|x64.ActiveCfg = Release|Any CPU
		{92920F42-4F8B-4899-9C9D-FC73AB606124}.AppStore|x86.ActiveCfg = Release|Any CPU
		{92920F42-4F8B-4899-9C9D-FC73AB606124}.Debug|Any CPU.ActiveCfg = Debug|Any CPU
		{92920F42-4F8B-4899-9C9D-FC73AB606124}.Debug|Any CPU.Build.0 = Debug|Any CPU
		{92920F42-4F8B-4899-9C9D-FC73AB606124}.Debug|ARM.ActiveCfg = Debug|Any CPU
		{92920F42-4F8B-4899-9C9D-FC73AB606124}.Debug|iPhone.ActiveCfg = Debug|Any CPU
		{92920F42-4F8B-4899-9C9D-FC73AB606124}.Debug|iPhoneSimulator.ActiveCfg = Debug|Any CPU
		{92920F42-4F8B-4899-9C9D-FC73AB606124}.Debug|Mixed Platforms.ActiveCfg = Debug|Any CPU
		{92920F42-4F8B-4899-9C9D-FC73AB606124}.Debug|Mixed Platforms.Build.0 = Debug|Any CPU
		{92920F42-4F8B-4899-9C9D-FC73AB606124}.Debug|Win32.ActiveCfg = Debug|Any CPU
		{92920F42-4F8B-4899-9C9D-FC73AB606124}.Debug|Win32.Build.0 = Debug|Any CPU
		{92920F42-4F8B-4899-9C9D-FC73AB606124}.Debug|x64.ActiveCfg = Debug|Any CPU
		{92920F42-4F8B-4899-9C9D-FC73AB606124}.Debug|x64.Build.0 = Debug|Any CPU
		{92920F42-4F8B-4899-9C9D-FC73AB606124}.Debug|x86.ActiveCfg = Debug|Any CPU
		{92920F42-4F8B-4899-9C9D-FC73AB606124}.Debug|x86.Build.0 = Debug|Any CPU
		{92920F42-4F8B-4899-9C9D-FC73AB606124}.Release|Any CPU.ActiveCfg = Release|Any CPU
		{92920F42-4F8B-4899-9C9D-FC73AB606124}.Release|Any CPU.Build.0 = Release|Any CPU
		{92920F42-4F8B-4899-9C9D-FC73AB606124}.Release|ARM.ActiveCfg = Release|Any CPU
		{92920F42-4F8B-4899-9C9D-FC73AB606124}.Release|iPhone.ActiveCfg = Release|Any CPU
		{92920F42-4F8B-4899-9C9D-FC73AB606124}.Release|iPhoneSimulator.ActiveCfg = Release|Any CPU
		{92920F42-4F8B-4899-9C9D-FC73AB606124}.Release|Mixed Platforms.ActiveCfg = Release|Any CPU
		{92920F42-4F8B-4899-9C9D-FC73AB606124}.Release|Mixed Platforms.Build.0 = Release|Any CPU
		{92920F42-4F8B-4899-9C9D-FC73AB606124}.Release|Win32.ActiveCfg = Release|Any CPU
		{92920F42-4F8B-4899-9C9D-FC73AB606124}.Release|Win32.Build.0 = Release|Any CPU
		{92920F42-4F8B-4899-9C9D-FC73AB606124}.Release|x64.ActiveCfg = Release|Any CPU
		{92920F42-4F8B-4899-9C9D-FC73AB606124}.Release|x64.Build.0 = Release|Any CPU
		{92920F42-4F8B-4899-9C9D-FC73AB606124}.Release|x86.ActiveCfg = Release|Any CPU
		{92920F42-4F8B-4899-9C9D-FC73AB606124}.Release|x86.Build.0 = Release|Any CPU
		{0278DC9D-0919-4678-855B-08D27B228F86}.Ad-Hoc|Any CPU.ActiveCfg = Release|Any CPU
		{0278DC9D-0919-4678-855B-08D27B228F86}.Ad-Hoc|Any CPU.Build.0 = Release|Any CPU
		{0278DC9D-0919-4678-855B-08D27B228F86}.Ad-Hoc|ARM.ActiveCfg = Release|Any CPU
		{0278DC9D-0919-4678-855B-08D27B228F86}.Ad-Hoc|ARM.Build.0 = Release|Any CPU
		{0278DC9D-0919-4678-855B-08D27B228F86}.Ad-Hoc|iPhone.ActiveCfg = Release|Any CPU
		{0278DC9D-0919-4678-855B-08D27B228F86}.Ad-Hoc|iPhone.Build.0 = Release|Any CPU
		{0278DC9D-0919-4678-855B-08D27B228F86}.Ad-Hoc|iPhoneSimulator.ActiveCfg = Release|Any CPU
		{0278DC9D-0919-4678-855B-08D27B228F86}.Ad-Hoc|iPhoneSimulator.Build.0 = Release|Any CPU
		{0278DC9D-0919-4678-855B-08D27B228F86}.Ad-Hoc|Mixed Platforms.ActiveCfg = Release|Any CPU
		{0278DC9D-0919-4678-855B-08D27B228F86}.Ad-Hoc|Mixed Platforms.Build.0 = Release|Any CPU
		{0278DC9D-0919-4678-855B-08D27B228F86}.Ad-Hoc|Win32.ActiveCfg = Release|Any CPU
		{0278DC9D-0919-4678-855B-08D27B228F86}.Ad-Hoc|Win32.Build.0 = Release|Any CPU
		{0278DC9D-0919-4678-855B-08D27B228F86}.Ad-Hoc|x64.ActiveCfg = Release|Any CPU
		{0278DC9D-0919-4678-855B-08D27B228F86}.Ad-Hoc|x64.Build.0 = Release|Any CPU
		{0278DC9D-0919-4678-855B-08D27B228F86}.Ad-Hoc|x86.ActiveCfg = Release|Any CPU
		{0278DC9D-0919-4678-855B-08D27B228F86}.Ad-Hoc|x86.Build.0 = Release|Any CPU
		{0278DC9D-0919-4678-855B-08D27B228F86}.AppStore|Any CPU.ActiveCfg = Release|Any CPU
		{0278DC9D-0919-4678-855B-08D27B228F86}.AppStore|Any CPU.Build.0 = Release|Any CPU
		{0278DC9D-0919-4678-855B-08D27B228F86}.AppStore|ARM.ActiveCfg = Release|Any CPU
		{0278DC9D-0919-4678-855B-08D27B228F86}.AppStore|ARM.Build.0 = Release|Any CPU
		{0278DC9D-0919-4678-855B-08D27B228F86}.AppStore|iPhone.ActiveCfg = Release|Any CPU
		{0278DC9D-0919-4678-855B-08D27B228F86}.AppStore|iPhone.Build.0 = Release|Any CPU
		{0278DC9D-0919-4678-855B-08D27B228F86}.AppStore|iPhoneSimulator.ActiveCfg = Release|Any CPU
		{0278DC9D-0919-4678-855B-08D27B228F86}.AppStore|iPhoneSimulator.Build.0 = Release|Any CPU
		{0278DC9D-0919-4678-855B-08D27B228F86}.AppStore|Mixed Platforms.ActiveCfg = Release|Any CPU
		{0278DC9D-0919-4678-855B-08D27B228F86}.AppStore|Mixed Platforms.Build.0 = Release|Any CPU
		{0278DC9D-0919-4678-855B-08D27B228F86}.AppStore|Win32.ActiveCfg = Release|Any CPU
		{0278DC9D-0919-4678-855B-08D27B228F86}.AppStore|Win32.Build.0 = Release|Any CPU
		{0278DC9D-0919-4678-855B-08D27B228F86}.AppStore|x64.ActiveCfg = Release|Any CPU
		{0278DC9D-0919-4678-855B-08D27B228F86}.AppStore|x64.Build.0 = Release|Any CPU
		{0278DC9D-0919-4678-855B-08D27B228F86}.AppStore|x86.ActiveCfg = Release|Any CPU
		{0278DC9D-0919-4678-855B-08D27B228F86}.AppStore|x86.Build.0 = Release|Any CPU
		{0278DC9D-0919-4678-855B-08D27B228F86}.Debug|Any CPU.ActiveCfg = Debug|Any CPU
		{0278DC9D-0919-4678-855B-08D27B228F86}.Debug|Any CPU.Build.0 = Debug|Any CPU
		{0278DC9D-0919-4678-855B-08D27B228F86}.Debug|ARM.ActiveCfg = Debug|Any CPU
		{0278DC9D-0919-4678-855B-08D27B228F86}.Debug|ARM.Build.0 = Debug|Any CPU
		{0278DC9D-0919-4678-855B-08D27B228F86}.Debug|iPhone.ActiveCfg = Debug|Any CPU
		{0278DC9D-0919-4678-855B-08D27B228F86}.Debug|iPhone.Build.0 = Debug|Any CPU
		{0278DC9D-0919-4678-855B-08D27B228F86}.Debug|iPhoneSimulator.ActiveCfg = Debug|Any CPU
		{0278DC9D-0919-4678-855B-08D27B228F86}.Debug|iPhoneSimulator.Build.0 = Debug|Any CPU
		{0278DC9D-0919-4678-855B-08D27B228F86}.Debug|Mixed Platforms.ActiveCfg = Debug|Any CPU
		{0278DC9D-0919-4678-855B-08D27B228F86}.Debug|Mixed Platforms.Build.0 = Debug|Any CPU
		{0278DC9D-0919-4678-855B-08D27B228F86}.Debug|Win32.ActiveCfg = Debug|Any CPU
		{0278DC9D-0919-4678-855B-08D27B228F86}.Debug|Win32.Build.0 = Debug|Any CPU
		{0278DC9D-0919-4678-855B-08D27B228F86}.Debug|x64.ActiveCfg = Debug|Any CPU
		{0278DC9D-0919-4678-855B-08D27B228F86}.Debug|x64.Build.0 = Debug|Any CPU
		{0278DC9D-0919-4678-855B-08D27B228F86}.Debug|x86.ActiveCfg = Debug|Any CPU
		{0278DC9D-0919-4678-855B-08D27B228F86}.Debug|x86.Build.0 = Debug|Any CPU
		{0278DC9D-0919-4678-855B-08D27B228F86}.Release|Any CPU.ActiveCfg = Release|Any CPU
		{0278DC9D-0919-4678-855B-08D27B228F86}.Release|Any CPU.Build.0 = Release|Any CPU
		{0278DC9D-0919-4678-855B-08D27B228F86}.Release|ARM.ActiveCfg = Release|Any CPU
		{0278DC9D-0919-4678-855B-08D27B228F86}.Release|ARM.Build.0 = Release|Any CPU
		{0278DC9D-0919-4678-855B-08D27B228F86}.Release|iPhone.ActiveCfg = Release|Any CPU
		{0278DC9D-0919-4678-855B-08D27B228F86}.Release|iPhone.Build.0 = Release|Any CPU
		{0278DC9D-0919-4678-855B-08D27B228F86}.Release|iPhoneSimulator.ActiveCfg = Release|Any CPU
		{0278DC9D-0919-4678-855B-08D27B228F86}.Release|iPhoneSimulator.Build.0 = Release|Any CPU
		{0278DC9D-0919-4678-855B-08D27B228F86}.Release|Mixed Platforms.ActiveCfg = Release|Any CPU
		{0278DC9D-0919-4678-855B-08D27B228F86}.Release|Mixed Platforms.Build.0 = Release|Any CPU
		{0278DC9D-0919-4678-855B-08D27B228F86}.Release|Win32.ActiveCfg = Release|Any CPU
		{0278DC9D-0919-4678-855B-08D27B228F86}.Release|Win32.Build.0 = Release|Any CPU
		{0278DC9D-0919-4678-855B-08D27B228F86}.Release|x64.ActiveCfg = Release|Any CPU
		{0278DC9D-0919-4678-855B-08D27B228F86}.Release|x64.Build.0 = Release|Any CPU
		{0278DC9D-0919-4678-855B-08D27B228F86}.Release|x86.ActiveCfg = Release|Any CPU
		{0278DC9D-0919-4678-855B-08D27B228F86}.Release|x86.Build.0 = Release|Any CPU
		{1C6D65F5-BC68-414D-9ED9-A0420016B95B}.Ad-Hoc|Any CPU.ActiveCfg = Release|Any CPU
		{1C6D65F5-BC68-414D-9ED9-A0420016B95B}.Ad-Hoc|Any CPU.Build.0 = Release|Any CPU
		{1C6D65F5-BC68-414D-9ED9-A0420016B95B}.Ad-Hoc|ARM.ActiveCfg = Release|Any CPU
		{1C6D65F5-BC68-414D-9ED9-A0420016B95B}.Ad-Hoc|iPhone.ActiveCfg = Release|Any CPU
		{1C6D65F5-BC68-414D-9ED9-A0420016B95B}.Ad-Hoc|iPhoneSimulator.ActiveCfg = Release|Any CPU
		{1C6D65F5-BC68-414D-9ED9-A0420016B95B}.Ad-Hoc|Mixed Platforms.ActiveCfg = Release|Any CPU
		{1C6D65F5-BC68-414D-9ED9-A0420016B95B}.Ad-Hoc|Mixed Platforms.Build.0 = Release|Any CPU
		{1C6D65F5-BC68-414D-9ED9-A0420016B95B}.Ad-Hoc|Win32.ActiveCfg = Release|Any CPU
		{1C6D65F5-BC68-414D-9ED9-A0420016B95B}.Ad-Hoc|x64.ActiveCfg = Release|Any CPU
		{1C6D65F5-BC68-414D-9ED9-A0420016B95B}.Ad-Hoc|x86.ActiveCfg = Release|Any CPU
		{1C6D65F5-BC68-414D-9ED9-A0420016B95B}.AppStore|Any CPU.ActiveCfg = Release|Any CPU
		{1C6D65F5-BC68-414D-9ED9-A0420016B95B}.AppStore|Any CPU.Build.0 = Release|Any CPU
		{1C6D65F5-BC68-414D-9ED9-A0420016B95B}.AppStore|ARM.ActiveCfg = Release|Any CPU
		{1C6D65F5-BC68-414D-9ED9-A0420016B95B}.AppStore|iPhone.ActiveCfg = Release|Any CPU
		{1C6D65F5-BC68-414D-9ED9-A0420016B95B}.AppStore|iPhoneSimulator.ActiveCfg = Release|Any CPU
		{1C6D65F5-BC68-414D-9ED9-A0420016B95B}.AppStore|Mixed Platforms.ActiveCfg = Release|Any CPU
		{1C6D65F5-BC68-414D-9ED9-A0420016B95B}.AppStore|Mixed Platforms.Build.0 = Release|Any CPU
		{1C6D65F5-BC68-414D-9ED9-A0420016B95B}.AppStore|Win32.ActiveCfg = Release|Any CPU
		{1C6D65F5-BC68-414D-9ED9-A0420016B95B}.AppStore|x64.ActiveCfg = Release|Any CPU
		{1C6D65F5-BC68-414D-9ED9-A0420016B95B}.AppStore|x86.ActiveCfg = Release|Any CPU
		{1C6D65F5-BC68-414D-9ED9-A0420016B95B}.Debug|Any CPU.ActiveCfg = Debug|Any CPU
		{1C6D65F5-BC68-414D-9ED9-A0420016B95B}.Debug|Any CPU.Build.0 = Debug|Any CPU
		{1C6D65F5-BC68-414D-9ED9-A0420016B95B}.Debug|ARM.ActiveCfg = Debug|Any CPU
		{1C6D65F5-BC68-414D-9ED9-A0420016B95B}.Debug|iPhone.ActiveCfg = Debug|Any CPU
		{1C6D65F5-BC68-414D-9ED9-A0420016B95B}.Debug|iPhoneSimulator.ActiveCfg = Debug|Any CPU
		{1C6D65F5-BC68-414D-9ED9-A0420016B95B}.Debug|Mixed Platforms.ActiveCfg = Debug|Any CPU
		{1C6D65F5-BC68-414D-9ED9-A0420016B95B}.Debug|Mixed Platforms.Build.0 = Debug|Any CPU
		{1C6D65F5-BC68-414D-9ED9-A0420016B95B}.Debug|Win32.ActiveCfg = Debug|Any CPU
		{1C6D65F5-BC68-414D-9ED9-A0420016B95B}.Debug|Win32.Build.0 = Debug|Any CPU
		{1C6D65F5-BC68-414D-9ED9-A0420016B95B}.Debug|x64.ActiveCfg = Debug|Any CPU
		{1C6D65F5-BC68-414D-9ED9-A0420016B95B}.Debug|x64.Build.0 = Debug|Any CPU
		{1C6D65F5-BC68-414D-9ED9-A0420016B95B}.Debug|x86.ActiveCfg = Debug|Any CPU
		{1C6D65F5-BC68-414D-9ED9-A0420016B95B}.Debug|x86.Build.0 = Debug|Any CPU
		{1C6D65F5-BC68-414D-9ED9-A0420016B95B}.Release|Any CPU.ActiveCfg = Release|Any CPU
		{1C6D65F5-BC68-414D-9ED9-A0420016B95B}.Release|Any CPU.Build.0 = Release|Any CPU
		{1C6D65F5-BC68-414D-9ED9-A0420016B95B}.Release|ARM.ActiveCfg = Release|Any CPU
		{1C6D65F5-BC68-414D-9ED9-A0420016B95B}.Release|iPhone.ActiveCfg = Release|Any CPU
		{1C6D65F5-BC68-414D-9ED9-A0420016B95B}.Release|iPhoneSimulator.ActiveCfg = Release|Any CPU
		{1C6D65F5-BC68-414D-9ED9-A0420016B95B}.Release|Mixed Platforms.ActiveCfg = Release|Any CPU
		{1C6D65F5-BC68-414D-9ED9-A0420016B95B}.Release|Mixed Platforms.Build.0 = Release|Any CPU
		{1C6D65F5-BC68-414D-9ED9-A0420016B95B}.Release|Win32.ActiveCfg = Release|Any CPU
		{1C6D65F5-BC68-414D-9ED9-A0420016B95B}.Release|Win32.Build.0 = Release|Any CPU
		{1C6D65F5-BC68-414D-9ED9-A0420016B95B}.Release|x64.ActiveCfg = Release|Any CPU
		{1C6D65F5-BC68-414D-9ED9-A0420016B95B}.Release|x64.Build.0 = Release|Any CPU
		{1C6D65F5-BC68-414D-9ED9-A0420016B95B}.Release|x86.ActiveCfg = Release|Any CPU
		{1C6D65F5-BC68-414D-9ED9-A0420016B95B}.Release|x86.Build.0 = Release|Any CPU
		{CCF2C22A-C078-43E9-AA14-A9DE8FB3ECDD}.Ad-Hoc|Any CPU.ActiveCfg = Release|x64
		{CCF2C22A-C078-43E9-AA14-A9DE8FB3ECDD}.Ad-Hoc|Any CPU.Build.0 = Release|x64
		{CCF2C22A-C078-43E9-AA14-A9DE8FB3ECDD}.Ad-Hoc|Any CPU.Deploy.0 = Release|x64
		{CCF2C22A-C078-43E9-AA14-A9DE8FB3ECDD}.Ad-Hoc|ARM.ActiveCfg = Release|ARM
		{CCF2C22A-C078-43E9-AA14-A9DE8FB3ECDD}.Ad-Hoc|ARM.Build.0 = Release|ARM
		{CCF2C22A-C078-43E9-AA14-A9DE8FB3ECDD}.Ad-Hoc|ARM.Deploy.0 = Release|ARM
		{CCF2C22A-C078-43E9-AA14-A9DE8FB3ECDD}.Ad-Hoc|iPhone.ActiveCfg = Release|x64
		{CCF2C22A-C078-43E9-AA14-A9DE8FB3ECDD}.Ad-Hoc|iPhone.Build.0 = Release|x64
		{CCF2C22A-C078-43E9-AA14-A9DE8FB3ECDD}.Ad-Hoc|iPhone.Deploy.0 = Release|x64
		{CCF2C22A-C078-43E9-AA14-A9DE8FB3ECDD}.Ad-Hoc|iPhoneSimulator.ActiveCfg = Release|x64
		{CCF2C22A-C078-43E9-AA14-A9DE8FB3ECDD}.Ad-Hoc|iPhoneSimulator.Build.0 = Release|x64
		{CCF2C22A-C078-43E9-AA14-A9DE8FB3ECDD}.Ad-Hoc|iPhoneSimulator.Deploy.0 = Release|x64
		{CCF2C22A-C078-43E9-AA14-A9DE8FB3ECDD}.Ad-Hoc|Mixed Platforms.ActiveCfg = Release|x86
		{CCF2C22A-C078-43E9-AA14-A9DE8FB3ECDD}.Ad-Hoc|Mixed Platforms.Build.0 = Release|x86
		{CCF2C22A-C078-43E9-AA14-A9DE8FB3ECDD}.Ad-Hoc|Mixed Platforms.Deploy.0 = Release|x86
		{CCF2C22A-C078-43E9-AA14-A9DE8FB3ECDD}.Ad-Hoc|Win32.ActiveCfg = Release|x86
		{CCF2C22A-C078-43E9-AA14-A9DE8FB3ECDD}.Ad-Hoc|Win32.Build.0 = Release|x86
		{CCF2C22A-C078-43E9-AA14-A9DE8FB3ECDD}.Ad-Hoc|Win32.Deploy.0 = Release|x86
		{CCF2C22A-C078-43E9-AA14-A9DE8FB3ECDD}.Ad-Hoc|x64.ActiveCfg = Release|x64
		{CCF2C22A-C078-43E9-AA14-A9DE8FB3ECDD}.Ad-Hoc|x64.Build.0 = Release|x64
		{CCF2C22A-C078-43E9-AA14-A9DE8FB3ECDD}.Ad-Hoc|x64.Deploy.0 = Release|x64
		{CCF2C22A-C078-43E9-AA14-A9DE8FB3ECDD}.Ad-Hoc|x86.ActiveCfg = Release|x86
		{CCF2C22A-C078-43E9-AA14-A9DE8FB3ECDD}.Ad-Hoc|x86.Build.0 = Release|x86
		{CCF2C22A-C078-43E9-AA14-A9DE8FB3ECDD}.Ad-Hoc|x86.Deploy.0 = Release|x86
		{CCF2C22A-C078-43E9-AA14-A9DE8FB3ECDD}.AppStore|Any CPU.ActiveCfg = Release|x64
		{CCF2C22A-C078-43E9-AA14-A9DE8FB3ECDD}.AppStore|Any CPU.Build.0 = Release|x64
		{CCF2C22A-C078-43E9-AA14-A9DE8FB3ECDD}.AppStore|Any CPU.Deploy.0 = Release|x64
		{CCF2C22A-C078-43E9-AA14-A9DE8FB3ECDD}.AppStore|ARM.ActiveCfg = Release|ARM
		{CCF2C22A-C078-43E9-AA14-A9DE8FB3ECDD}.AppStore|ARM.Build.0 = Release|ARM
		{CCF2C22A-C078-43E9-AA14-A9DE8FB3ECDD}.AppStore|ARM.Deploy.0 = Release|ARM
		{CCF2C22A-C078-43E9-AA14-A9DE8FB3ECDD}.AppStore|iPhone.ActiveCfg = Release|x64
		{CCF2C22A-C078-43E9-AA14-A9DE8FB3ECDD}.AppStore|iPhone.Build.0 = Release|x64
		{CCF2C22A-C078-43E9-AA14-A9DE8FB3ECDD}.AppStore|iPhone.Deploy.0 = Release|x64
		{CCF2C22A-C078-43E9-AA14-A9DE8FB3ECDD}.AppStore|iPhoneSimulator.ActiveCfg = Release|x64
		{CCF2C22A-C078-43E9-AA14-A9DE8FB3ECDD}.AppStore|iPhoneSimulator.Build.0 = Release|x64
		{CCF2C22A-C078-43E9-AA14-A9DE8FB3ECDD}.AppStore|iPhoneSimulator.Deploy.0 = Release|x64
		{CCF2C22A-C078-43E9-AA14-A9DE8FB3ECDD}.AppStore|Mixed Platforms.ActiveCfg = Release|x86
		{CCF2C22A-C078-43E9-AA14-A9DE8FB3ECDD}.AppStore|Mixed Platforms.Build.0 = Release|x86
		{CCF2C22A-C078-43E9-AA14-A9DE8FB3ECDD}.AppStore|Mixed Platforms.Deploy.0 = Release|x86
		{CCF2C22A-C078-43E9-AA14-A9DE8FB3ECDD}.AppStore|Win32.ActiveCfg = Release|x86
		{CCF2C22A-C078-43E9-AA14-A9DE8FB3ECDD}.AppStore|Win32.Build.0 = Release|x86
		{CCF2C22A-C078-43E9-AA14-A9DE8FB3ECDD}.AppStore|Win32.Deploy.0 = Release|x86
		{CCF2C22A-C078-43E9-AA14-A9DE8FB3ECDD}.AppStore|x64.ActiveCfg = Release|x64
		{CCF2C22A-C078-43E9-AA14-A9DE8FB3ECDD}.AppStore|x64.Build.0 = Release|x64
		{CCF2C22A-C078-43E9-AA14-A9DE8FB3ECDD}.AppStore|x64.Deploy.0 = Release|x64
		{CCF2C22A-C078-43E9-AA14-A9DE8FB3ECDD}.AppStore|x86.ActiveCfg = Release|x86
		{CCF2C22A-C078-43E9-AA14-A9DE8FB3ECDD}.AppStore|x86.Build.0 = Release|x86
		{CCF2C22A-C078-43E9-AA14-A9DE8FB3ECDD}.AppStore|x86.Deploy.0 = Release|x86
		{CCF2C22A-C078-43E9-AA14-A9DE8FB3ECDD}.Debug|Any CPU.ActiveCfg = Debug|x86
		{CCF2C22A-C078-43E9-AA14-A9DE8FB3ECDD}.Debug|Any CPU.Build.0 = Debug|x86
		{CCF2C22A-C078-43E9-AA14-A9DE8FB3ECDD}.Debug|Any CPU.Deploy.0 = Debug|x86
		{CCF2C22A-C078-43E9-AA14-A9DE8FB3ECDD}.Debug|ARM.ActiveCfg = Debug|ARM
		{CCF2C22A-C078-43E9-AA14-A9DE8FB3ECDD}.Debug|ARM.Build.0 = Debug|ARM
		{CCF2C22A-C078-43E9-AA14-A9DE8FB3ECDD}.Debug|ARM.Deploy.0 = Debug|ARM
		{CCF2C22A-C078-43E9-AA14-A9DE8FB3ECDD}.Debug|iPhone.ActiveCfg = Debug|x86
		{CCF2C22A-C078-43E9-AA14-A9DE8FB3ECDD}.Debug|iPhoneSimulator.ActiveCfg = Debug|x86
		{CCF2C22A-C078-43E9-AA14-A9DE8FB3ECDD}.Debug|Mixed Platforms.ActiveCfg = Debug|x86
		{CCF2C22A-C078-43E9-AA14-A9DE8FB3ECDD}.Debug|Mixed Platforms.Build.0 = Debug|x86
		{CCF2C22A-C078-43E9-AA14-A9DE8FB3ECDD}.Debug|Mixed Platforms.Deploy.0 = Debug|x86
		{CCF2C22A-C078-43E9-AA14-A9DE8FB3ECDD}.Debug|Win32.ActiveCfg = Debug|x86
		{CCF2C22A-C078-43E9-AA14-A9DE8FB3ECDD}.Debug|Win32.Build.0 = Debug|x86
		{CCF2C22A-C078-43E9-AA14-A9DE8FB3ECDD}.Debug|Win32.Deploy.0 = Debug|x86
		{CCF2C22A-C078-43E9-AA14-A9DE8FB3ECDD}.Debug|x64.ActiveCfg = Debug|x64
		{CCF2C22A-C078-43E9-AA14-A9DE8FB3ECDD}.Debug|x64.Build.0 = Debug|x64
		{CCF2C22A-C078-43E9-AA14-A9DE8FB3ECDD}.Debug|x64.Deploy.0 = Debug|x64
		{CCF2C22A-C078-43E9-AA14-A9DE8FB3ECDD}.Debug|x86.ActiveCfg = Debug|x86
		{CCF2C22A-C078-43E9-AA14-A9DE8FB3ECDD}.Debug|x86.Build.0 = Debug|x86
		{CCF2C22A-C078-43E9-AA14-A9DE8FB3ECDD}.Debug|x86.Deploy.0 = Debug|x86
		{CCF2C22A-C078-43E9-AA14-A9DE8FB3ECDD}.Release|Any CPU.ActiveCfg = Release|x86
		{CCF2C22A-C078-43E9-AA14-A9DE8FB3ECDD}.Release|ARM.ActiveCfg = Release|ARM
		{CCF2C22A-C078-43E9-AA14-A9DE8FB3ECDD}.Release|ARM.Build.0 = Release|ARM
		{CCF2C22A-C078-43E9-AA14-A9DE8FB3ECDD}.Release|ARM.Deploy.0 = Release|ARM
		{CCF2C22A-C078-43E9-AA14-A9DE8FB3ECDD}.Release|iPhone.ActiveCfg = Release|x86
		{CCF2C22A-C078-43E9-AA14-A9DE8FB3ECDD}.Release|iPhoneSimulator.ActiveCfg = Release|x86
		{CCF2C22A-C078-43E9-AA14-A9DE8FB3ECDD}.Release|Mixed Platforms.ActiveCfg = Release|x86
		{CCF2C22A-C078-43E9-AA14-A9DE8FB3ECDD}.Release|Mixed Platforms.Build.0 = Release|x86
		{CCF2C22A-C078-43E9-AA14-A9DE8FB3ECDD}.Release|Mixed Platforms.Deploy.0 = Release|x86
		{CCF2C22A-C078-43E9-AA14-A9DE8FB3ECDD}.Release|Win32.ActiveCfg = Release|x86
		{CCF2C22A-C078-43E9-AA14-A9DE8FB3ECDD}.Release|Win32.Build.0 = Release|x86
		{CCF2C22A-C078-43E9-AA14-A9DE8FB3ECDD}.Release|Win32.Deploy.0 = Release|x86
		{CCF2C22A-C078-43E9-AA14-A9DE8FB3ECDD}.Release|x64.ActiveCfg = Release|x64
		{CCF2C22A-C078-43E9-AA14-A9DE8FB3ECDD}.Release|x64.Build.0 = Release|x64
		{CCF2C22A-C078-43E9-AA14-A9DE8FB3ECDD}.Release|x64.Deploy.0 = Release|x64
		{CCF2C22A-C078-43E9-AA14-A9DE8FB3ECDD}.Release|x86.ActiveCfg = Release|x86
		{CCF2C22A-C078-43E9-AA14-A9DE8FB3ECDD}.Release|x86.Build.0 = Release|x86
		{CCF2C22A-C078-43E9-AA14-A9DE8FB3ECDD}.Release|x86.Deploy.0 = Release|x86
		{0BB19C9F-FF44-41A1-9A04-A5E8EC0E8174}.Ad-Hoc|Any CPU.ActiveCfg = Release|x86
		{0BB19C9F-FF44-41A1-9A04-A5E8EC0E8174}.Ad-Hoc|Any CPU.Build.0 = Release|x86
		{0BB19C9F-FF44-41A1-9A04-A5E8EC0E8174}.Ad-Hoc|Any CPU.Deploy.0 = Release|x86
		{0BB19C9F-FF44-41A1-9A04-A5E8EC0E8174}.Ad-Hoc|ARM.ActiveCfg = Release|ARM
		{0BB19C9F-FF44-41A1-9A04-A5E8EC0E8174}.Ad-Hoc|ARM.Build.0 = Release|ARM
		{0BB19C9F-FF44-41A1-9A04-A5E8EC0E8174}.Ad-Hoc|ARM.Deploy.0 = Release|ARM
		{0BB19C9F-FF44-41A1-9A04-A5E8EC0E8174}.Ad-Hoc|iPhone.ActiveCfg = Release|x86
		{0BB19C9F-FF44-41A1-9A04-A5E8EC0E8174}.Ad-Hoc|iPhone.Build.0 = Release|x86
		{0BB19C9F-FF44-41A1-9A04-A5E8EC0E8174}.Ad-Hoc|iPhone.Deploy.0 = Release|x86
		{0BB19C9F-FF44-41A1-9A04-A5E8EC0E8174}.Ad-Hoc|iPhoneSimulator.ActiveCfg = Release|x86
		{0BB19C9F-FF44-41A1-9A04-A5E8EC0E8174}.Ad-Hoc|iPhoneSimulator.Build.0 = Release|x86
		{0BB19C9F-FF44-41A1-9A04-A5E8EC0E8174}.Ad-Hoc|iPhoneSimulator.Deploy.0 = Release|x86
		{0BB19C9F-FF44-41A1-9A04-A5E8EC0E8174}.Ad-Hoc|Mixed Platforms.ActiveCfg = Release|x86
		{0BB19C9F-FF44-41A1-9A04-A5E8EC0E8174}.Ad-Hoc|Mixed Platforms.Build.0 = Release|x86
		{0BB19C9F-FF44-41A1-9A04-A5E8EC0E8174}.Ad-Hoc|Mixed Platforms.Deploy.0 = Release|x86
		{0BB19C9F-FF44-41A1-9A04-A5E8EC0E8174}.Ad-Hoc|Win32.ActiveCfg = Release|x86
		{0BB19C9F-FF44-41A1-9A04-A5E8EC0E8174}.Ad-Hoc|Win32.Build.0 = Release|x86
		{0BB19C9F-FF44-41A1-9A04-A5E8EC0E8174}.Ad-Hoc|Win32.Deploy.0 = Release|x86
		{0BB19C9F-FF44-41A1-9A04-A5E8EC0E8174}.Ad-Hoc|x64.ActiveCfg = Release|x64
		{0BB19C9F-FF44-41A1-9A04-A5E8EC0E8174}.Ad-Hoc|x64.Build.0 = Release|x64
		{0BB19C9F-FF44-41A1-9A04-A5E8EC0E8174}.Ad-Hoc|x64.Deploy.0 = Release|x64
		{0BB19C9F-FF44-41A1-9A04-A5E8EC0E8174}.Ad-Hoc|x86.ActiveCfg = Release|x86
		{0BB19C9F-FF44-41A1-9A04-A5E8EC0E8174}.Ad-Hoc|x86.Build.0 = Release|x86
		{0BB19C9F-FF44-41A1-9A04-A5E8EC0E8174}.Ad-Hoc|x86.Deploy.0 = Release|x86
		{0BB19C9F-FF44-41A1-9A04-A5E8EC0E8174}.AppStore|Any CPU.ActiveCfg = Release|x86
		{0BB19C9F-FF44-41A1-9A04-A5E8EC0E8174}.AppStore|Any CPU.Build.0 = Release|x86
		{0BB19C9F-FF44-41A1-9A04-A5E8EC0E8174}.AppStore|Any CPU.Deploy.0 = Release|x86
		{0BB19C9F-FF44-41A1-9A04-A5E8EC0E8174}.AppStore|ARM.ActiveCfg = Release|ARM
		{0BB19C9F-FF44-41A1-9A04-A5E8EC0E8174}.AppStore|ARM.Build.0 = Release|ARM
		{0BB19C9F-FF44-41A1-9A04-A5E8EC0E8174}.AppStore|ARM.Deploy.0 = Release|ARM
		{0BB19C9F-FF44-41A1-9A04-A5E8EC0E8174}.AppStore|iPhone.ActiveCfg = Release|x86
		{0BB19C9F-FF44-41A1-9A04-A5E8EC0E8174}.AppStore|iPhone.Build.0 = Release|x86
		{0BB19C9F-FF44-41A1-9A04-A5E8EC0E8174}.AppStore|iPhone.Deploy.0 = Release|x86
		{0BB19C9F-FF44-41A1-9A04-A5E8EC0E8174}.AppStore|iPhoneSimulator.ActiveCfg = Release|x86
		{0BB19C9F-FF44-41A1-9A04-A5E8EC0E8174}.AppStore|iPhoneSimulator.Build.0 = Release|x86
		{0BB19C9F-FF44-41A1-9A04-A5E8EC0E8174}.AppStore|iPhoneSimulator.Deploy.0 = Release|x86
		{0BB19C9F-FF44-41A1-9A04-A5E8EC0E8174}.AppStore|Mixed Platforms.ActiveCfg = Release|x86
		{0BB19C9F-FF44-41A1-9A04-A5E8EC0E8174}.AppStore|Mixed Platforms.Build.0 = Release|x86
		{0BB19C9F-FF44-41A1-9A04-A5E8EC0E8174}.AppStore|Mixed Platforms.Deploy.0 = Release|x86
		{0BB19C9F-FF44-41A1-9A04-A5E8EC0E8174}.AppStore|Win32.ActiveCfg = Release|x86
		{0BB19C9F-FF44-41A1-9A04-A5E8EC0E8174}.AppStore|Win32.Build.0 = Release|x86
		{0BB19C9F-FF44-41A1-9A04-A5E8EC0E8174}.AppStore|Win32.Deploy.0 = Release|x86
		{0BB19C9F-FF44-41A1-9A04-A5E8EC0E8174}.AppStore|x64.ActiveCfg = Release|x64
		{0BB19C9F-FF44-41A1-9A04-A5E8EC0E8174}.AppStore|x64.Build.0 = Release|x64
		{0BB19C9F-FF44-41A1-9A04-A5E8EC0E8174}.AppStore|x64.Deploy.0 = Release|x64
		{0BB19C9F-FF44-41A1-9A04-A5E8EC0E8174}.AppStore|x86.ActiveCfg = Release|x86
		{0BB19C9F-FF44-41A1-9A04-A5E8EC0E8174}.AppStore|x86.Build.0 = Release|x86
		{0BB19C9F-FF44-41A1-9A04-A5E8EC0E8174}.AppStore|x86.Deploy.0 = Release|x86
		{0BB19C9F-FF44-41A1-9A04-A5E8EC0E8174}.Debug|Any CPU.ActiveCfg = Debug|x86
		{0BB19C9F-FF44-41A1-9A04-A5E8EC0E8174}.Debug|ARM.ActiveCfg = Debug|ARM
		{0BB19C9F-FF44-41A1-9A04-A5E8EC0E8174}.Debug|ARM.Build.0 = Debug|ARM
		{0BB19C9F-FF44-41A1-9A04-A5E8EC0E8174}.Debug|ARM.Deploy.0 = Debug|ARM
		{0BB19C9F-FF44-41A1-9A04-A5E8EC0E8174}.Debug|iPhone.ActiveCfg = Debug|x86
		{0BB19C9F-FF44-41A1-9A04-A5E8EC0E8174}.Debug|iPhoneSimulator.ActiveCfg = Debug|x86
		{0BB19C9F-FF44-41A1-9A04-A5E8EC0E8174}.Debug|Mixed Platforms.ActiveCfg = Debug|x86
		{0BB19C9F-FF44-41A1-9A04-A5E8EC0E8174}.Debug|Mixed Platforms.Build.0 = Debug|x86
		{0BB19C9F-FF44-41A1-9A04-A5E8EC0E8174}.Debug|Mixed Platforms.Deploy.0 = Debug|x86
		{0BB19C9F-FF44-41A1-9A04-A5E8EC0E8174}.Debug|Win32.ActiveCfg = Debug|x86
		{0BB19C9F-FF44-41A1-9A04-A5E8EC0E8174}.Debug|Win32.Build.0 = Debug|x86
		{0BB19C9F-FF44-41A1-9A04-A5E8EC0E8174}.Debug|Win32.Deploy.0 = Debug|x86
		{0BB19C9F-FF44-41A1-9A04-A5E8EC0E8174}.Debug|x64.ActiveCfg = Debug|x64
		{0BB19C9F-FF44-41A1-9A04-A5E8EC0E8174}.Debug|x64.Build.0 = Debug|x64
		{0BB19C9F-FF44-41A1-9A04-A5E8EC0E8174}.Debug|x64.Deploy.0 = Debug|x64
		{0BB19C9F-FF44-41A1-9A04-A5E8EC0E8174}.Debug|x86.ActiveCfg = Debug|x86
		{0BB19C9F-FF44-41A1-9A04-A5E8EC0E8174}.Debug|x86.Build.0 = Debug|x86
		{0BB19C9F-FF44-41A1-9A04-A5E8EC0E8174}.Debug|x86.Deploy.0 = Debug|x86
		{0BB19C9F-FF44-41A1-9A04-A5E8EC0E8174}.Release|Any CPU.ActiveCfg = Release|x86
		{0BB19C9F-FF44-41A1-9A04-A5E8EC0E8174}.Release|ARM.ActiveCfg = Release|ARM
		{0BB19C9F-FF44-41A1-9A04-A5E8EC0E8174}.Release|ARM.Build.0 = Release|ARM
		{0BB19C9F-FF44-41A1-9A04-A5E8EC0E8174}.Release|ARM.Deploy.0 = Release|ARM
		{0BB19C9F-FF44-41A1-9A04-A5E8EC0E8174}.Release|iPhone.ActiveCfg = Release|x86
		{0BB19C9F-FF44-41A1-9A04-A5E8EC0E8174}.Release|iPhoneSimulator.ActiveCfg = Release|x86
		{0BB19C9F-FF44-41A1-9A04-A5E8EC0E8174}.Release|Mixed Platforms.ActiveCfg = Release|x86
		{0BB19C9F-FF44-41A1-9A04-A5E8EC0E8174}.Release|Mixed Platforms.Build.0 = Release|x86
		{0BB19C9F-FF44-41A1-9A04-A5E8EC0E8174}.Release|Mixed Platforms.Deploy.0 = Release|x86
		{0BB19C9F-FF44-41A1-9A04-A5E8EC0E8174}.Release|Win32.ActiveCfg = Release|x86
		{0BB19C9F-FF44-41A1-9A04-A5E8EC0E8174}.Release|Win32.Build.0 = Release|x86
		{0BB19C9F-FF44-41A1-9A04-A5E8EC0E8174}.Release|Win32.Deploy.0 = Release|x86
		{0BB19C9F-FF44-41A1-9A04-A5E8EC0E8174}.Release|x64.ActiveCfg = Release|x64
		{0BB19C9F-FF44-41A1-9A04-A5E8EC0E8174}.Release|x64.Build.0 = Release|x64
		{0BB19C9F-FF44-41A1-9A04-A5E8EC0E8174}.Release|x64.Deploy.0 = Release|x64
		{0BB19C9F-FF44-41A1-9A04-A5E8EC0E8174}.Release|x86.ActiveCfg = Release|x86
		{0BB19C9F-FF44-41A1-9A04-A5E8EC0E8174}.Release|x86.Build.0 = Release|x86
		{0BB19C9F-FF44-41A1-9A04-A5E8EC0E8174}.Release|x86.Deploy.0 = Release|x86
	EndGlobalSection
	GlobalSection(SolutionProperties) = preSolution
		HideSolutionNode = FALSE
	EndGlobalSection
	GlobalSection(NestedProjects) = preSolution
		{893D2788-4D7A-4136-8ECE-6A3394FC8265} = {FC8AB62D-C4E7-4F68-A8DB-37BE3A570FAB}
		{CCF2C22A-C078-43E9-AA14-A9DE8FB3ECDD} = {FC8AB62D-C4E7-4F68-A8DB-37BE3A570FAB}
		{E83B66D5-0687-4731-8ED7-8C03F1256485} = {FC8AB62D-C4E7-4F68-A8DB-37BE3A570FAB}
		{0BB19C9F-FF44-41A1-9A04-A5E8EC0E8174} = {FC8AB62D-C4E7-4F68-A8DB-37BE3A570FAB}
	EndGlobalSection
EndGlobal
