Microsoft Visual Studio Solution File, Format Version 12.00
# Visual Studio 2013
VisualStudioVersion = 12.0.31101.0
MinimumVisualStudioVersion = 10.0.40219.1
Project("{2150E333-8FDC-42A3-9474-1A3956D46DE8}") = "Solution Items", "Solution Items", "{CB9C01A5-B01D-4560-858D-A986B625DF92}"
EndProject
Project("{FAE04EC0-301F-11D3-BF4B-00C04F79EFBC}") = "PrayTime", "..\PrayTime\PrayTime.csproj", "{1C6D65F5-BC68-414D-9ED9-A0420016B95B}"
EndProject
Project("{F184B08F-C81C-45F6-A57F-5ABD9991F28F}") = "HostPage", "HostPage.vbproj", "{14D97CCB-7889-4ACC-BED0-1FDF0E8629EB}"
	ProjectSection(ProjectDependencies) = postProject
		{8CEF3958-A8D0-4AFA-95F1-80568237F4EE} = {8CEF3958-A8D0-4AFA-95F1-80568237F4EE}
	EndProjectSection
EndProject
Project("{F184B08F-C81C-45F6-A57F-5ABD9991F28F}") = "IslamMetadata", "IslamMetadata\IslamMetadata.vbproj", "{8CEF3958-A8D0-4AFA-95F1-80568237F4EE}"
EndProject
Project("{F184B08F-C81C-45F6-A57F-5ABD9991F28F}") = "IslamSource", "IslamSource\IslamSource.vbproj", "{28990B1C-834C-4164-8C69-B8A123CA40F1}"
EndProject
Project("{F184B08F-C81C-45F6-A57F-5ABD9991F28F}") = "IslamResources", "IslamResources\IslamResources.vbproj", "{0A2A299B-A9D7-4A06-B810-DE0FCD3BBDD7}"
EndProject
Global
	GlobalSection(SolutionConfigurationPlatforms) = preSolution
		Debug|Any CPU = Debug|Any CPU
		Debug|Mixed Platforms = Debug|Mixed Platforms
		Debug|Win32 = Debug|Win32
		Release|Any CPU = Release|Any CPU
		Release|Mixed Platforms = Release|Mixed Platforms
		Release|Win32 = Release|Win32
	EndGlobalSection
	GlobalSection(ProjectConfigurationPlatforms) = postSolution
		{1C6D65F5-BC68-414D-9ED9-A0420016B95B}.Debug|Any CPU.ActiveCfg = Debug|Any CPU
		{1C6D65F5-BC68-414D-9ED9-A0420016B95B}.Debug|Any CPU.Build.0 = Debug|Any CPU
		{1C6D65F5-BC68-414D-9ED9-A0420016B95B}.Debug|Mixed Platforms.ActiveCfg = Debug|Any CPU
		{1C6D65F5-BC68-414D-9ED9-A0420016B95B}.Debug|Mixed Platforms.Build.0 = Debug|Any CPU
		{1C6D65F5-BC68-414D-9ED9-A0420016B95B}.Debug|Win32.ActiveCfg = Debug|Any CPU
		{1C6D65F5-BC68-414D-9ED9-A0420016B95B}.Release|Any CPU.ActiveCfg = Release|Any CPU
		{1C6D65F5-BC68-414D-9ED9-A0420016B95B}.Release|Any CPU.Build.0 = Release|Any CPU
		{1C6D65F5-BC68-414D-9ED9-A0420016B95B}.Release|Mixed Platforms.ActiveCfg = Release|Any CPU
		{1C6D65F5-BC68-414D-9ED9-A0420016B95B}.Release|Mixed Platforms.Build.0 = Release|Any CPU
		{1C6D65F5-BC68-414D-9ED9-A0420016B95B}.Release|Win32.ActiveCfg = Release|Any CPU
		{14D97CCB-7889-4ACC-BED0-1FDF0E8629EB}.Debug|Any CPU.ActiveCfg = Debug|Any CPU
		{14D97CCB-7889-4ACC-BED0-1FDF0E8629EB}.Debug|Any CPU.Build.0 = Debug|Any CPU
		{14D97CCB-7889-4ACC-BED0-1FDF0E8629EB}.Debug|Mixed Platforms.ActiveCfg = Debug|Any CPU
		{14D97CCB-7889-4ACC-BED0-1FDF0E8629EB}.Debug|Mixed Platforms.Build.0 = Debug|Any CPU
		{14D97CCB-7889-4ACC-BED0-1FDF0E8629EB}.Debug|Win32.ActiveCfg = Debug|Any CPU
		{14D97CCB-7889-4ACC-BED0-1FDF0E8629EB}.Release|Any CPU.ActiveCfg = Release|Any CPU
		{14D97CCB-7889-4ACC-BED0-1FDF0E8629EB}.Release|Any CPU.Build.0 = Release|Any CPU
		{14D97CCB-7889-4ACC-BED0-1FDF0E8629EB}.Release|Mixed Platforms.ActiveCfg = Release|Any CPU
		{14D97CCB-7889-4ACC-BED0-1FDF0E8629EB}.Release|Mixed Platforms.Build.0 = Release|Any CPU
		{14D97CCB-7889-4ACC-BED0-1FDF0E8629EB}.Release|Win32.ActiveCfg = Release|Any CPU
		{8CEF3958-A8D0-4AFA-95F1-80568237F4EE}.Debug|Any CPU.ActiveCfg = Debug|Any CPU
		{8CEF3958-A8D0-4AFA-95F1-80568237F4EE}.Debug|Any CPU.Build.0 = Debug|Any CPU
		{8CEF3958-A8D0-4AFA-95F1-80568237F4EE}.Debug|Mixed Platforms.ActiveCfg = Debug|Any CPU
		{8CEF3958-A8D0-4AFA-95F1-80568237F4EE}.Debug|Mixed Platforms.Build.0 = Debug|Any CPU
		{8CEF3958-A8D0-4AFA-95F1-80568237F4EE}.Debug|Win32.ActiveCfg = Debug|Any CPU
		{8CEF3958-A8D0-4AFA-95F1-80568237F4EE}.Release|Any CPU.ActiveCfg = Release|Any CPU
		{8CEF3958-A8D0-4AFA-95F1-80568237F4EE}.Release|Any CPU.Build.0 = Release|Any CPU
		{8CEF3958-A8D0-4AFA-95F1-80568237F4EE}.Release|Mixed Platforms.ActiveCfg = Release|Any CPU
		{8CEF3958-A8D0-4AFA-95F1-80568237F4EE}.Release|Mixed Platforms.Build.0 = Release|Any CPU
		{8CEF3958-A8D0-4AFA-95F1-80568237F4EE}.Release|Win32.ActiveCfg = Release|Any CPU
		{28990B1C-834C-4164-8C69-B8A123CA40F1}.Debug|Any CPU.ActiveCfg = Debug|Any CPU
		{28990B1C-834C-4164-8C69-B8A123CA40F1}.Debug|Any CPU.Build.0 = Debug|Any CPU
		{28990B1C-834C-4164-8C69-B8A123CA40F1}.Debug|Mixed Platforms.ActiveCfg = Debug|Any CPU
		{28990B1C-834C-4164-8C69-B8A123CA40F1}.Debug|Mixed Platforms.Build.0 = Debug|Any CPU
		{28990B1C-834C-4164-8C69-B8A123CA40F1}.Debug|Win32.ActiveCfg = Debug|Any CPU
		{28990B1C-834C-4164-8C69-B8A123CA40F1}.Release|Any CPU.ActiveCfg = Release|Any CPU
		{28990B1C-834C-4164-8C69-B8A123CA40F1}.Release|Any CPU.Build.0 = Release|Any CPU
		{28990B1C-834C-4164-8C69-B8A123CA40F1}.Release|Mixed Platforms.ActiveCfg = Release|Any CPU
		{28990B1C-834C-4164-8C69-B8A123CA40F1}.Release|Mixed Platforms.Build.0 = Release|Any CPU
		{28990B1C-834C-4164-8C69-B8A123CA40F1}.Release|Win32.ActiveCfg = Release|Any CPU
		{0A2A299B-A9D7-4A06-B810-DE0FCD3BBDD7}.Debug|Any CPU.ActiveCfg = Debug|Any CPU
		{0A2A299B-A9D7-4A06-B810-DE0FCD3BBDD7}.Debug|Any CPU.Build.0 = Debug|Any CPU
		{0A2A299B-A9D7-4A06-B810-DE0FCD3BBDD7}.Debug|Mixed Platforms.ActiveCfg = Debug|Any CPU
		{0A2A299B-A9D7-4A06-B810-DE0FCD3BBDD7}.Debug|Mixed Platforms.Build.0 = Debug|Any CPU
		{0A2A299B-A9D7-4A06-B810-DE0FCD3BBDD7}.Debug|Win32.ActiveCfg = Debug|Any CPU
		{0A2A299B-A9D7-4A06-B810-DE0FCD3BBDD7}.Release|Any CPU.ActiveCfg = Release|Any CPU
		{0A2A299B-A9D7-4A06-B810-DE0FCD3BBDD7}.Release|Any CPU.Build.0 = Release|Any CPU
		{0A2A299B-A9D7-4A06-B810-DE0FCD3BBDD7}.Release|Mixed Platforms.ActiveCfg = Release|Any CPU
		{0A2A299B-A9D7-4A06-B810-DE0FCD3BBDD7}.Release|Mixed Platforms.Build.0 = Release|Any CPU
		{0A2A299B-A9D7-4A06-B810-DE0FCD3BBDD7}.Release|Win32.ActiveCfg = Release|Any CPU
	EndGlobalSection
	GlobalSection(SolutionProperties) = preSolution
		HideSolutionNode = FALSE
	EndGlobalSection
EndGlobal
